{
  "version": 4,
  "terraform_version": "1.6.2",
  "serial": 289,
  "lineage": "93d46d9c-57ba-2cec-a13b-46298c0751ec",
  "outputs": {
    "wpt-live-address": {
      "value": "34.41.40.10",
      "type": "string"
    }
  },
  "resources": [
    {
      "mode": "managed",
      "type": "google_compute_network",
      "name": "default",
      "provider": "provider[\"registry.terraform.io/hashicorp/google\"]",
      "instances": [
        {
          "schema_version": 0,
          "attributes": {
            "auto_create_subnetworks": false,
            "delete_default_routes_on_create": false,
            "description": "",
            "enable_ula_internal_ipv6": false,
            "gateway_ipv4": "",
            "id": "projects/wpt-live-app/global/networks/wpt-live-network",
            "internal_ipv6_range": "",
            "mtu": 0,
            "name": "wpt-live-network",
            "network_firewall_policy_enforcement_order": "AFTER_CLASSIC_FIREWALL",
            "project": "wpt-live-app",
            "routing_mode": "REGIONAL",
            "self_link": "https://www.googleapis.com/compute/v1/projects/wpt-live-app/global/networks/wpt-live-network",
            "timeouts": null
          },
          "sensitive_attributes": [],
          "private": "eyJlMmJmYjczMC1lY2FhLTExZTYtOGY4OC0zNDM2M2JjN2M0YzAiOnsiY3JlYXRlIjoxMjAwMDAwMDAwMDAwLCJkZWxldGUiOjEyMDAwMDAwMDAwMDAsInVwZGF0ZSI6MTIwMDAwMDAwMDAwMH19",
          "create_before_destroy": true
        }
      ]
    },
    {
      "mode": "managed",
      "type": "google_compute_subnetwork",
      "name": "default",
      "provider": "provider[\"registry.terraform.io/hashicorp/google\"]",
      "instances": [
        {
          "schema_version": 0,
          "attributes": {
            "creation_timestamp": "2023-10-24T07:32:19.122-07:00",
            "description": "",
            "external_ipv6_prefix": "",
            "fingerprint": null,
            "gateway_address": "10.127.0.1",
            "id": "projects/wpt-live-app/regions/us-central1/subnetworks/wpt-live-subnetwork",
            "internal_ipv6_prefix": "",
            "ip_cidr_range": "10.127.0.0/20",
            "ipv6_access_type": "",
            "ipv6_cidr_range": "",
            "log_config": [],
            "name": "wpt-live-subnetwork",
            "network": "https://www.googleapis.com/compute/v1/projects/wpt-live-app/global/networks/wpt-live-network",
            "private_ip_google_access": true,
            "private_ipv6_google_access": "DISABLE_GOOGLE_ACCESS",
            "project": "wpt-live-app",
            "purpose": "PRIVATE",
            "region": "us-central1",
            "role": "",
            "secondary_ip_range": [],
            "self_link": "https://www.googleapis.com/compute/v1/projects/wpt-live-app/regions/us-central1/subnetworks/wpt-live-subnetwork",
            "stack_type": "IPV4_ONLY",
            "timeouts": null
          },
          "sensitive_attributes": [],
          "private": "eyJlMmJmYjczMC1lY2FhLTExZTYtOGY4OC0zNDM2M2JjN2M0YzAiOnsiY3JlYXRlIjoxMjAwMDAwMDAwMDAwLCJkZWxldGUiOjEyMDAwMDAwMDAwMDAsInVwZGF0ZSI6MTIwMDAwMDAwMDAwMH19",
          "dependencies": [
            "google_compute_network.default"
          ],
          "create_before_destroy": true
        }
      ]
    },
    {
      "module": "module.cert-renewer-image",
      "mode": "data",
      "type": "docker_image",
      "name": "image",
      "provider": "module.cert-renewer-image.provider[\"registry.terraform.io/kreuzwerker/docker\"]",
      "instances": [
        {
          "schema_version": 0,
          "attributes": {
            "id": "sha256:029a3b2e90d2b74a7453f237af5c4fd346ac5673ca9f6e8a7bb7f4ccc9867d34",
            "name": "gcr.io/wpt-live-app/wpt-live-cert-renewer:latest",
            "repo_digest": "gcr.io/wpt-live-app/wpt-live-cert-renewer@sha256:b067affafee033a8206a18a7230f314f4769b817eeba7493cafedc2282c3723f"
          },
          "sensitive_attributes": []
        }
      ]
    },
    {
      "module": "module.wpt-live",
      "mode": "data",
      "type": "google_dns_managed_zone",
      "name": "alt_host",
      "provider": "provider[\"registry.terraform.io/hashicorp/google\"]",
      "instances": [
        {
          "schema_version": 0,
          "attributes": {
            "description": "",
            "dns_name": "not-wpt.live.",
            "id": "projects/wpt-live-app/managedZones/not-wpt-live",
            "managed_zone_id": 8132209255392667379,
            "name": "not-wpt-live",
            "name_servers": [
              "ns-cloud-e1.googledomains.com.",
              "ns-cloud-e2.googledomains.com.",
              "ns-cloud-e3.googledomains.com.",
              "ns-cloud-e4.googledomains.com."
            ],
            "project": "wpt-live-app",
            "visibility": "public"
          },
          "sensitive_attributes": []
        }
      ]
    },
    {
      "module": "module.wpt-live",
      "mode": "data",
      "type": "google_dns_managed_zone",
      "name": "host",
      "provider": "provider[\"registry.terraform.io/hashicorp/google\"]",
      "instances": [
        {
          "schema_version": 0,
          "attributes": {
            "description": "",
            "dns_name": "wpt.live.",
            "id": "projects/wpt-live-app/managedZones/wpt-live",
            "managed_zone_id": 4253033445287371419,
            "name": "wpt-live",
            "name_servers": [
              "ns-cloud-c1.googledomains.com.",
              "ns-cloud-c2.googledomains.com.",
              "ns-cloud-c3.googledomains.com.",
              "ns-cloud-c4.googledomains.com."
            ],
            "project": "wpt-live-app",
            "visibility": "public"
          },
          "sensitive_attributes": []
        }
      ]
    },
    {
      "module": "module.wpt-live",
      "mode": "data",
      "type": "google_project",
      "name": "project",
      "provider": "provider[\"registry.terraform.io/hashicorp/google\"]",
      "instances": [
        {
          "schema_version": 0,
          "attributes": {
            "auto_create_network": null,
            "billing_account": "01EDBF-C96A6B-DCBA6C",
            "folder_id": "296161129711",
            "id": "projects/wpt-live-app",
            "labels": {},
            "name": "wpt-live-app",
            "number": "2226368975",
            "org_id": "",
            "project_id": "wpt-live-app",
            "skip_delete": null
          },
          "sensitive_attributes": []
        }
      ]
    },
    {
      "module": "module.wpt-live",
      "mode": "managed",
      "type": "google_cloud_run_v2_job",
      "name": "cert_renewers",
      "provider": "provider[\"registry.terraform.io/hashicorp/google\"]",
      "instances": [
        {
          "schema_version": 0,
          "attributes": {
            "annotations": {},
            "binary_authorization": [],
            "client": "",
            "client_version": "",
            "conditions": [],
            "create_time": "2023-10-24T14:36:06.871869Z",
            "creator": "jamescscott@google.com",
            "delete_time": "",
            "etag": "\"CNC_6MAGENijiDc/cHJvamVjdHMvd3B0LWxpdmUtYXBwL2xvY2F0aW9ucy91cy1jZW50cmFsMS9qb2JzL3dwdC10b3QtYXBwLWNlcnQtcmVuZXdlcnM\"",
            "execution_count": 562,
            "expire_time": "",
            "generation": "2",
            "id": "projects/wpt-live-app/locations/us-central1/jobs/wpt-tot-app-cert-renewers",
            "labels": {},
            "last_modifier": "jamescscott@google.com",
            "latest_created_execution": [
              {
                "completion_time": "2025-05-06T00:02:57.524979Z",
                "create_time": "2025-05-06T00:00:01.496371Z",
                "name": "wpt-tot-app-cert-renewers-9scn7"
              }
            ],
            "launch_stage": "GA",
            "location": "us-central1",
            "name": "wpt-tot-app-cert-renewers",
            "observed_generation": "2",
            "project": "wpt-live-app",
            "reconciling": false,
            "template": [
              {
                "annotations": {},
                "labels": {},
                "parallelism": 0,
                "task_count": 1,
                "template": [
                  {
                    "containers": [
                      {
                        "args": [],
                        "command": [],
                        "env": [
                          {
                            "name": "WPT_HOST",
                            "value": "wpt.live",
                            "value_source": []
                          },
                          {
                            "name": "WPT_ALT_HOST",
                            "value": "not-wpt.live",
                            "value_source": []
                          },
                          {
                            "name": "WPT_BUCKET",
                            "value": "wpt-tot-app-certificates",
                            "value_source": []
                          }
                        ],
                        "image": "gcr.io/wpt-live-app/wpt-live-cert-renewer@sha256:b067affafee033a8206a18a7230f314f4769b817eeba7493cafedc2282c3723f",
                        "liveness_probe": [],
                        "name": "",
                        "ports": [],
                        "resources": [
                          {
                            "limits": {
                              "cpu": "1000m",
                              "memory": "512Mi"
                            }
                          }
                        ],
                        "startup_probe": [],
                        "volume_mounts": [],
                        "working_dir": ""
                      }
                    ],
                    "encryption_key": "",
                    "execution_environment": "EXECUTION_ENVIRONMENT_GEN2",
                    "max_retries": 3,
                    "service_account": "2226368975-compute@developer.gserviceaccount.com",
                    "timeout": "600s",
                    "volumes": [],
                    "vpc_access": []
                  }
                ]
              }
            ],
            "terminal_condition": [
              {
                "execution_reason": "",
                "last_transition_time": "2024-04-29T00:00:01.667853Z",
                "message": "",
                "reason": "",
                "revision_reason": "",
                "severity": "",
                "state": "CONDITION_SUCCEEDED",
                "type": "Ready"
              }
            ],
            "timeouts": null,
            "uid": "8003276c-d47c-42b6-b171-b2bf451d1043",
            "update_time": "2025-05-06T14:42:24.115479Z"
          },
          "sensitive_attributes": [],
          "private": "eyJlMmJmYjczMC1lY2FhLTExZTYtOGY4OC0zNDM2M2JjN2M0YzAiOnsiY3JlYXRlIjoxMjAwMDAwMDAwMDAwLCJkZWxldGUiOjEyMDAwMDAwMDAwMDAsInVwZGF0ZSI6MTIwMDAwMDAwMDAwMH19",
          "dependencies": [
            "module.cert-renewer-image.data.docker_image.image"
          ]
        }
      ]
    },
    {
      "module": "module.wpt-live",
      "mode": "managed",
      "type": "google_cloud_scheduler_job",
      "name": "cert_renewer_schedule",
      "provider": "provider[\"registry.terraform.io/hashicorp/google\"]",
      "instances": [
        {
          "schema_version": 0,
          "attributes": {
            "app_engine_http_target": [],
            "attempt_deadline": "320s",
            "description": "cert renewal schedule job",
            "http_target": [
              {
                "body": "",
                "headers": {},
                "http_method": "POST",
                "oauth_token": [
                  {
                    "scope": "https://www.googleapis.com/auth/cloud-platform",
                    "service_account_email": "2226368975-compute@developer.gserviceaccount.com"
                  }
                ],
                "oidc_token": [],
                "uri": "https://us-central1-run.googleapis.com/apis/run.googleapis.com/v1/namespaces/2226368975/jobs/wpt-tot-app-cert-renewers:run"
              }
            ],
            "id": "projects/wpt-live-app/locations/us-central1/jobs/wpt-tot-app-cert-renewer-schedule",
            "name": "wpt-tot-app-cert-renewer-schedule",
            "paused": false,
            "project": "wpt-live-app",
            "pubsub_target": [],
            "region": "us-central1",
            "retry_config": [
              {
                "max_backoff_duration": "3600s",
                "max_doublings": 5,
                "max_retry_duration": "0s",
                "min_backoff_duration": "5s",
                "retry_count": 3
              }
            ],
            "schedule": "0 0 * * *",
            "state": "ENABLED",
            "time_zone": "Etc/UTC",
            "timeouts": null
          },
          "sensitive_attributes": [],
          "private": "eyJlMmJmYjczMC1lY2FhLTExZTYtOGY4OC0zNDM2M2JjN2M0YzAiOnsiY3JlYXRlIjoxMjAwMDAwMDAwMDAwLCJkZWxldGUiOjEyMDAwMDAwMDAwMDAsInVwZGF0ZSI6MTIwMDAwMDAwMDAwMH19",
          "dependencies": [
            "module.cert-renewer-image.data.docker_image.image",
            "module.wpt-live.data.google_project.project",
            "module.wpt-live.google_cloud_run_v2_job.cert_renewers"
          ]
        }
      ]
    },
    {
      "module": "module.wpt-live",
      "mode": "managed",
      "type": "google_compute_address",
      "name": "web-platform-tests-live-address",
      "provider": "provider[\"registry.terraform.io/hashicorp/google\"]",
      "instances": [
        {
          "schema_version": 0,
          "attributes": {
            "address": "34.41.40.10",
            "address_type": "EXTERNAL",
            "creation_timestamp": "2023-10-24T07:36:17.538-07:00",
            "description": "",
            "id": "projects/wpt-live-app/regions/us-central1/addresses/wpt-tot-app-address",
            "ip_version": "",
            "ipv6_endpoint_type": "",
            "name": "wpt-tot-app-address",
            "network": "",
            "network_tier": "PREMIUM",
            "prefix_length": 0,
            "project": "wpt-live-app",
            "purpose": "",
            "region": "us-central1",
            "self_link": "https://www.googleapis.com/compute/v1/projects/wpt-live-app/regions/us-central1/addresses/wpt-tot-app-address",
            "subnetwork": "",
            "timeouts": null,
            "users": [
              "https://www.googleapis.com/compute/v1/projects/wpt-live-app/regions/us-central1/forwardingRules/wpt-tot-app-load-balancing-0",
              "https://www.googleapis.com/compute/v1/projects/wpt-live-app/regions/us-central1/forwardingRules/wpt-tot-app-load-balancing-4",
              "https://www.googleapis.com/compute/v1/projects/wpt-live-app/regions/us-central1/forwardingRules/wpt-tot-app-load-balancing-1",
              "https://www.googleapis.com/compute/v1/projects/wpt-live-app/regions/us-central1/forwardingRules/wpt-tot-app-load-balancing-5",
              "https://www.googleapis.com/compute/v1/projects/wpt-live-app/regions/us-central1/forwardingRules/wpt-tot-app-load-balancing-2",
              "https://www.googleapis.com/compute/v1/projects/wpt-live-app/regions/us-central1/forwardingRules/wpt-tot-app-load-balancing-3",
              "https://www.googleapis.com/compute/v1/projects/wpt-live-app/regions/us-central1/forwardingRules/wpt-tot-app-load-balancing-6"
            ]
          },
          "sensitive_attributes": [],
          "private": "eyJlMmJmYjczMC1lY2FhLTExZTYtOGY4OC0zNDM2M2JjN2M0YzAiOnsiY3JlYXRlIjoxMjAwMDAwMDAwMDAwLCJkZWxldGUiOjEyMDAwMDAwMDAwMDB9fQ=="
        }
      ]
    },
    {
      "module": "module.wpt-live",
      "mode": "managed",
      "type": "google_compute_firewall",
      "name": "default-lb-fw",
      "provider": "provider[\"registry.terraform.io/hashicorp/google\"]",
      "instances": [
        {
          "schema_version": 1,
          "attributes": {
            "allow": [
              {
                "ports": [
                  "80",
                  "8000",
                  "443",
                  "8001",
                  "8002",
                  "8003",
                  "8443"
                ],
                "protocol": "tcp"
              }
            ],
            "creation_timestamp": "2023-11-27T16:05:55.277-08:00",
            "deny": [],
            "description": "",
            "destination_ranges": [],
            "direction": "INGRESS",
            "disabled": false,
            "enable_logging": null,
            "id": "projects/wpt-live-app/global/firewalls/wpt-tot-app-load-balancing-vm-service",
            "log_config": [],
            "name": "wpt-tot-app-load-balancing-vm-service",
            "network": "https://www.googleapis.com/compute/v1/projects/wpt-live-app/global/networks/wpt-live-network",
            "priority": 1000,
            "project": "wpt-live-app",
            "self_link": "https://www.googleapis.com/compute/v1/projects/wpt-live-app/global/firewalls/wpt-tot-app-load-balancing-vm-service",
            "source_ranges": [
              "0.0.0.0/0"
            ],
            "source_service_accounts": [],
            "source_tags": [],
            "target_service_accounts": [],
            "target_tags": [],
            "timeouts": null
          },
          "sensitive_attributes": [],
          "private": "eyJlMmJmYjczMC1lY2FhLTExZTYtOGY4OC0zNDM2M2JjN2M0YzAiOnsiY3JlYXRlIjoxMjAwMDAwMDAwMDAwLCJkZWxldGUiOjEyMDAwMDAwMDAwMDAsInVwZGF0ZSI6MTIwMDAwMDAwMDAwMH0sInNjaGVtYV92ZXJzaW9uIjoiMSJ9",
          "dependencies": [
            "google_compute_network.default"
          ]
        }
      ]
    },
    {
      "module": "module.wpt-live",
      "mode": "managed",
      "type": "google_compute_firewall",
      "name": "wpt-server-mig-health-check",
      "provider": "provider[\"registry.terraform.io/hashicorp/google\"]",
      "instances": [
        {
          "schema_version": 1,
          "attributes": {
            "allow": [
              {
                "ports": [
                  "443"
                ],
                "protocol": "tcp"
              }
            ],
            "creation_timestamp": "2023-11-27T16:05:54.905-08:00",
            "deny": [],
            "description": "",
            "destination_ranges": [],
            "direction": "INGRESS",
            "disabled": false,
            "enable_logging": null,
            "id": "projects/wpt-live-app/global/firewalls/wpt-tot-app-wpt-servers-vm-hc",
            "log_config": [],
            "name": "wpt-tot-app-wpt-servers-vm-hc",
            "network": "https://www.googleapis.com/compute/v1/projects/wpt-live-app/global/networks/wpt-live-network",
            "priority": 1000,
            "project": "wpt-live-app",
            "self_link": "https://www.googleapis.com/compute/v1/projects/wpt-live-app/global/firewalls/wpt-tot-app-wpt-servers-vm-hc",
            "source_ranges": [
              "130.211.0.0/22",
              "35.191.0.0/16"
            ],
            "source_service_accounts": [],
            "source_tags": [],
            "target_service_accounts": [],
            "target_tags": [],
            "timeouts": null
          },
          "sensitive_attributes": [],
          "private": "eyJlMmJmYjczMC1lY2FhLTExZTYtOGY4OC0zNDM2M2JjN2M0YzAiOnsiY3JlYXRlIjoxMjAwMDAwMDAwMDAwLCJkZWxldGUiOjEyMDAwMDAwMDAwMDAsInVwZGF0ZSI6MTIwMDAwMDAwMDAwMH0sInNjaGVtYV92ZXJzaW9uIjoiMSJ9",
          "dependencies": [
            "google_compute_network.default"
          ]
        }
      ]
    },
    {
      "module": "module.wpt-live",
      "mode": "managed",
      "type": "google_compute_forwarding_rule",
      "name": "default",
      "provider": "provider[\"registry.terraform.io/hashicorp/google\"]",
      "instances": [
        {
          "index_key": 0,
          "schema_version": 0,
          "attributes": {
            "all_ports": false,
            "allow_global_access": false,
            "allow_psc_global_access": false,
            "backend_service": "",
            "base_forwarding_rule": "",
            "creation_timestamp": "2023-11-10T05:50:20.861-08:00",
            "description": "",
            "id": "projects/wpt-live-app/regions/us-central1/forwardingRules/wpt-tot-app-load-balancing-0",
            "ip_address": "34.41.40.10",
            "ip_protocol": "TCP",
            "ip_version": "",
            "is_mirroring_collector": false,
            "label_fingerprint": "42WmSpB8rSM=",
            "labels": {},
            "load_balancing_scheme": "EXTERNAL",
            "name": "wpt-tot-app-load-balancing-0",
            "network": "",
            "network_tier": "PREMIUM",
            "no_automate_dns_zone": null,
            "port_range": "80-80",
            "ports": [],
            "project": "wpt-live-app",
            "psc_connection_id": "",
            "psc_connection_status": "",
            "region": "us-central1",
            "self_link": "https://www.googleapis.com/compute/v1/projects/wpt-live-app/regions/us-central1/forwardingRules/wpt-tot-app-load-balancing-0",
            "service_directory_registrations": [],
            "service_label": "",
            "service_name": "",
            "source_ip_ranges": [],
            "subnetwork": "",
            "target": "https://www.googleapis.com/compute/v1/projects/wpt-live-app/regions/us-central1/targetPools/wpt-tot-app-load-balancing",
            "timeouts": null
          },
          "sensitive_attributes": [],
          "private": "eyJlMmJmYjczMC1lY2FhLTExZTYtOGY4OC0zNDM2M2JjN2M0YzAiOnsiY3JlYXRlIjoxMjAwMDAwMDAwMDAwLCJkZWxldGUiOjEyMDAwMDAwMDAwMDAsInVwZGF0ZSI6MTIwMDAwMDAwMDAwMH19",
          "dependencies": [
            "module.wpt-live.google_compute_address.web-platform-tests-live-address",
            "module.wpt-live.google_compute_http_health_check.default",
            "module.wpt-live.google_compute_target_pool.default"
          ]
        },
        {
          "index_key": 1,
          "schema_version": 0,
          "attributes": {
            "all_ports": false,
            "allow_global_access": false,
            "allow_psc_global_access": false,
            "backend_service": "",
            "base_forwarding_rule": "",
            "creation_timestamp": "2023-11-10T05:50:21.271-08:00",
            "description": "",
            "id": "projects/wpt-live-app/regions/us-central1/forwardingRules/wpt-tot-app-load-balancing-1",
            "ip_address": "34.41.40.10",
            "ip_protocol": "TCP",
            "ip_version": "",
            "is_mirroring_collector": false,
            "label_fingerprint": "42WmSpB8rSM=",
            "labels": {},
            "load_balancing_scheme": "EXTERNAL",
            "name": "wpt-tot-app-load-balancing-1",
            "network": "",
            "network_tier": "PREMIUM",
            "no_automate_dns_zone": null,
            "port_range": "8000-8000",
            "ports": [],
            "project": "wpt-live-app",
            "psc_connection_id": "",
            "psc_connection_status": "",
            "region": "us-central1",
            "self_link": "https://www.googleapis.com/compute/v1/projects/wpt-live-app/regions/us-central1/forwardingRules/wpt-tot-app-load-balancing-1",
            "service_directory_registrations": [],
            "service_label": "",
            "service_name": "",
            "source_ip_ranges": [],
            "subnetwork": "",
            "target": "https://www.googleapis.com/compute/v1/projects/wpt-live-app/regions/us-central1/targetPools/wpt-tot-app-load-balancing",
            "timeouts": null
          },
          "sensitive_attributes": [],
          "private": "eyJlMmJmYjczMC1lY2FhLTExZTYtOGY4OC0zNDM2M2JjN2M0YzAiOnsiY3JlYXRlIjoxMjAwMDAwMDAwMDAwLCJkZWxldGUiOjEyMDAwMDAwMDAwMDAsInVwZGF0ZSI6MTIwMDAwMDAwMDAwMH19",
          "dependencies": [
            "module.wpt-live.google_compute_address.web-platform-tests-live-address",
            "module.wpt-live.google_compute_http_health_check.default",
            "module.wpt-live.google_compute_target_pool.default"
          ]
        },
        {
          "index_key": 2,
          "schema_version": 0,
          "attributes": {
            "all_ports": false,
            "allow_global_access": false,
            "allow_psc_global_access": false,
            "backend_service": "",
            "base_forwarding_rule": "",
            "creation_timestamp": "2023-11-10T05:50:22.323-08:00",
            "description": "",
            "id": "projects/wpt-live-app/regions/us-central1/forwardingRules/wpt-tot-app-load-balancing-2",
            "ip_address": "34.41.40.10",
            "ip_protocol": "TCP",
            "ip_version": "",
            "is_mirroring_collector": false,
            "label_fingerprint": "42WmSpB8rSM=",
            "labels": {},
            "load_balancing_scheme": "EXTERNAL",
            "name": "wpt-tot-app-load-balancing-2",
            "network": "",
            "network_tier": "PREMIUM",
            "no_automate_dns_zone": null,
            "port_range": "443-443",
            "ports": [],
            "project": "wpt-live-app",
            "psc_connection_id": "",
            "psc_connection_status": "",
            "region": "us-central1",
            "self_link": "https://www.googleapis.com/compute/v1/projects/wpt-live-app/regions/us-central1/forwardingRules/wpt-tot-app-load-balancing-2",
            "service_directory_registrations": [],
            "service_label": "",
            "service_name": "",
            "source_ip_ranges": [],
            "subnetwork": "",
            "target": "https://www.googleapis.com/compute/v1/projects/wpt-live-app/regions/us-central1/targetPools/wpt-tot-app-load-balancing",
            "timeouts": null
          },
          "sensitive_attributes": [],
          "private": "eyJlMmJmYjczMC1lY2FhLTExZTYtOGY4OC0zNDM2M2JjN2M0YzAiOnsiY3JlYXRlIjoxMjAwMDAwMDAwMDAwLCJkZWxldGUiOjEyMDAwMDAwMDAwMDAsInVwZGF0ZSI6MTIwMDAwMDAwMDAwMH19",
          "dependencies": [
            "module.wpt-live.google_compute_address.web-platform-tests-live-address",
            "module.wpt-live.google_compute_http_health_check.default",
            "module.wpt-live.google_compute_target_pool.default"
          ]
        },
        {
          "index_key": 3,
          "schema_version": 0,
          "attributes": {
            "all_ports": false,
            "allow_global_access": false,
            "allow_psc_global_access": false,
            "backend_service": "",
            "base_forwarding_rule": "",
            "creation_timestamp": "2023-11-10T05:50:22.424-08:00",
            "description": "",
            "id": "projects/wpt-live-app/regions/us-central1/forwardingRules/wpt-tot-app-load-balancing-3",
            "ip_address": "34.41.40.10",
            "ip_protocol": "TCP",
            "ip_version": "",
            "is_mirroring_collector": false,
            "label_fingerprint": "42WmSpB8rSM=",
            "labels": {},
            "load_balancing_scheme": "EXTERNAL",
            "name": "wpt-tot-app-load-balancing-3",
            "network": "",
            "network_tier": "PREMIUM",
            "no_automate_dns_zone": null,
            "port_range": "8001-8001",
            "ports": [],
            "project": "wpt-live-app",
            "psc_connection_id": "",
            "psc_connection_status": "",
            "region": "us-central1",
            "self_link": "https://www.googleapis.com/compute/v1/projects/wpt-live-app/regions/us-central1/forwardingRules/wpt-tot-app-load-balancing-3",
            "service_directory_registrations": [],
            "service_label": "",
            "service_name": "",
            "source_ip_ranges": [],
            "subnetwork": "",
            "target": "https://www.googleapis.com/compute/v1/projects/wpt-live-app/regions/us-central1/targetPools/wpt-tot-app-load-balancing",
            "timeouts": null
          },
          "sensitive_attributes": [],
          "private": "eyJlMmJmYjczMC1lY2FhLTExZTYtOGY4OC0zNDM2M2JjN2M0YzAiOnsiY3JlYXRlIjoxMjAwMDAwMDAwMDAwLCJkZWxldGUiOjEyMDAwMDAwMDAwMDAsInVwZGF0ZSI6MTIwMDAwMDAwMDAwMH19",
          "dependencies": [
            "module.wpt-live.google_compute_address.web-platform-tests-live-address",
            "module.wpt-live.google_compute_http_health_check.default",
            "module.wpt-live.google_compute_target_pool.default"
          ]
        },
        {
          "index_key": 4,
          "schema_version": 0,
          "attributes": {
            "all_ports": false,
            "allow_global_access": false,
            "allow_psc_global_access": false,
            "backend_service": "",
            "base_forwarding_rule": "",
            "creation_timestamp": "2023-11-10T05:50:20.958-08:00",
            "description": "",
            "id": "projects/wpt-live-app/regions/us-central1/forwardingRules/wpt-tot-app-load-balancing-4",
            "ip_address": "34.41.40.10",
            "ip_protocol": "TCP",
            "ip_version": "",
            "is_mirroring_collector": false,
            "label_fingerprint": "42WmSpB8rSM=",
            "labels": {},
            "load_balancing_scheme": "EXTERNAL",
            "name": "wpt-tot-app-load-balancing-4",
            "network": "",
            "network_tier": "PREMIUM",
            "no_automate_dns_zone": null,
            "port_range": "8002-8002",
            "ports": [],
            "project": "wpt-live-app",
            "psc_connection_id": "",
            "psc_connection_status": "",
            "region": "us-central1",
            "self_link": "https://www.googleapis.com/compute/v1/projects/wpt-live-app/regions/us-central1/forwardingRules/wpt-tot-app-load-balancing-4",
            "service_directory_registrations": [],
            "service_label": "",
            "service_name": "",
            "source_ip_ranges": [],
            "subnetwork": "",
            "target": "https://www.googleapis.com/compute/v1/projects/wpt-live-app/regions/us-central1/targetPools/wpt-tot-app-load-balancing",
            "timeouts": null
          },
          "sensitive_attributes": [],
          "private": "eyJlMmJmYjczMC1lY2FhLTExZTYtOGY4OC0zNDM2M2JjN2M0YzAiOnsiY3JlYXRlIjoxMjAwMDAwMDAwMDAwLCJkZWxldGUiOjEyMDAwMDAwMDAwMDAsInVwZGF0ZSI6MTIwMDAwMDAwMDAwMH19",
          "dependencies": [
            "module.wpt-live.google_compute_address.web-platform-tests-live-address",
            "module.wpt-live.google_compute_http_health_check.default",
            "module.wpt-live.google_compute_target_pool.default"
          ]
        },
        {
          "index_key": 5,
          "schema_version": 0,
          "attributes": {
            "all_ports": false,
            "allow_global_access": false,
            "allow_psc_global_access": false,
            "backend_service": "",
            "base_forwarding_rule": "",
            "creation_timestamp": "2023-11-10T05:50:21.421-08:00",
            "description": "",
            "id": "projects/wpt-live-app/regions/us-central1/forwardingRules/wpt-tot-app-load-balancing-5",
            "ip_address": "34.41.40.10",
            "ip_protocol": "TCP",
            "ip_version": "",
            "is_mirroring_collector": false,
            "label_fingerprint": "42WmSpB8rSM=",
            "labels": {},
            "load_balancing_scheme": "EXTERNAL",
            "name": "wpt-tot-app-load-balancing-5",
            "network": "",
            "network_tier": "PREMIUM",
            "no_automate_dns_zone": null,
            "port_range": "8003-8003",
            "ports": [],
            "project": "wpt-live-app",
            "psc_connection_id": "",
            "psc_connection_status": "",
            "region": "us-central1",
            "self_link": "https://www.googleapis.com/compute/v1/projects/wpt-live-app/regions/us-central1/forwardingRules/wpt-tot-app-load-balancing-5",
            "service_directory_registrations": [],
            "service_label": "",
            "service_name": "",
            "source_ip_ranges": [],
            "subnetwork": "",
            "target": "https://www.googleapis.com/compute/v1/projects/wpt-live-app/regions/us-central1/targetPools/wpt-tot-app-load-balancing",
            "timeouts": null
          },
          "sensitive_attributes": [],
          "private": "eyJlMmJmYjczMC1lY2FhLTExZTYtOGY4OC0zNDM2M2JjN2M0YzAiOnsiY3JlYXRlIjoxMjAwMDAwMDAwMDAwLCJkZWxldGUiOjEyMDAwMDAwMDAwMDAsInVwZGF0ZSI6MTIwMDAwMDAwMDAwMH19",
          "dependencies": [
            "module.wpt-live.google_compute_address.web-platform-tests-live-address",
            "module.wpt-live.google_compute_http_health_check.default",
            "module.wpt-live.google_compute_target_pool.default"
          ]
        },
        {
          "index_key": 6,
          "schema_version": 0,
          "attributes": {
            "all_ports": false,
            "allow_global_access": false,
            "allow_psc_global_access": false,
            "backend_service": "",
            "base_forwarding_rule": "",
            "creation_timestamp": "2023-11-10T05:50:22.777-08:00",
            "description": "",
            "id": "projects/wpt-live-app/regions/us-central1/forwardingRules/wpt-tot-app-load-balancing-6",
            "ip_address": "34.41.40.10",
            "ip_protocol": "TCP",
            "ip_version": "",
            "is_mirroring_collector": false,
            "label_fingerprint": "42WmSpB8rSM=",
            "labels": {},
            "load_balancing_scheme": "EXTERNAL",
            "name": "wpt-tot-app-load-balancing-6",
            "network": "",
            "network_tier": "PREMIUM",
            "no_automate_dns_zone": null,
            "port_range": "8443-8443",
            "ports": [],
            "project": "wpt-live-app",
            "psc_connection_id": "",
            "psc_connection_status": "",
            "region": "us-central1",
            "self_link": "https://www.googleapis.com/compute/v1/projects/wpt-live-app/regions/us-central1/forwardingRules/wpt-tot-app-load-balancing-6",
            "service_directory_registrations": [],
            "service_label": "",
            "service_name": "",
            "source_ip_ranges": [],
            "subnetwork": "",
            "target": "https://www.googleapis.com/compute/v1/projects/wpt-live-app/regions/us-central1/targetPools/wpt-tot-app-load-balancing",
            "timeouts": null
          },
          "sensitive_attributes": [],
          "private": "eyJlMmJmYjczMC1lY2FhLTExZTYtOGY4OC0zNDM2M2JjN2M0YzAiOnsiY3JlYXRlIjoxMjAwMDAwMDAwMDAwLCJkZWxldGUiOjEyMDAwMDAwMDAwMDAsInVwZGF0ZSI6MTIwMDAwMDAwMDAwMH19",
          "dependencies": [
            "module.wpt-live.google_compute_address.web-platform-tests-live-address",
            "module.wpt-live.google_compute_http_health_check.default",
            "module.wpt-live.google_compute_target_pool.default"
          ]
        }
      ]
    },
    {
      "module": "module.wpt-live",
      "mode": "managed",
      "type": "google_compute_health_check",
      "name": "wpt_health_check",
      "provider": "provider[\"registry.terraform.io/hashicorp/google\"]",
      "instances": [
        {
          "schema_version": 0,
          "attributes": {
            "check_interval_sec": 10,
            "creation_timestamp": "2023-10-24T07:37:19.196-07:00",
            "description": "",
            "grpc_health_check": [],
            "healthy_threshold": 3,
            "http2_health_check": [],
            "http_health_check": [],
            "https_health_check": [
              {
                "host": "",
                "port": 443,
                "port_name": "",
                "port_specification": "",
                "proxy_header": "NONE",
                "request_path": "/?gcp-health-check",
                "response": ""
              }
            ],
            "id": "projects/wpt-live-app/global/healthChecks/wpt-tot-app-wpt-servers",
            "log_config": [
              {
                "enable": false
              }
            ],
            "name": "wpt-tot-app-wpt-servers",
            "project": "wpt-live-app",
            "self_link": "https://www.googleapis.com/compute/v1/projects/wpt-live-app/global/healthChecks/wpt-tot-app-wpt-servers",
            "ssl_health_check": [],
            "tcp_health_check": [],
            "timeout_sec": 10,
            "timeouts": null,
            "type": "HTTPS",
            "unhealthy_threshold": 6
          },
          "sensitive_attributes": [],
          "private": "eyJlMmJmYjczMC1lY2FhLTExZTYtOGY4OC0zNDM2M2JjN2M0YzAiOnsiY3JlYXRlIjoxMjAwMDAwMDAwMDAwLCJkZWxldGUiOjEyMDAwMDAwMDAwMDAsInVwZGF0ZSI6MTIwMDAwMDAwMDAwMH19"
        }
      ]
    },
    {
      "module": "module.wpt-live",
      "mode": "managed",
      "type": "google_compute_http_health_check",
      "name": "default",
      "provider": "provider[\"registry.terraform.io/hashicorp/google\"]",
      "instances": [
        {
          "schema_version": 0,
          "attributes": {
            "check_interval_sec": 5,
            "creation_timestamp": "2023-10-24T07:37:30.313-07:00",
            "description": "",
            "healthy_threshold": 2,
            "host": "",
            "id": "projects/wpt-live-app/global/httpHealthChecks/wpt-tot-app-load-balancing-health-check",
            "name": "wpt-tot-app-load-balancing-health-check",
            "port": 80,
            "project": "wpt-live-app",
            "request_path": "/?gcp-health-check-load-balancing",
            "self_link": "https://www.googleapis.com/compute/v1/projects/wpt-live-app/global/httpHealthChecks/wpt-tot-app-load-balancing-health-check",
            "timeout_sec": 5,
            "timeouts": null,
            "unhealthy_threshold": 2
          },
          "sensitive_attributes": [],
          "private": "eyJlMmJmYjczMC1lY2FhLTExZTYtOGY4OC0zNDM2M2JjN2M0YzAiOnsiY3JlYXRlIjoxMjAwMDAwMDAwMDAwLCJkZWxldGUiOjEyMDAwMDAwMDAwMDAsInVwZGF0ZSI6MTIwMDAwMDAwMDAwMH19"
        }
      ]
    },
    {
      "module": "module.wpt-live",
      "mode": "managed",
      "type": "google_compute_instance_group_manager",
      "name": "wpt_servers",
      "provider": "provider[\"registry.terraform.io/hashicorp/google\"]",
      "instances": [
        {
          "schema_version": 0,
          "attributes": {
            "auto_healing_policies": [
              {
                "health_check": "https://www.googleapis.com/compute/v1/projects/wpt-live-app/global/healthChecks/wpt-tot-app-wpt-servers",
                "initial_delay_sec": 30
              }
            ],
            "base_instance_name": "wpt-tot-app-wpt-servers",
            "description": "compute VM Instance Group",
            "fingerprint": "qvYgsyNU75g=",
            "id": "projects/wpt-live-app/zones/us-central1-b/instanceGroupManagers/wpt-tot-app-wpt-servers",
            "instance_group": "https://www.googleapis.com/compute/v1/projects/wpt-live-app/zones/us-central1-b/instanceGroups/wpt-tot-app-wpt-servers",
            "instance_lifecycle_policy": [
              {
                "force_update_on_repair": "NO"
              }
            ],
            "list_managed_instances_results": "PAGELESS",
            "name": "wpt-tot-app-wpt-servers",
            "named_port": [
              {
                "name": "http-primary",
                "port": 80
              },
              {
                "name": "http-secondary",
                "port": 8000
              },
              {
                "name": "http2",
                "port": 8001
              },
              {
                "name": "https",
                "port": 443
              },
              {
                "name": "https-secondary",
                "port": 8443
              },
              {
                "name": "websocket",
                "port": 8002
              },
              {
                "name": "websocket-secure",
                "port": 8003
              }
            ],
            "operation": null,
            "project": "wpt-live-app",
            "self_link": "https://www.googleapis.com/compute/v1/projects/wpt-live-app/zones/us-central1-b/instanceGroupManagers/wpt-tot-app-wpt-servers",
            "stateful_disk": [],
            "status": [
              {
                "is_stable": true,
                "stateful": [
                  {
                    "has_stateful_config": false,
                    "per_instance_configs": [
                      {
                        "all_effective": true
                      }
                    ]
                  }
                ],
                "version_target": [
                  {
                    "is_reached": true
                  }
                ]
              }
            ],
            "target_pools": [
              "https://www.googleapis.com/compute/v1/projects/wpt-live-app/regions/us-central1/targetPools/wpt-tot-app-load-balancing"
            ],
            "target_size": 2,
            "timeouts": null,
            "update_policy": [
              {
                "max_surge_fixed": 1,
                "max_surge_percent": 0,
                "max_unavailable_fixed": 1,
                "max_unavailable_percent": 0,
                "minimal_action": "RESTART",
                "most_disruptive_allowed_action": "",
                "replacement_method": "SUBSTITUTE",
                "type": "PROACTIVE"
              }
            ],
            "version": [
              {
                "instance_template": "https://www.googleapis.com/compute/v1/projects/wpt-live-app/global/instanceTemplates/default-20250506144812248100000001",
                "name": "wpt-tot-app-wpt-servers-default",
                "target_size": []
              }
            ],
            "wait_for_instances": false,
            "wait_for_instances_status": "STABLE",
            "zone": "us-central1-b"
          },
          "sensitive_attributes": [],
          "private": "eyJlMmJmYjczMC1lY2FhLTExZTYtOGY4OC0zNDM2M2JjN2M0YzAiOnsiY3JlYXRlIjo5MDAwMDAwMDAwMDAsImRlbGV0ZSI6OTAwMDAwMDAwMDAwLCJ1cGRhdGUiOjkwMDAwMDAwMDAwMH19",
          "dependencies": [
            "google_compute_network.default",
            "google_compute_subnetwork.default",
            "module.wpt-live.google_compute_health_check.wpt_health_check",
            "module.wpt-live.google_compute_http_health_check.default",
            "module.wpt-live.google_compute_instance_template.wpt_server",
            "module.wpt-live.google_compute_target_pool.default",
            "module.wpt-live.module.wpt-server-container.data.google_compute_image.coreos",
            "module.wpt-server-tot-image.data.docker_image.image"
          ]
        }
      ]
    },
    {
      "module": "module.wpt-live",
      "mode": "managed",
      "type": "google_compute_instance_template",
      "name": "wpt_server",
      "provider": "provider[\"registry.terraform.io/hashicorp/google\"]",
      "instances": [
        {
          "schema_version": 1,
          "attributes": {
            "advanced_machine_features": [],
            "can_ip_forward": false,
            "confidential_instance_config": [],
            "description": "",
            "disk": [
              {
                "auto_delete": true,
                "boot": true,
                "device_name": "persistent-disk-0",
                "disk_encryption_key": [],
                "disk_name": "",
                "disk_size_gb": 0,
                "disk_type": "pd-ssd",
                "interface": "SCSI",
                "labels": {},
                "mode": "READ_WRITE",
                "provisioned_iops": 0,
                "resource_policies": [],
                "source": "",
                "source_image": "projects/cos-cloud/global/images/cos-stable-117-18613-164-124",
                "source_image_encryption_key": [],
                "source_snapshot": "",
                "source_snapshot_encryption_key": [],
                "type": "PERSISTENT"
              }
            ],
            "guest_accelerator": [],
            "id": "projects/wpt-live-app/global/instanceTemplates/default-20250506144812248100000001",
            "instance_description": "",
            "labels": {
              "container-vm": "cos-stable-117-18613-164-124"
            },
            "machine_type": "e2-medium",
            "metadata": {
              "gce-container-declaration": "\"spec\":\n  \"containers\":\n  - \"env\":\n    - \"name\": \"WPT_HOST\"\n      \"value\": \"wpt.live\"\n    - \"name\": \"WPT_ALT_HOST\"\n      \"value\": \"not-wpt.live\"\n    - \"name\": \"WPT_BUCKET\"\n      \"value\": \"wpt-tot-app-certificates\"\n    \"image\": \"gcr.io/wpt-live-app/wpt-live-wpt-server-tot@sha256:9b82ef82950f1a23a1e553f4657c3790b2e432c072c8de227cd84a063075ddce\"\n  \"restartPolicy\": \"Always\"\n  \"volumes\": []\n",
              "google-logging-enabled": "true",
              "startup-script": "",
              "tf_depends_id": ""
            },
            "metadata_fingerprint": "c4qsyfsW3Ao=",
            "metadata_startup_script": null,
            "min_cpu_platform": "",
            "name": "default-20250506144812248100000001",
            "name_prefix": "default-",
            "network_interface": [
              {
                "access_config": [
                  {
                    "nat_ip": "",
                    "network_tier": "PREMIUM",
                    "public_ptr_domain_name": ""
                  }
                ],
                "alias_ip_range": [],
                "internal_ipv6_prefix_length": 0,
                "ipv6_access_config": [],
                "ipv6_access_type": "",
                "ipv6_address": "",
                "name": "nic0",
                "network": "https://www.googleapis.com/compute/v1/projects/wpt-live-app/global/networks/wpt-live-network",
                "network_ip": "",
                "nic_type": "",
                "queue_count": 0,
                "stack_type": "",
                "subnetwork": "https://www.googleapis.com/compute/v1/projects/wpt-live-app/regions/us-central1/subnetworks/wpt-live-subnetwork",
                "subnetwork_project": "wpt-live-app"
              }
            ],
            "network_performance_config": [],
            "project": "wpt-live-app",
            "region": "us-central1",
            "reservation_affinity": [],
            "resource_policies": null,
            "scheduling": [
              {
                "automatic_restart": true,
                "instance_termination_action": "",
                "local_ssd_recovery_timeout": [],
                "min_node_cpus": 0,
                "node_affinities": [],
                "on_host_maintenance": "MIGRATE",
                "preemptible": false,
                "provisioning_model": "STANDARD"
              }
            ],
            "self_link": "https://www.googleapis.com/compute/v1/projects/wpt-live-app/global/instanceTemplates/default-20250506144812248100000001",
            "self_link_unique": "https://www.googleapis.com/compute/v1/projects/wpt-live-app/global/instanceTemplates/default-20250506144812248100000001?uniqueId=8807221264062586819",
            "service_account": [
              {
                "email": "default",
                "scopes": [
                  "https://www.googleapis.com/auth/devstorage.read_only",
                  "https://www.googleapis.com/auth/logging.write"
                ]
              }
            ],
            "shielded_instance_config": [],
            "tags": [],
            "tags_fingerprint": "",
            "timeouts": null
          },
          "sensitive_attributes": [],
          "private": "eyJlMmJmYjczMC1lY2FhLTExZTYtOGY4OC0zNDM2M2JjN2M0YzAiOnsiY3JlYXRlIjoyNDAwMDAwMDAwMDAsImRlbGV0ZSI6MjQwMDAwMDAwMDAwfSwic2NoZW1hX3ZlcnNpb24iOiIxIn0=",
          "dependencies": [
            "google_compute_network.default",
            "google_compute_subnetwork.default",
            "module.wpt-live.module.wpt-server-container.data.google_compute_image.coreos",
            "module.wpt-server-tot-image.data.docker_image.image"
          ],
          "create_before_destroy": true
        }
      ]
    },
    {
      "module": "module.wpt-live",
      "mode": "managed",
      "type": "google_compute_target_pool",
      "name": "default",
      "provider": "provider[\"registry.terraform.io/hashicorp/google\"]",
      "instances": [
        {
          "schema_version": 0,
          "attributes": {
            "backup_pool": "",
            "description": "",
            "failover_ratio": 0,
            "health_checks": [
              "https://www.googleapis.com/compute/v1/projects/wpt-live-app/global/httpHealthChecks/wpt-tot-app-load-balancing-health-check"
            ],
            "id": "projects/wpt-live-app/regions/us-central1/targetPools/wpt-tot-app-load-balancing",
            "instances": [
              "us-central1-b/wpt-tot-app-wpt-servers-33nv",
              "us-central1-b/wpt-tot-app-wpt-servers-7gxp"
            ],
            "name": "wpt-tot-app-load-balancing",
            "project": "wpt-live-app",
            "region": "us-central1",
            "self_link": "https://www.googleapis.com/compute/v1/projects/wpt-live-app/regions/us-central1/targetPools/wpt-tot-app-load-balancing",
            "session_affinity": "CLIENT_IP_PROTO",
            "timeouts": null
          },
          "sensitive_attributes": [],
          "private": "eyJlMmJmYjczMC1lY2FhLTExZTYtOGY4OC0zNDM2M2JjN2M0YzAiOnsiY3JlYXRlIjoyNDAwMDAwMDAwMDAsImRlbGV0ZSI6MjQwMDAwMDAwMDAwLCJ1cGRhdGUiOjI0MDAwMDAwMDAwMH19",
          "dependencies": [
            "module.wpt-live.google_compute_http_health_check.default"
          ]
        }
      ]
    },
    {
      "module": "module.wpt-live",
      "mode": "managed",
      "type": "google_dns_record_set",
      "name": "alt_host_bare",
      "provider": "provider[\"registry.terraform.io/hashicorp/google\"]",
      "instances": [
        {
          "schema_version": 0,
          "attributes": {
            "id": "projects/wpt-live-app/managedZones/not-wpt-live/rrsets/not-wpt.live./A",
            "managed_zone": "not-wpt-live",
            "name": "not-wpt.live.",
            "project": "wpt-live-app",
            "routing_policy": [],
            "rrdatas": [
              "34.41.40.10"
            ],
            "ttl": 300,
            "type": "A"
          },
          "sensitive_attributes": [],
          "private": "bnVsbA==",
          "dependencies": [
            "module.wpt-live.data.google_dns_managed_zone.alt_host",
            "module.wpt-live.google_compute_address.web-platform-tests-live-address"
          ]
        }
      ]
    },
    {
      "module": "module.wpt-live",
      "mode": "managed",
      "type": "google_dns_record_set",
      "name": "alt_host_nonexistent_subdomains",
      "provider": "provider[\"registry.terraform.io/hashicorp/google\"]",
      "instances": [
        {
          "schema_version": 0,
          "attributes": {
            "id": "projects/wpt-live-app/managedZones/not-wpt-live/rrsets/nonexistent.not-wpt.live./A",
            "managed_zone": "not-wpt-live",
            "name": "nonexistent.not-wpt.live.",
            "project": "wpt-live-app",
            "routing_policy": [],
            "rrdatas": [
              "0.0.0.0"
            ],
            "ttl": 300,
            "type": "A"
          },
          "sensitive_attributes": [],
          "private": "bnVsbA==",
          "dependencies": [
            "module.wpt-live.data.google_dns_managed_zone.alt_host"
          ]
        }
      ]
    },
    {
      "module": "module.wpt-live",
      "mode": "managed",
      "type": "google_dns_record_set",
      "name": "alt_host_subdomains",
      "provider": "provider[\"registry.terraform.io/hashicorp/google\"]",
      "instances": [
        {
          "schema_version": 0,
          "attributes": {
            "id": "projects/wpt-live-app/managedZones/not-wpt-live/rrsets/*.not-wpt.live./CNAME",
            "managed_zone": "not-wpt-live",
            "name": "*.not-wpt.live.",
            "project": "wpt-live-app",
            "routing_policy": [],
            "rrdatas": [
              "not-wpt.live."
            ],
            "ttl": 300,
            "type": "CNAME"
          },
          "sensitive_attributes": [],
          "private": "bnVsbA==",
          "dependencies": [
            "module.wpt-live.data.google_dns_managed_zone.alt_host"
          ]
        }
      ]
    },
    {
      "module": "module.wpt-live",
      "mode": "managed",
      "type": "google_dns_record_set",
      "name": "host_bare",
      "provider": "provider[\"registry.terraform.io/hashicorp/google\"]",
      "instances": [
        {
          "schema_version": 0,
          "attributes": {
            "id": "projects/wpt-live-app/managedZones/wpt-live/rrsets/wpt.live./A",
            "managed_zone": "wpt-live",
            "name": "wpt.live.",
            "project": "wpt-live-app",
            "routing_policy": [],
            "rrdatas": [
              "34.41.40.10"
            ],
            "ttl": 300,
            "type": "A"
          },
          "sensitive_attributes": [],
          "private": "bnVsbA==",
          "dependencies": [
            "module.wpt-live.data.google_dns_managed_zone.host",
            "module.wpt-live.google_compute_address.web-platform-tests-live-address"
          ]
        }
      ]
    },
    {
      "module": "module.wpt-live",
      "mode": "managed",
      "type": "google_dns_record_set",
      "name": "host_nonexistent_subdomains",
      "provider": "provider[\"registry.terraform.io/hashicorp/google\"]",
      "instances": [
        {
          "schema_version": 0,
          "attributes": {
            "id": "projects/wpt-live-app/managedZones/wpt-live/rrsets/nonexistent.wpt.live./A",
            "managed_zone": "wpt-live",
            "name": "nonexistent.wpt.live.",
            "project": "wpt-live-app",
            "routing_policy": [],
            "rrdatas": [
              "0.0.0.0"
            ],
            "ttl": 300,
            "type": "A"
          },
          "sensitive_attributes": [],
          "private": "bnVsbA==",
          "dependencies": [
            "module.wpt-live.data.google_dns_managed_zone.host"
          ]
        }
      ]
    },
    {
      "module": "module.wpt-live",
      "mode": "managed",
      "type": "google_dns_record_set",
      "name": "host_subdomains",
      "provider": "provider[\"registry.terraform.io/hashicorp/google\"]",
      "instances": [
        {
          "schema_version": 0,
          "attributes": {
            "id": "projects/wpt-live-app/managedZones/wpt-live/rrsets/*.wpt.live./CNAME",
            "managed_zone": "wpt-live",
            "name": "*.wpt.live.",
            "project": "wpt-live-app",
            "routing_policy": [],
            "rrdatas": [
              "wpt.live."
            ],
            "ttl": 300,
            "type": "CNAME"
          },
          "sensitive_attributes": [],
          "private": "bnVsbA==",
          "dependencies": [
            "module.wpt-live.data.google_dns_managed_zone.host"
          ]
        }
      ]
    },
    {
      "module": "module.wpt-live",
      "mode": "managed",
      "type": "google_storage_bucket",
      "name": "certificates",
      "provider": "provider[\"registry.terraform.io/hashicorp/google\"]",
      "instances": [
        {
          "schema_version": 0,
          "attributes": {
            "autoclass": [],
            "cors": [],
            "custom_placement_config": [],
            "default_event_based_hold": false,
            "encryption": [],
            "force_destroy": false,
            "id": "wpt-tot-app-certificates",
            "labels": {},
            "lifecycle_rule": [],
            "location": "US",
            "logging": [],
            "name": "wpt-tot-app-certificates",
            "project": "wpt-live-app",
            "public_access_prevention": "inherited",
            "requester_pays": false,
            "retention_policy": [],
            "self_link": "https://www.googleapis.com/storage/v1/b/wpt-tot-app-certificates",
            "storage_class": "STANDARD",
            "timeouts": null,
            "uniform_bucket_level_access": true,
            "url": "gs://wpt-tot-app-certificates",
            "versioning": [],
            "website": []
          },
          "sensitive_attributes": [],
          "private": "eyJlMmJmYjczMC1lY2FhLTExZTYtOGY4OC0zNDM2M2JjN2M0YzAiOnsiY3JlYXRlIjo2MDAwMDAwMDAwMDAsInJlYWQiOjI0MDAwMDAwMDAwMCwidXBkYXRlIjoyNDAwMDAwMDAwMDB9fQ=="
        }
      ]
    },
    {
      "module": "module.wpt-live.module.wpt-server-container",
      "mode": "data",
      "type": "google_compute_image",
      "name": "coreos",
      "provider": "provider[\"registry.terraform.io/hashicorp/google\"]",
      "instances": [
        {
          "schema_version": 0,
          "attributes": {
            "archive_size_bytes": 1907636160,
            "creation_timestamp": "2025-04-29T13:49:18.409-07:00",
            "description": "Google, Container-Optimized OS, 117-18613.164.124 stable, Kernel: COS-6.6.72 Kubernetes: 1.30.3 Docker: 24.0.9 Family: cos-stable",
            "disk_size_gb": 10,
            "family": "cos-stable",
            "filter": null,
            "id": "projects/cos-cloud/global/images/cos-stable-117-18613-164-124",
            "image_encryption_key_sha256": "",
            "image_id": "5949804630412920226",
            "label_fingerprint": "6a05UBQMhWk=",
            "labels": {
              "build_number": "18613-164-124",
              "milestone": "117",
              "public-image": "true"
            },
            "licenses": [
              "https://www.googleapis.com/compute/v1/projects/cos-cloud-shielded/global/licenses/shielded-cos",
              "https://www.googleapis.com/compute/v1/projects/cos-cloud/global/licenses/cos",
              "https://www.googleapis.com/compute/v1/projects/cos-cloud/global/licenses/cos-pcid"
            ],
            "most_recent": false,
            "name": "cos-stable-117-18613-164-124",
            "project": "cos-cloud",
            "self_link": "https://www.googleapis.com/compute/v1/projects/cos-cloud/global/images/cos-stable-117-18613-164-124",
            "source_disk": "",
            "source_disk_encryption_key_sha256": "",
            "source_disk_id": "",
            "source_image_id": "",
            "status": "READY"
          },
          "sensitive_attributes": []
        }
      ]
    },
    {
      "module": "module.wpt-server-tot-image",
      "mode": "data",
      "type": "docker_image",
      "name": "image",
      "provider": "module.wpt-server-tot-image.provider[\"registry.terraform.io/kreuzwerker/docker\"]",
      "instances": [
        {
          "schema_version": 0,
          "attributes": {
            "id": "sha256:91e4a0a18efb18331fa8dc75c9533efc2165685bd537446aa59a55f4c10e1587",
            "name": "gcr.io/wpt-live-app/wpt-live-wpt-server-tot:latest",
            "repo_digest": "gcr.io/wpt-live-app/wpt-live-wpt-server-tot@sha256:9b82ef82950f1a23a1e553f4657c3790b2e432c072c8de227cd84a063075ddce"
          },
          "sensitive_attributes": []
        }
      ]
    }
  ],
  "check_results": null
}
