{
    "version": 3,
    "terraform_version": "0.11.14",
    "serial": 136,
    "lineage": "953c2261-fa9e-083d-8190-8d0302230bb4",
    "modules": [
        {
            "path": [
                "root"
            ],
            "outputs": {
                "web-platform-tests-live-address": {
                    "sensitive": false,
                    "type": "string",
                    "value": "35.239.137.145"
                },
                "web-platform-tests-submissions-address": {
                    "sensitive": false,
                    "type": "string",
                    "value": "104.197.204.172"
                }
            },
            "resources": {
                "google_compute_network.default": {
                    "type": "google_compute_network",
                    "depends_on": [],
                    "primary": {
                        "id": "web-platform-tests-live-network",
                        "attributes": {
                            "auto_create_subnetworks": "false",
                            "delete_default_routes_on_create": "false",
                            "description": "",
                            "gateway_ipv4": "",
                            "id": "web-platform-tests-live-network",
                            "ipv4_range": "",
                            "name": "web-platform-tests-live-network",
                            "project": "wptdashboard",
                            "routing_mode": "REGIONAL",
                            "self_link": "https://www.googleapis.com/compute/v1/projects/wptdashboard/global/networks/web-platform-tests-live-network"
                        },
                        "meta": {
                            "e2bfb730-ecaa-11e6-8f88-34363bc7c4c0": {
                                "create": 240000000000,
                                "delete": 240000000000,
                                "update": 240000000000
                            }
                        },
                        "tainted": false
                    },
                    "deposed": [],
                    "provider": "provider.google"
                },
                "google_compute_subnetwork.default": {
                    "type": "google_compute_subnetwork",
                    "depends_on": [
                        "google_compute_network.default",
                        "local.region"
                    ],
                    "primary": {
                        "id": "us-central1/web-platform-tests-live-subnetwork",
                        "attributes": {
                            "creation_timestamp": "2019-06-26T15:54:46.332-07:00",
                            "description": "",
                            "enable_flow_logs": "false",
                            "fingerprint": "WupUYPFUHBs=",
                            "gateway_address": "10.127.0.1",
                            "id": "us-central1/web-platform-tests-live-subnetwork",
                            "ip_cidr_range": "10.127.0.0/20",
                            "name": "web-platform-tests-live-subnetwork",
                            "network": "https://www.googleapis.com/compute/v1/projects/wptdashboard/global/networks/web-platform-tests-live-network",
                            "private_ip_google_access": "true",
                            "project": "wptdashboard",
                            "region": "us-central1",
                            "secondary_ip_range.#": "0",
                            "self_link": "https://www.googleapis.com/compute/v1/projects/wptdashboard/regions/us-central1/subnetworks/web-platform-tests-live-subnetwork"
                        },
                        "meta": {
                            "e2bfb730-ecaa-11e6-8f88-34363bc7c4c0": {
                                "create": 360000000000,
                                "delete": 360000000000,
                                "update": 360000000000
                            }
                        },
                        "tainted": false
                    },
                    "deposed": [],
                    "provider": "provider.google"
                }
            },
            "depends_on": []
        },
        {
            "path": [
                "root",
                "cert-renewer-image"
            ],
            "outputs": {
                "identifier": {
                    "sensitive": false,
                    "type": "string",
                    "value": "gcr.io/wptdashboard/web-platform-tests-live-cert-renewer@sha256:1b67221afb7b5ea78d7c32c88e72175f1ba27af5a6c3887806be9166261034e6"
                }
            },
            "resources": {
                "data.external.image": {
                    "type": "external",
                    "depends_on": [],
                    "primary": {
                        "id": "-",
                        "attributes": {
                            "id": "-",
                            "program.#": "6",
                            "program.0": "python3",
                            "program.1": "/home/mike/projects/bocoup/google-wpt/web-platform-tests.live/.terraform/modules/a78ed6de1faf685715b06f31ed53b9e6/latest-image.py",
                            "program.2": "--registry",
                            "program.3": "gcr.io",
                            "program.4": "--image",
                            "program.5": "wptdashboard/web-platform-tests-live-cert-renewer",
                            "result.%": "2",
                            "result.identifier": "sha256:1b67221afb7b5ea78d7c32c88e72175f1ba27af5a6c3887806be9166261034e6",
                            "result.time_created": "1564792208018"
                        },
                        "meta": {},
                        "tainted": false
                    },
                    "deposed": [],
                    "provider": "provider.external"
                }
            },
            "depends_on": []
        },
        {
            "path": [
                "root",
                "web-platform-tests-live"
            ],
            "outputs": {
                "address": {
                    "sensitive": false,
                    "type": "string",
                    "value": "35.239.137.145"
                }
            },
            "resources": {
                "data.google_dns_managed_zone.alt_host": {
                    "type": "google_dns_managed_zone",
                    "depends_on": [],
                    "primary": {
                        "id": "web-platform-tests-tot-alt-host",
                        "attributes": {
                            "description": "Secondary host used by the web-platform-tests server",
                            "dns_name": "not-web-platform-tests.live.",
                            "id": "web-platform-tests-tot-alt-host",
                            "name": "web-platform-tests-tot-alt-host",
                            "name_servers.#": "4",
                            "name_servers.2004477388": "ns-cloud-b1.googledomains.com.",
                            "name_servers.208103215": "ns-cloud-b2.googledomains.com.",
                            "name_servers.2478695601": "ns-cloud-b3.googledomains.com.",
                            "name_servers.4200227561": "ns-cloud-b4.googledomains.com."
                        },
                        "meta": {},
                        "tainted": false
                    },
                    "deposed": [],
                    "provider": "provider.google"
                },
                "data.google_dns_managed_zone.host": {
                    "type": "google_dns_managed_zone",
                    "depends_on": [],
                    "primary": {
                        "id": "web-platform-tests-tot-host",
                        "attributes": {
                            "description": "Primary host used by the web-platform-tests server",
                            "dns_name": "web-platform-tests.live.",
                            "id": "web-platform-tests-tot-host",
                            "name": "web-platform-tests-tot-host",
                            "name_servers.#": "4",
                            "name_servers.1308706956": "ns-cloud-a1.googledomains.com.",
                            "name_servers.2865056241": "ns-cloud-a3.googledomains.com.",
                            "name_servers.3273838505": "ns-cloud-a4.googledomains.com.",
                            "name_servers.891275887": "ns-cloud-a2.googledomains.com."
                        },
                        "meta": {},
                        "tainted": false
                    },
                    "deposed": [],
                    "provider": "provider.google"
                },
                "google_compute_address.web-platform-tests-live-address": {
                    "type": "google_compute_address",
                    "depends_on": [],
                    "primary": {
                        "id": "wptdashboard/us-central1/web-platform-tests-tot-address",
                        "attributes": {
                            "address": "35.239.137.145",
                            "address_type": "EXTERNAL",
                            "creation_timestamp": "2019-07-30T13:51:52.768-07:00",
                            "description": "",
                            "id": "wptdashboard/us-central1/web-platform-tests-tot-address",
                            "name": "web-platform-tests-tot-address",
                            "network_tier": "PREMIUM",
                            "project": "wptdashboard",
                            "region": "us-central1",
                            "self_link": "https://www.googleapis.com/compute/v1/projects/wptdashboard/regions/us-central1/addresses/web-platform-tests-tot-address",
                            "subnetwork": "",
                            "users.#": "6",
                            "users.0": "https://www.googleapis.com/compute/v1/projects/wptdashboard/regions/us-central1/forwardingRules/web-platform-tests-tot-load-balancing-2",
                            "users.1": "https://www.googleapis.com/compute/v1/projects/wptdashboard/regions/us-central1/forwardingRules/web-platform-tests-tot-load-balancing-3",
                            "users.2": "https://www.googleapis.com/compute/v1/projects/wptdashboard/regions/us-central1/forwardingRules/web-platform-tests-tot-load-balancing-0",
                            "users.3": "https://www.googleapis.com/compute/v1/projects/wptdashboard/regions/us-central1/forwardingRules/web-platform-tests-tot-load-balancing-4",
                            "users.4": "https://www.googleapis.com/compute/v1/projects/wptdashboard/regions/us-central1/forwardingRules/web-platform-tests-tot-load-balancing-5",
                            "users.5": "https://www.googleapis.com/compute/v1/projects/wptdashboard/regions/us-central1/forwardingRules/web-platform-tests-tot-load-balancing-1"
                        },
                        "meta": {
                            "e2bfb730-ecaa-11e6-8f88-34363bc7c4c0": {
                                "create": 240000000000,
                                "delete": 240000000000
                            }
                        },
                        "tainted": false
                    },
                    "deposed": [],
                    "provider": "provider.google"
                },
                "google_compute_firewall.default-lb-fw": {
                    "type": "google_compute_firewall",
                    "depends_on": [
                        "local.forwarded_ports",
                        "local.lb_name",
                        "module.wpt-servers"
                    ],
                    "primary": {
                        "id": "web-platform-tests-tot-load-balancing-vm-service",
                        "attributes": {
                            "allow.#": "1",
                            "allow.1348475165.ports.#": "6",
                            "allow.1348475165.ports.0": "80",
                            "allow.1348475165.ports.1": "8000",
                            "allow.1348475165.ports.2": "443",
                            "allow.1348475165.ports.3": "8001",
                            "allow.1348475165.ports.4": "8002",
                            "allow.1348475165.ports.5": "8003",
                            "allow.1348475165.protocol": "tcp",
                            "creation_timestamp": "2019-08-02T17:53:32.895-07:00",
                            "deny.#": "0",
                            "description": "",
                            "destination_ranges.#": "0",
                            "direction": "INGRESS",
                            "disabled": "false",
                            "id": "web-platform-tests-tot-load-balancing-vm-service",
                            "name": "web-platform-tests-tot-load-balancing-vm-service",
                            "network": "https://www.googleapis.com/compute/v1/projects/wptdashboard/global/networks/web-platform-tests-live-network",
                            "priority": "1000",
                            "project": "wptdashboard",
                            "self_link": "https://www.googleapis.com/compute/v1/projects/wptdashboard/global/firewalls/web-platform-tests-tot-load-balancing-vm-service",
                            "source_ranges.#": "1",
                            "source_ranges.1080289494": "0.0.0.0/0",
                            "source_service_accounts.#": "0",
                            "source_tags.#": "0",
                            "target_service_accounts.#": "0",
                            "target_tags.#": "1",
                            "target_tags.1883434749": "web-platform-tests-tot-allow"
                        },
                        "meta": {
                            "e2bfb730-ecaa-11e6-8f88-34363bc7c4c0": {
                                "create": 240000000000,
                                "delete": 240000000000,
                                "update": 240000000000
                            },
                            "schema_version": "1"
                        },
                        "tainted": false
                    },
                    "deposed": [],
                    "provider": "provider.google"
                },
                "google_compute_forwarding_rule.default.0": {
                    "type": "google_compute_forwarding_rule",
                    "depends_on": [
                        "google_compute_address.web-platform-tests-live-address",
                        "google_compute_target_pool.default",
                        "local.forwarded_ports",
                        "local.lb_name"
                    ],
                    "primary": {
                        "id": "web-platform-tests-tot-load-balancing-0",
                        "attributes": {
                            "all_ports": "false",
                            "backend_service": "",
                            "creation_timestamp": "2019-07-30T13:51:58.282-07:00",
                            "description": "",
                            "id": "web-platform-tests-tot-load-balancing-0",
                            "ip_address": "35.239.137.145",
                            "ip_protocol": "TCP",
                            "ip_version": "",
                            "load_balancing_scheme": "EXTERNAL",
                            "name": "web-platform-tests-tot-load-balancing-0",
                            "network": "",
                            "network_tier": "PREMIUM",
                            "port_range": "80-80",
                            "ports.#": "0",
                            "project": "wptdashboard",
                            "region": "us-central1",
                            "self_link": "https://www.googleapis.com/compute/v1/projects/wptdashboard/regions/us-central1/forwardingRules/web-platform-tests-tot-load-balancing-0",
                            "service_label": "",
                            "service_name": "",
                            "subnetwork": "",
                            "target": "https://www.googleapis.com/compute/v1/projects/wptdashboard/regions/us-central1/targetPools/web-platform-tests-tot-load-balancing"
                        },
                        "meta": {
                            "e2bfb730-ecaa-11e6-8f88-34363bc7c4c0": {
                                "create": 240000000000,
                                "delete": 240000000000,
                                "update": 240000000000
                            }
                        },
                        "tainted": false
                    },
                    "deposed": [],
                    "provider": "provider.google"
                },
                "google_compute_forwarding_rule.default.1": {
                    "type": "google_compute_forwarding_rule",
                    "depends_on": [
                        "google_compute_address.web-platform-tests-live-address",
                        "google_compute_target_pool.default",
                        "local.forwarded_ports",
                        "local.lb_name"
                    ],
                    "primary": {
                        "id": "web-platform-tests-tot-load-balancing-1",
                        "attributes": {
                            "all_ports": "false",
                            "backend_service": "",
                            "creation_timestamp": "2019-07-30T13:52:01.326-07:00",
                            "description": "",
                            "id": "web-platform-tests-tot-load-balancing-1",
                            "ip_address": "35.239.137.145",
                            "ip_protocol": "TCP",
                            "ip_version": "",
                            "load_balancing_scheme": "EXTERNAL",
                            "name": "web-platform-tests-tot-load-balancing-1",
                            "network": "",
                            "network_tier": "PREMIUM",
                            "port_range": "8000-8000",
                            "ports.#": "0",
                            "project": "wptdashboard",
                            "region": "us-central1",
                            "self_link": "https://www.googleapis.com/compute/v1/projects/wptdashboard/regions/us-central1/forwardingRules/web-platform-tests-tot-load-balancing-1",
                            "service_label": "",
                            "service_name": "",
                            "subnetwork": "",
                            "target": "https://www.googleapis.com/compute/v1/projects/wptdashboard/regions/us-central1/targetPools/web-platform-tests-tot-load-balancing"
                        },
                        "meta": {
                            "e2bfb730-ecaa-11e6-8f88-34363bc7c4c0": {
                                "create": 240000000000,
                                "delete": 240000000000,
                                "update": 240000000000
                            }
                        },
                        "tainted": false
                    },
                    "deposed": [],
                    "provider": "provider.google"
                },
                "google_compute_forwarding_rule.default.2": {
                    "type": "google_compute_forwarding_rule",
                    "depends_on": [
                        "google_compute_address.web-platform-tests-live-address",
                        "google_compute_target_pool.default",
                        "local.forwarded_ports",
                        "local.lb_name"
                    ],
                    "primary": {
                        "id": "web-platform-tests-tot-load-balancing-2",
                        "attributes": {
                            "all_ports": "false",
                            "backend_service": "",
                            "creation_timestamp": "2019-07-30T13:51:56.898-07:00",
                            "description": "",
                            "id": "web-platform-tests-tot-load-balancing-2",
                            "ip_address": "35.239.137.145",
                            "ip_protocol": "TCP",
                            "ip_version": "",
                            "load_balancing_scheme": "EXTERNAL",
                            "name": "web-platform-tests-tot-load-balancing-2",
                            "network": "",
                            "network_tier": "PREMIUM",
                            "port_range": "443-443",
                            "ports.#": "0",
                            "project": "wptdashboard",
                            "region": "us-central1",
                            "self_link": "https://www.googleapis.com/compute/v1/projects/wptdashboard/regions/us-central1/forwardingRules/web-platform-tests-tot-load-balancing-2",
                            "service_label": "",
                            "service_name": "",
                            "subnetwork": "",
                            "target": "https://www.googleapis.com/compute/v1/projects/wptdashboard/regions/us-central1/targetPools/web-platform-tests-tot-load-balancing"
                        },
                        "meta": {
                            "e2bfb730-ecaa-11e6-8f88-34363bc7c4c0": {
                                "create": 240000000000,
                                "delete": 240000000000,
                                "update": 240000000000
                            }
                        },
                        "tainted": false
                    },
                    "deposed": [],
                    "provider": "provider.google"
                },
                "google_compute_forwarding_rule.default.3": {
                    "type": "google_compute_forwarding_rule",
                    "depends_on": [
                        "google_compute_address.web-platform-tests-live-address",
                        "google_compute_target_pool.default",
                        "local.forwarded_ports",
                        "local.lb_name"
                    ],
                    "primary": {
                        "id": "web-platform-tests-tot-load-balancing-3",
                        "attributes": {
                            "all_ports": "false",
                            "backend_service": "",
                            "creation_timestamp": "2019-07-30T13:51:57.349-07:00",
                            "description": "",
                            "id": "web-platform-tests-tot-load-balancing-3",
                            "ip_address": "35.239.137.145",
                            "ip_protocol": "TCP",
                            "ip_version": "",
                            "load_balancing_scheme": "EXTERNAL",
                            "name": "web-platform-tests-tot-load-balancing-3",
                            "network": "",
                            "network_tier": "PREMIUM",
                            "port_range": "8001-8001",
                            "ports.#": "0",
                            "project": "wptdashboard",
                            "region": "us-central1",
                            "self_link": "https://www.googleapis.com/compute/v1/projects/wptdashboard/regions/us-central1/forwardingRules/web-platform-tests-tot-load-balancing-3",
                            "service_label": "",
                            "service_name": "",
                            "subnetwork": "",
                            "target": "https://www.googleapis.com/compute/v1/projects/wptdashboard/regions/us-central1/targetPools/web-platform-tests-tot-load-balancing"
                        },
                        "meta": {
                            "e2bfb730-ecaa-11e6-8f88-34363bc7c4c0": {
                                "create": 240000000000,
                                "delete": 240000000000,
                                "update": 240000000000
                            }
                        },
                        "tainted": false
                    },
                    "deposed": [],
                    "provider": "provider.google"
                },
                "google_compute_forwarding_rule.default.4": {
                    "type": "google_compute_forwarding_rule",
                    "depends_on": [
                        "google_compute_address.web-platform-tests-live-address",
                        "google_compute_target_pool.default",
                        "local.forwarded_ports",
                        "local.lb_name"
                    ],
                    "primary": {
                        "id": "web-platform-tests-tot-load-balancing-4",
                        "attributes": {
                            "all_ports": "false",
                            "backend_service": "",
                            "creation_timestamp": "2019-07-30T13:51:58.958-07:00",
                            "description": "",
                            "id": "web-platform-tests-tot-load-balancing-4",
                            "ip_address": "35.239.137.145",
                            "ip_protocol": "TCP",
                            "ip_version": "",
                            "load_balancing_scheme": "EXTERNAL",
                            "name": "web-platform-tests-tot-load-balancing-4",
                            "network": "",
                            "network_tier": "PREMIUM",
                            "port_range": "8002-8002",
                            "ports.#": "0",
                            "project": "wptdashboard",
                            "region": "us-central1",
                            "self_link": "https://www.googleapis.com/compute/v1/projects/wptdashboard/regions/us-central1/forwardingRules/web-platform-tests-tot-load-balancing-4",
                            "service_label": "",
                            "service_name": "",
                            "subnetwork": "",
                            "target": "https://www.googleapis.com/compute/v1/projects/wptdashboard/regions/us-central1/targetPools/web-platform-tests-tot-load-balancing"
                        },
                        "meta": {
                            "e2bfb730-ecaa-11e6-8f88-34363bc7c4c0": {
                                "create": 240000000000,
                                "delete": 240000000000,
                                "update": 240000000000
                            }
                        },
                        "tainted": false
                    },
                    "deposed": [],
                    "provider": "provider.google"
                },
                "google_compute_forwarding_rule.default.5": {
                    "type": "google_compute_forwarding_rule",
                    "depends_on": [
                        "google_compute_address.web-platform-tests-live-address",
                        "google_compute_target_pool.default",
                        "local.forwarded_ports",
                        "local.lb_name"
                    ],
                    "primary": {
                        "id": "web-platform-tests-tot-load-balancing-5",
                        "attributes": {
                            "all_ports": "false",
                            "backend_service": "",
                            "creation_timestamp": "2019-07-30T13:51:59.613-07:00",
                            "description": "",
                            "id": "web-platform-tests-tot-load-balancing-5",
                            "ip_address": "35.239.137.145",
                            "ip_protocol": "TCP",
                            "ip_version": "",
                            "load_balancing_scheme": "EXTERNAL",
                            "name": "web-platform-tests-tot-load-balancing-5",
                            "network": "",
                            "network_tier": "PREMIUM",
                            "port_range": "8003-8003",
                            "ports.#": "0",
                            "project": "wptdashboard",
                            "region": "us-central1",
                            "self_link": "https://www.googleapis.com/compute/v1/projects/wptdashboard/regions/us-central1/forwardingRules/web-platform-tests-tot-load-balancing-5",
                            "service_label": "",
                            "service_name": "",
                            "subnetwork": "",
                            "target": "https://www.googleapis.com/compute/v1/projects/wptdashboard/regions/us-central1/targetPools/web-platform-tests-tot-load-balancing"
                        },
                        "meta": {
                            "e2bfb730-ecaa-11e6-8f88-34363bc7c4c0": {
                                "create": 240000000000,
                                "delete": 240000000000,
                                "update": 240000000000
                            }
                        },
                        "tainted": false
                    },
                    "deposed": [],
                    "provider": "provider.google"
                },
                "google_compute_http_health_check.default": {
                    "type": "google_compute_http_health_check",
                    "depends_on": [
                        "local.lb_name",
                        "module.wpt-servers"
                    ],
                    "primary": {
                        "id": "web-platform-tests-tot-load-balancing-health-check",
                        "attributes": {
                            "check_interval_sec": "5",
                            "creation_timestamp": "2019-07-29T18:15:48.616-07:00",
                            "description": "",
                            "healthy_threshold": "2",
                            "host": "",
                            "id": "web-platform-tests-tot-load-balancing-health-check",
                            "name": "web-platform-tests-tot-load-balancing-health-check",
                            "port": "80",
                            "project": "wptdashboard",
                            "request_path": "/",
                            "self_link": "https://www.googleapis.com/compute/v1/projects/wptdashboard/global/httpHealthChecks/web-platform-tests-tot-load-balancing-health-check",
                            "timeout_sec": "5",
                            "unhealthy_threshold": "2"
                        },
                        "meta": {
                            "e2bfb730-ecaa-11e6-8f88-34363bc7c4c0": {
                                "create": 240000000000,
                                "delete": 240000000000,
                                "update": 240000000000
                            }
                        },
                        "tainted": false
                    },
                    "deposed": [],
                    "provider": "provider.google"
                },
                "google_compute_target_pool.default": {
                    "type": "google_compute_target_pool",
                    "depends_on": [
                        "google_compute_http_health_check.default",
                        "local.lb_name"
                    ],
                    "primary": {
                        "id": "web-platform-tests-tot-load-balancing",
                        "attributes": {
                            "backup_pool": "",
                            "description": "",
                            "failover_ratio": "0",
                            "health_checks.#": "1",
                            "health_checks.0": "https://www.googleapis.com/compute/v1/projects/wptdashboard/global/httpHealthChecks/web-platform-tests-tot-load-balancing-health-check",
                            "id": "web-platform-tests-tot-load-balancing",
                            "instances.#": "2",
                            "instances.1141024635": "us-central1-b/web-platform-tests-tot-wpt-servers-0hwm",
                            "instances.180450194": "us-central1-b/web-platform-tests-tot-wpt-servers-5r36",
                            "name": "web-platform-tests-tot-load-balancing",
                            "project": "wptdashboard",
                            "region": "us-central1",
                            "self_link": "https://www.googleapis.com/compute/v1/projects/wptdashboard/regions/us-central1/targetPools/web-platform-tests-tot-load-balancing",
                            "session_affinity": "CLIENT_IP_PROTO"
                        },
                        "meta": {},
                        "tainted": false
                    },
                    "deposed": [],
                    "provider": "provider.google"
                },
                "google_dns_record_set.alt_host_bare": {
                    "type": "google_dns_record_set",
                    "depends_on": [
                        "data.google_dns_managed_zone.alt_host",
                        "google_compute_address.web-platform-tests-live-address"
                    ],
                    "primary": {
                        "id": "web-platform-tests-tot-alt-host/not-web-platform-tests.live./A",
                        "attributes": {
                            "id": "web-platform-tests-tot-alt-host/not-web-platform-tests.live./A",
                            "managed_zone": "web-platform-tests-tot-alt-host",
                            "name": "not-web-platform-tests.live.",
                            "project": "wptdashboard",
                            "rrdatas.#": "1",
                            "rrdatas.0": "35.239.137.145",
                            "ttl": "300",
                            "type": "A"
                        },
                        "meta": {},
                        "tainted": false
                    },
                    "deposed": [],
                    "provider": "provider.google"
                },
                "google_dns_record_set.alt_host_nonexistent_subdomains": {
                    "type": "google_dns_record_set",
                    "depends_on": [
                        "data.google_dns_managed_zone.alt_host"
                    ],
                    "primary": {
                        "id": "web-platform-tests-tot-alt-host/nonexistent.not-web-platform-tests.live./A",
                        "attributes": {
                            "id": "web-platform-tests-tot-alt-host/nonexistent.not-web-platform-tests.live./A",
                            "managed_zone": "web-platform-tests-tot-alt-host",
                            "name": "nonexistent.not-web-platform-tests.live.",
                            "project": "wptdashboard",
                            "rrdatas.#": "1",
                            "rrdatas.0": "0.0.0.0",
                            "ttl": "300",
                            "type": "A"
                        },
                        "meta": {},
                        "tainted": false
                    },
                    "deposed": [],
                    "provider": "provider.google"
                },
                "google_dns_record_set.alt_host_subdomains": {
                    "type": "google_dns_record_set",
                    "depends_on": [
                        "data.google_dns_managed_zone.alt_host"
                    ],
                    "primary": {
                        "id": "web-platform-tests-tot-alt-host/*.not-web-platform-tests.live./CNAME",
                        "attributes": {
                            "id": "web-platform-tests-tot-alt-host/*.not-web-platform-tests.live./CNAME",
                            "managed_zone": "web-platform-tests-tot-alt-host",
                            "name": "*.not-web-platform-tests.live.",
                            "project": "wptdashboard",
                            "rrdatas.#": "1",
                            "rrdatas.0": "not-web-platform-tests.live.",
                            "ttl": "300",
                            "type": "CNAME"
                        },
                        "meta": {},
                        "tainted": false
                    },
                    "deposed": [],
                    "provider": "provider.google"
                },
                "google_dns_record_set.host_bare": {
                    "type": "google_dns_record_set",
                    "depends_on": [
                        "data.google_dns_managed_zone.host",
                        "google_compute_address.web-platform-tests-live-address"
                    ],
                    "primary": {
                        "id": "web-platform-tests-tot-host/web-platform-tests.live./A",
                        "attributes": {
                            "id": "web-platform-tests-tot-host/web-platform-tests.live./A",
                            "managed_zone": "web-platform-tests-tot-host",
                            "name": "web-platform-tests.live.",
                            "project": "wptdashboard",
                            "rrdatas.#": "1",
                            "rrdatas.0": "35.239.137.145",
                            "ttl": "300",
                            "type": "A"
                        },
                        "meta": {},
                        "tainted": false
                    },
                    "deposed": [],
                    "provider": "provider.google"
                },
                "google_dns_record_set.host_nonexistent_subdomains": {
                    "type": "google_dns_record_set",
                    "depends_on": [
                        "data.google_dns_managed_zone.host"
                    ],
                    "primary": {
                        "id": "web-platform-tests-tot-host/nonexistent.web-platform-tests.live./A",
                        "attributes": {
                            "id": "web-platform-tests-tot-host/nonexistent.web-platform-tests.live./A",
                            "managed_zone": "web-platform-tests-tot-host",
                            "name": "nonexistent.web-platform-tests.live.",
                            "project": "wptdashboard",
                            "rrdatas.#": "1",
                            "rrdatas.0": "0.0.0.0",
                            "ttl": "300",
                            "type": "A"
                        },
                        "meta": {},
                        "tainted": false
                    },
                    "deposed": [],
                    "provider": "provider.google"
                },
                "google_dns_record_set.host_subdomains": {
                    "type": "google_dns_record_set",
                    "depends_on": [
                        "data.google_dns_managed_zone.host"
                    ],
                    "primary": {
                        "id": "web-platform-tests-tot-host/*.web-platform-tests.live./CNAME",
                        "attributes": {
                            "id": "web-platform-tests-tot-host/*.web-platform-tests.live./CNAME",
                            "managed_zone": "web-platform-tests-tot-host",
                            "name": "*.web-platform-tests.live.",
                            "project": "wptdashboard",
                            "rrdatas.#": "1",
                            "rrdatas.0": "web-platform-tests.live.",
                            "ttl": "300",
                            "type": "CNAME"
                        },
                        "meta": {},
                        "tainted": false
                    },
                    "deposed": [],
                    "provider": "provider.google"
                },
                "google_storage_bucket.certificates": {
                    "type": "google_storage_bucket",
                    "depends_on": [
                        "local.bucket_name"
                    ],
                    "primary": {
                        "id": "web-platform-tests-tot-certificates",
                        "attributes": {
                            "bucket_policy_only": "false",
                            "cors.#": "0",
                            "encryption.#": "0",
                            "force_destroy": "false",
                            "id": "web-platform-tests-tot-certificates",
                            "labels.%": "0",
                            "lifecycle_rule.#": "0",
                            "location": "US",
                            "logging.#": "0",
                            "name": "web-platform-tests-tot-certificates",
                            "project": "wptdashboard",
                            "requester_pays": "false",
                            "self_link": "https://www.googleapis.com/storage/v1/b/web-platform-tests-tot-certificates",
                            "storage_class": "STANDARD",
                            "url": "gs://web-platform-tests-tot-certificates",
                            "versioning.#": "0"
                        },
                        "meta": {},
                        "tainted": false
                    },
                    "deposed": [],
                    "provider": "provider.google"
                }
            },
            "depends_on": []
        },
        {
            "path": [
                "root",
                "web-platform-tests-submissions"
            ],
            "outputs": {
                "address": {
                    "sensitive": false,
                    "type": "string",
                    "value": "104.197.204.172"
                }
            },
            "resources": {
                "data.google_dns_managed_zone.alt_host": {
                    "type": "google_dns_managed_zone",
                    "depends_on": [],
                    "primary": {
                        "id": "web-platform-tests-submissions-alt-host",
                        "attributes": {
                            "description": "Secondary host used by the web-platform-tests submissions server",
                            "dns_name": "webplatformtests.com.",
                            "id": "web-platform-tests-submissions-alt-host",
                            "name": "web-platform-tests-submissions-alt-host",
                            "name_servers.#": "4",
                            "name_servers.2004477388": "ns-cloud-b1.googledomains.com.",
                            "name_servers.208103215": "ns-cloud-b2.googledomains.com.",
                            "name_servers.2478695601": "ns-cloud-b3.googledomains.com.",
                            "name_servers.4200227561": "ns-cloud-b4.googledomains.com."
                        },
                        "meta": {},
                        "tainted": false
                    },
                    "deposed": [],
                    "provider": "provider.google"
                },
                "data.google_dns_managed_zone.host": {
                    "type": "google_dns_managed_zone",
                    "depends_on": [],
                    "primary": {
                        "id": "web-platform-tests-submissions-host",
                        "attributes": {
                            "description": "Primary host used by the web-platform-tests submissions server",
                            "dns_name": "webplatformtests.org.",
                            "id": "web-platform-tests-submissions-host",
                            "name": "web-platform-tests-submissions-host",
                            "name_servers.#": "4",
                            "name_servers.1774082415": "ns-cloud-e2.googledomains.com.",
                            "name_servers.2676186281": "ns-cloud-e4.googledomains.com.",
                            "name_servers.312531852": "ns-cloud-e1.googledomains.com.",
                            "name_servers.4133804785": "ns-cloud-e3.googledomains.com."
                        },
                        "meta": {},
                        "tainted": false
                    },
                    "deposed": [],
                    "provider": "provider.google"
                },
                "google_compute_address.web-platform-tests-live-address": {
                    "type": "google_compute_address",
                    "depends_on": [],
                    "primary": {
                        "id": "wptdashboard/us-central1/web-platform-tests-submissions-address",
                        "attributes": {
                            "address": "104.197.204.172",
                            "address_type": "EXTERNAL",
                            "creation_timestamp": "2019-07-30T13:51:18.447-07:00",
                            "description": "",
                            "id": "wptdashboard/us-central1/web-platform-tests-submissions-address",
                            "name": "web-platform-tests-submissions-address",
                            "network_tier": "PREMIUM",
                            "project": "wptdashboard",
                            "region": "us-central1",
                            "self_link": "https://www.googleapis.com/compute/v1/projects/wptdashboard/regions/us-central1/addresses/web-platform-tests-submissions-address",
                            "subnetwork": "",
                            "users.#": "6",
                            "users.0": "https://www.googleapis.com/compute/v1/projects/wptdashboard/regions/us-central1/forwardingRules/web-platform-tests-submissions-load-balancing-2",
                            "users.1": "https://www.googleapis.com/compute/v1/projects/wptdashboard/regions/us-central1/forwardingRules/web-platform-tests-submissions-load-balancing-0",
                            "users.2": "https://www.googleapis.com/compute/v1/projects/wptdashboard/regions/us-central1/forwardingRules/web-platform-tests-submissions-load-balancing-5",
                            "users.3": "https://www.googleapis.com/compute/v1/projects/wptdashboard/regions/us-central1/forwardingRules/web-platform-tests-submissions-load-balancing-1",
                            "users.4": "https://www.googleapis.com/compute/v1/projects/wptdashboard/regions/us-central1/forwardingRules/web-platform-tests-submissions-load-balancing-3",
                            "users.5": "https://www.googleapis.com/compute/v1/projects/wptdashboard/regions/us-central1/forwardingRules/web-platform-tests-submissions-load-balancing-4"
                        },
                        "meta": {
                            "e2bfb730-ecaa-11e6-8f88-34363bc7c4c0": {
                                "create": 240000000000,
                                "delete": 240000000000
                            }
                        },
                        "tainted": false
                    },
                    "deposed": [],
                    "provider": "provider.google"
                },
                "google_compute_firewall.default-lb-fw": {
                    "type": "google_compute_firewall",
                    "depends_on": [
                        "local.forwarded_ports",
                        "local.lb_name",
                        "module.wpt-servers"
                    ],
                    "primary": {
                        "id": "web-platform-tests-submissions-load-balancing-vm-service",
                        "attributes": {
                            "allow.#": "1",
                            "allow.1348475165.ports.#": "6",
                            "allow.1348475165.ports.0": "80",
                            "allow.1348475165.ports.1": "8000",
                            "allow.1348475165.ports.2": "443",
                            "allow.1348475165.ports.3": "8001",
                            "allow.1348475165.ports.4": "8002",
                            "allow.1348475165.ports.5": "8003",
                            "allow.1348475165.protocol": "tcp",
                            "creation_timestamp": "2019-08-02T17:53:32.701-07:00",
                            "deny.#": "0",
                            "description": "",
                            "destination_ranges.#": "0",
                            "direction": "INGRESS",
                            "disabled": "false",
                            "id": "web-platform-tests-submissions-load-balancing-vm-service",
                            "name": "web-platform-tests-submissions-load-balancing-vm-service",
                            "network": "https://www.googleapis.com/compute/v1/projects/wptdashboard/global/networks/web-platform-tests-live-network",
                            "priority": "1000",
                            "project": "wptdashboard",
                            "self_link": "https://www.googleapis.com/compute/v1/projects/wptdashboard/global/firewalls/web-platform-tests-submissions-load-balancing-vm-service",
                            "source_ranges.#": "1",
                            "source_ranges.1080289494": "0.0.0.0/0",
                            "source_service_accounts.#": "0",
                            "source_tags.#": "0",
                            "target_service_accounts.#": "0",
                            "target_tags.#": "1",
                            "target_tags.3834238020": "web-platform-tests-submissions-allow"
                        },
                        "meta": {
                            "e2bfb730-ecaa-11e6-8f88-34363bc7c4c0": {
                                "create": 240000000000,
                                "delete": 240000000000,
                                "update": 240000000000
                            },
                            "schema_version": "1"
                        },
                        "tainted": false
                    },
                    "deposed": [],
                    "provider": "provider.google"
                },
                "google_compute_forwarding_rule.default.0": {
                    "type": "google_compute_forwarding_rule",
                    "depends_on": [
                        "google_compute_address.web-platform-tests-live-address",
                        "google_compute_target_pool.default",
                        "local.forwarded_ports",
                        "local.lb_name"
                    ],
                    "primary": {
                        "id": "web-platform-tests-submissions-load-balancing-0",
                        "attributes": {
                            "all_ports": "false",
                            "backend_service": "",
                            "creation_timestamp": "2019-07-30T13:51:23.366-07:00",
                            "description": "",
                            "id": "web-platform-tests-submissions-load-balancing-0",
                            "ip_address": "104.197.204.172",
                            "ip_protocol": "TCP",
                            "ip_version": "",
                            "load_balancing_scheme": "EXTERNAL",
                            "name": "web-platform-tests-submissions-load-balancing-0",
                            "network": "",
                            "network_tier": "PREMIUM",
                            "port_range": "80-80",
                            "ports.#": "0",
                            "project": "wptdashboard",
                            "region": "us-central1",
                            "self_link": "https://www.googleapis.com/compute/v1/projects/wptdashboard/regions/us-central1/forwardingRules/web-platform-tests-submissions-load-balancing-0",
                            "service_label": "",
                            "service_name": "",
                            "subnetwork": "",
                            "target": "https://www.googleapis.com/compute/v1/projects/wptdashboard/regions/us-central1/targetPools/web-platform-tests-submissions-load-balancing"
                        },
                        "meta": {
                            "e2bfb730-ecaa-11e6-8f88-34363bc7c4c0": {
                                "create": 240000000000,
                                "delete": 240000000000,
                                "update": 240000000000
                            }
                        },
                        "tainted": false
                    },
                    "deposed": [],
                    "provider": "provider.google"
                },
                "google_compute_forwarding_rule.default.1": {
                    "type": "google_compute_forwarding_rule",
                    "depends_on": [
                        "google_compute_address.web-platform-tests-live-address",
                        "google_compute_target_pool.default",
                        "local.forwarded_ports",
                        "local.lb_name"
                    ],
                    "primary": {
                        "id": "web-platform-tests-submissions-load-balancing-1",
                        "attributes": {
                            "all_ports": "false",
                            "backend_service": "",
                            "creation_timestamp": "2019-07-30T13:51:45.011-07:00",
                            "description": "",
                            "id": "web-platform-tests-submissions-load-balancing-1",
                            "ip_address": "104.197.204.172",
                            "ip_protocol": "TCP",
                            "ip_version": "",
                            "load_balancing_scheme": "EXTERNAL",
                            "name": "web-platform-tests-submissions-load-balancing-1",
                            "network": "",
                            "network_tier": "PREMIUM",
                            "port_range": "8000-8000",
                            "ports.#": "0",
                            "project": "wptdashboard",
                            "region": "us-central1",
                            "self_link": "https://www.googleapis.com/compute/v1/projects/wptdashboard/regions/us-central1/forwardingRules/web-platform-tests-submissions-load-balancing-1",
                            "service_label": "",
                            "service_name": "",
                            "subnetwork": "",
                            "target": "https://www.googleapis.com/compute/v1/projects/wptdashboard/regions/us-central1/targetPools/web-platform-tests-submissions-load-balancing"
                        },
                        "meta": {
                            "e2bfb730-ecaa-11e6-8f88-34363bc7c4c0": {
                                "create": 240000000000,
                                "delete": 240000000000,
                                "update": 240000000000
                            }
                        },
                        "tainted": false
                    },
                    "deposed": [],
                    "provider": "provider.google"
                },
                "google_compute_forwarding_rule.default.2": {
                    "type": "google_compute_forwarding_rule",
                    "depends_on": [
                        "google_compute_address.web-platform-tests-live-address",
                        "google_compute_target_pool.default",
                        "local.forwarded_ports",
                        "local.lb_name"
                    ],
                    "primary": {
                        "id": "web-platform-tests-submissions-load-balancing-2",
                        "attributes": {
                            "all_ports": "false",
                            "backend_service": "",
                            "creation_timestamp": "2019-07-30T13:51:22.810-07:00",
                            "description": "",
                            "id": "web-platform-tests-submissions-load-balancing-2",
                            "ip_address": "104.197.204.172",
                            "ip_protocol": "TCP",
                            "ip_version": "",
                            "load_balancing_scheme": "EXTERNAL",
                            "name": "web-platform-tests-submissions-load-balancing-2",
                            "network": "",
                            "network_tier": "PREMIUM",
                            "port_range": "443-443",
                            "ports.#": "0",
                            "project": "wptdashboard",
                            "region": "us-central1",
                            "self_link": "https://www.googleapis.com/compute/v1/projects/wptdashboard/regions/us-central1/forwardingRules/web-platform-tests-submissions-load-balancing-2",
                            "service_label": "",
                            "service_name": "",
                            "subnetwork": "",
                            "target": "https://www.googleapis.com/compute/v1/projects/wptdashboard/regions/us-central1/targetPools/web-platform-tests-submissions-load-balancing"
                        },
                        "meta": {
                            "e2bfb730-ecaa-11e6-8f88-34363bc7c4c0": {
                                "create": 240000000000,
                                "delete": 240000000000,
                                "update": 240000000000
                            }
                        },
                        "tainted": false
                    },
                    "deposed": [],
                    "provider": "provider.google"
                },
                "google_compute_forwarding_rule.default.3": {
                    "type": "google_compute_forwarding_rule",
                    "depends_on": [
                        "google_compute_address.web-platform-tests-live-address",
                        "google_compute_target_pool.default",
                        "local.forwarded_ports",
                        "local.lb_name"
                    ],
                    "primary": {
                        "id": "web-platform-tests-submissions-load-balancing-3",
                        "attributes": {
                            "all_ports": "false",
                            "backend_service": "",
                            "creation_timestamp": "2019-07-30T13:51:45.891-07:00",
                            "description": "",
                            "id": "web-platform-tests-submissions-load-balancing-3",
                            "ip_address": "104.197.204.172",
                            "ip_protocol": "TCP",
                            "ip_version": "",
                            "load_balancing_scheme": "EXTERNAL",
                            "name": "web-platform-tests-submissions-load-balancing-3",
                            "network": "",
                            "network_tier": "PREMIUM",
                            "port_range": "8001-8001",
                            "ports.#": "0",
                            "project": "wptdashboard",
                            "region": "us-central1",
                            "self_link": "https://www.googleapis.com/compute/v1/projects/wptdashboard/regions/us-central1/forwardingRules/web-platform-tests-submissions-load-balancing-3",
                            "service_label": "",
                            "service_name": "",
                            "subnetwork": "",
                            "target": "https://www.googleapis.com/compute/v1/projects/wptdashboard/regions/us-central1/targetPools/web-platform-tests-submissions-load-balancing"
                        },
                        "meta": {
                            "e2bfb730-ecaa-11e6-8f88-34363bc7c4c0": {
                                "create": 240000000000,
                                "delete": 240000000000,
                                "update": 240000000000
                            }
                        },
                        "tainted": false
                    },
                    "deposed": [],
                    "provider": "provider.google"
                },
                "google_compute_forwarding_rule.default.4": {
                    "type": "google_compute_forwarding_rule",
                    "depends_on": [
                        "google_compute_address.web-platform-tests-live-address",
                        "google_compute_target_pool.default",
                        "local.forwarded_ports",
                        "local.lb_name"
                    ],
                    "primary": {
                        "id": "web-platform-tests-submissions-load-balancing-4",
                        "attributes": {
                            "all_ports": "false",
                            "backend_service": "",
                            "creation_timestamp": "2019-07-30T13:51:46.622-07:00",
                            "description": "",
                            "id": "web-platform-tests-submissions-load-balancing-4",
                            "ip_address": "104.197.204.172",
                            "ip_protocol": "TCP",
                            "ip_version": "",
                            "load_balancing_scheme": "EXTERNAL",
                            "name": "web-platform-tests-submissions-load-balancing-4",
                            "network": "",
                            "network_tier": "PREMIUM",
                            "port_range": "8002-8002",
                            "ports.#": "0",
                            "project": "wptdashboard",
                            "region": "us-central1",
                            "self_link": "https://www.googleapis.com/compute/v1/projects/wptdashboard/regions/us-central1/forwardingRules/web-platform-tests-submissions-load-balancing-4",
                            "service_label": "",
                            "service_name": "",
                            "subnetwork": "",
                            "target": "https://www.googleapis.com/compute/v1/projects/wptdashboard/regions/us-central1/targetPools/web-platform-tests-submissions-load-balancing"
                        },
                        "meta": {
                            "e2bfb730-ecaa-11e6-8f88-34363bc7c4c0": {
                                "create": 240000000000,
                                "delete": 240000000000,
                                "update": 240000000000
                            }
                        },
                        "tainted": false
                    },
                    "deposed": [],
                    "provider": "provider.google"
                },
                "google_compute_forwarding_rule.default.5": {
                    "type": "google_compute_forwarding_rule",
                    "depends_on": [
                        "google_compute_address.web-platform-tests-live-address",
                        "google_compute_target_pool.default",
                        "local.forwarded_ports",
                        "local.lb_name"
                    ],
                    "primary": {
                        "id": "web-platform-tests-submissions-load-balancing-5",
                        "attributes": {
                            "all_ports": "false",
                            "backend_service": "",
                            "creation_timestamp": "2019-07-30T13:51:34.811-07:00",
                            "description": "",
                            "id": "web-platform-tests-submissions-load-balancing-5",
                            "ip_address": "104.197.204.172",
                            "ip_protocol": "TCP",
                            "ip_version": "",
                            "load_balancing_scheme": "EXTERNAL",
                            "name": "web-platform-tests-submissions-load-balancing-5",
                            "network": "",
                            "network_tier": "PREMIUM",
                            "port_range": "8003-8003",
                            "ports.#": "0",
                            "project": "wptdashboard",
                            "region": "us-central1",
                            "self_link": "https://www.googleapis.com/compute/v1/projects/wptdashboard/regions/us-central1/forwardingRules/web-platform-tests-submissions-load-balancing-5",
                            "service_label": "",
                            "service_name": "",
                            "subnetwork": "",
                            "target": "https://www.googleapis.com/compute/v1/projects/wptdashboard/regions/us-central1/targetPools/web-platform-tests-submissions-load-balancing"
                        },
                        "meta": {
                            "e2bfb730-ecaa-11e6-8f88-34363bc7c4c0": {
                                "create": 240000000000,
                                "delete": 240000000000,
                                "update": 240000000000
                            }
                        },
                        "tainted": false
                    },
                    "deposed": [],
                    "provider": "provider.google"
                },
                "google_compute_http_health_check.default": {
                    "type": "google_compute_http_health_check",
                    "depends_on": [
                        "local.lb_name",
                        "module.wpt-servers"
                    ],
                    "primary": {
                        "id": "web-platform-tests-submissions-load-balancing-health-check",
                        "attributes": {
                            "check_interval_sec": "5",
                            "creation_timestamp": "2019-07-30T13:47:12.404-07:00",
                            "description": "",
                            "healthy_threshold": "2",
                            "host": "",
                            "id": "web-platform-tests-submissions-load-balancing-health-check",
                            "name": "web-platform-tests-submissions-load-balancing-health-check",
                            "port": "80",
                            "project": "wptdashboard",
                            "request_path": "/",
                            "self_link": "https://www.googleapis.com/compute/v1/projects/wptdashboard/global/httpHealthChecks/web-platform-tests-submissions-load-balancing-health-check",
                            "timeout_sec": "5",
                            "unhealthy_threshold": "2"
                        },
                        "meta": {
                            "e2bfb730-ecaa-11e6-8f88-34363bc7c4c0": {
                                "create": 240000000000,
                                "delete": 240000000000,
                                "update": 240000000000
                            }
                        },
                        "tainted": false
                    },
                    "deposed": [],
                    "provider": "provider.google"
                },
                "google_compute_target_pool.default": {
                    "type": "google_compute_target_pool",
                    "depends_on": [
                        "google_compute_http_health_check.default",
                        "local.lb_name"
                    ],
                    "primary": {
                        "id": "web-platform-tests-submissions-load-balancing",
                        "attributes": {
                            "backup_pool": "",
                            "description": "",
                            "failover_ratio": "0",
                            "health_checks.#": "1",
                            "health_checks.0": "https://www.googleapis.com/compute/v1/projects/wptdashboard/global/httpHealthChecks/web-platform-tests-submissions-load-balancing-health-check",
                            "id": "web-platform-tests-submissions-load-balancing",
                            "instances.#": "3",
                            "instances.1264615807": "us-central1-b/web-platform-tests-submissions-wpt-servers-l06c",
                            "instances.2614693725": "us-central1-b/web-platform-tests-submissions-wpt-servers-683g",
                            "instances.2846465724": "us-central1-b/web-platform-tests-submissions-wpt-servers-jf5p",
                            "name": "web-platform-tests-submissions-load-balancing",
                            "project": "wptdashboard",
                            "region": "us-central1",
                            "self_link": "https://www.googleapis.com/compute/v1/projects/wptdashboard/regions/us-central1/targetPools/web-platform-tests-submissions-load-balancing",
                            "session_affinity": "CLIENT_IP_PROTO"
                        },
                        "meta": {},
                        "tainted": false
                    },
                    "deposed": [],
                    "provider": "provider.google"
                },
                "google_dns_record_set.alt_host_bare": {
                    "type": "google_dns_record_set",
                    "depends_on": [
                        "data.google_dns_managed_zone.alt_host",
                        "google_compute_address.web-platform-tests-live-address"
                    ],
                    "primary": {
                        "id": "web-platform-tests-submissions-alt-host/webplatformtests.com./A",
                        "attributes": {
                            "id": "web-platform-tests-submissions-alt-host/webplatformtests.com./A",
                            "managed_zone": "web-platform-tests-submissions-alt-host",
                            "name": "webplatformtests.com.",
                            "project": "wptdashboard",
                            "rrdatas.#": "1",
                            "rrdatas.0": "104.197.204.172",
                            "ttl": "300",
                            "type": "A"
                        },
                        "meta": {},
                        "tainted": false
                    },
                    "deposed": [],
                    "provider": "provider.google"
                },
                "google_dns_record_set.alt_host_nonexistent_subdomains": {
                    "type": "google_dns_record_set",
                    "depends_on": [
                        "data.google_dns_managed_zone.alt_host"
                    ],
                    "primary": {
                        "id": "web-platform-tests-submissions-alt-host/nonexistent.webplatformtests.com./A",
                        "attributes": {
                            "id": "web-platform-tests-submissions-alt-host/nonexistent.webplatformtests.com./A",
                            "managed_zone": "web-platform-tests-submissions-alt-host",
                            "name": "nonexistent.webplatformtests.com.",
                            "project": "wptdashboard",
                            "rrdatas.#": "1",
                            "rrdatas.0": "0.0.0.0",
                            "ttl": "300",
                            "type": "A"
                        },
                        "meta": {},
                        "tainted": false
                    },
                    "deposed": [],
                    "provider": "provider.google"
                },
                "google_dns_record_set.alt_host_subdomains": {
                    "type": "google_dns_record_set",
                    "depends_on": [
                        "data.google_dns_managed_zone.alt_host"
                    ],
                    "primary": {
                        "id": "web-platform-tests-submissions-alt-host/*.webplatformtests.com./CNAME",
                        "attributes": {
                            "id": "web-platform-tests-submissions-alt-host/*.webplatformtests.com./CNAME",
                            "managed_zone": "web-platform-tests-submissions-alt-host",
                            "name": "*.webplatformtests.com.",
                            "project": "wptdashboard",
                            "rrdatas.#": "1",
                            "rrdatas.0": "webplatformtests.com.",
                            "ttl": "300",
                            "type": "CNAME"
                        },
                        "meta": {},
                        "tainted": false
                    },
                    "deposed": [],
                    "provider": "provider.google"
                },
                "google_dns_record_set.host_bare": {
                    "type": "google_dns_record_set",
                    "depends_on": [
                        "data.google_dns_managed_zone.host",
                        "google_compute_address.web-platform-tests-live-address"
                    ],
                    "primary": {
                        "id": "web-platform-tests-submissions-host/webplatformtests.org./A",
                        "attributes": {
                            "id": "web-platform-tests-submissions-host/webplatformtests.org./A",
                            "managed_zone": "web-platform-tests-submissions-host",
                            "name": "webplatformtests.org.",
                            "project": "wptdashboard",
                            "rrdatas.#": "1",
                            "rrdatas.0": "104.197.204.172",
                            "ttl": "300",
                            "type": "A"
                        },
                        "meta": {},
                        "tainted": false
                    },
                    "deposed": [],
                    "provider": "provider.google"
                },
                "google_dns_record_set.host_nonexistent_subdomains": {
                    "type": "google_dns_record_set",
                    "depends_on": [
                        "data.google_dns_managed_zone.host"
                    ],
                    "primary": {
                        "id": "web-platform-tests-submissions-host/nonexistent.webplatformtests.org./A",
                        "attributes": {
                            "id": "web-platform-tests-submissions-host/nonexistent.webplatformtests.org./A",
                            "managed_zone": "web-platform-tests-submissions-host",
                            "name": "nonexistent.webplatformtests.org.",
                            "project": "wptdashboard",
                            "rrdatas.#": "1",
                            "rrdatas.0": "0.0.0.0",
                            "ttl": "300",
                            "type": "A"
                        },
                        "meta": {},
                        "tainted": false
                    },
                    "deposed": [],
                    "provider": "provider.google"
                },
                "google_dns_record_set.host_subdomains": {
                    "type": "google_dns_record_set",
                    "depends_on": [
                        "data.google_dns_managed_zone.host"
                    ],
                    "primary": {
                        "id": "web-platform-tests-submissions-host/*.webplatformtests.org./CNAME",
                        "attributes": {
                            "id": "web-platform-tests-submissions-host/*.webplatformtests.org./CNAME",
                            "managed_zone": "web-platform-tests-submissions-host",
                            "name": "*.webplatformtests.org.",
                            "project": "wptdashboard",
                            "rrdatas.#": "1",
                            "rrdatas.0": "webplatformtests.org.",
                            "ttl": "300",
                            "type": "CNAME"
                        },
                        "meta": {},
                        "tainted": false
                    },
                    "deposed": [],
                    "provider": "provider.google"
                },
                "google_storage_bucket.certificates": {
                    "type": "google_storage_bucket",
                    "depends_on": [
                        "local.bucket_name"
                    ],
                    "primary": {
                        "id": "web-platform-tests-submissions-certificates",
                        "attributes": {
                            "bucket_policy_only": "false",
                            "cors.#": "0",
                            "encryption.#": "0",
                            "force_destroy": "false",
                            "id": "web-platform-tests-submissions-certificates",
                            "labels.%": "0",
                            "lifecycle_rule.#": "0",
                            "location": "US",
                            "logging.#": "0",
                            "name": "web-platform-tests-submissions-certificates",
                            "project": "wptdashboard",
                            "requester_pays": "false",
                            "self_link": "https://www.googleapis.com/storage/v1/b/web-platform-tests-submissions-certificates",
                            "storage_class": "STANDARD",
                            "url": "gs://web-platform-tests-submissions-certificates",
                            "versioning.#": "0"
                        },
                        "meta": {},
                        "tainted": false
                    },
                    "deposed": [],
                    "provider": "provider.google"
                }
            },
            "depends_on": []
        },
        {
            "path": [
                "root",
                "wpt-server-submissions-image"
            ],
            "outputs": {
                "identifier": {
                    "sensitive": false,
                    "type": "string",
                    "value": "gcr.io/wptdashboard/web-platform-tests-live-wpt-server-submissions@sha256:8269685e1d56308ca5fbf821428e3fd933b493e15e7df6f7e38f6ea4f5ec89bf"
                }
            },
            "resources": {
                "data.external.image": {
                    "type": "external",
                    "depends_on": [],
                    "primary": {
                        "id": "-",
                        "attributes": {
                            "id": "-",
                            "program.#": "6",
                            "program.0": "python3",
                            "program.1": "/home/mike/projects/bocoup/google-wpt/web-platform-tests.live/.terraform/modules/b6e1cb7c851e6e5cdbb42d8668ae0766/latest-image.py",
                            "program.2": "--registry",
                            "program.3": "gcr.io",
                            "program.4": "--image",
                            "program.5": "wptdashboard/web-platform-tests-live-wpt-server-submissions",
                            "result.%": "2",
                            "result.identifier": "sha256:8269685e1d56308ca5fbf821428e3fd933b493e15e7df6f7e38f6ea4f5ec89bf",
                            "result.time_created": "1564701739761"
                        },
                        "meta": {},
                        "tainted": false
                    },
                    "deposed": [],
                    "provider": "provider.external"
                }
            },
            "depends_on": []
        },
        {
            "path": [
                "root",
                "wpt-server-tot-image"
            ],
            "outputs": {
                "identifier": {
                    "sensitive": false,
                    "type": "string",
                    "value": "gcr.io/wptdashboard/web-platform-tests-live-wpt-server-tot@sha256:cc53d1fac24bab3c8c3f5a2aa064ebc5640f73a2db273c795e5e7bc2e9010e2b"
                }
            },
            "resources": {
                "data.external.image": {
                    "type": "external",
                    "depends_on": [],
                    "primary": {
                        "id": "-",
                        "attributes": {
                            "id": "-",
                            "program.#": "6",
                            "program.0": "python3",
                            "program.1": "/home/mike/projects/bocoup/google-wpt/web-platform-tests.live/.terraform/modules/87f2a1166309de9f25a6d62f9940f267/latest-image.py",
                            "program.2": "--registry",
                            "program.3": "gcr.io",
                            "program.4": "--image",
                            "program.5": "wptdashboard/web-platform-tests-live-wpt-server-tot",
                            "result.%": "2",
                            "result.identifier": "sha256:cc53d1fac24bab3c8c3f5a2aa064ebc5640f73a2db273c795e5e7bc2e9010e2b",
                            "result.time_created": "1564590053602"
                        },
                        "meta": {},
                        "tainted": false
                    },
                    "deposed": [],
                    "provider": "provider.external"
                }
            },
            "depends_on": []
        },
        {
            "path": [
                "root",
                "web-platform-tests-live",
                "cert-renewer-container"
            ],
            "outputs": {
                "container": {
                    "sensitive": false,
                    "type": "map",
                    "value": {
                        "env": [
                            {
                                "name": "WPT_HOST",
                                "value": "web-platform-tests.live"
                            },
                            {
                                "name": "WPT_ALT_HOST",
                                "value": "not-web-platform-tests.live"
                            },
                            {
                                "name": "WPT_BUCKET",
                                "value": "web-platform-tests-tot-certificates"
                            }
                        ],
                        "image": "gcr.io/wptdashboard/web-platform-tests-live-cert-renewer@sha256:1b67221afb7b5ea78d7c32c88e72175f1ba27af5a6c3887806be9166261034e6"
                    }
                },
                "metadata_key": {
                    "sensitive": false,
                    "type": "string",
                    "value": "gce-container-declaration"
                },
                "metadata_value": {
                    "sensitive": false,
                    "type": "string",
                    "value": "---\nspec:\n  containers:\n  - env:\n    - name: WPT_HOST\n      value: web-platform-tests.live\n    - name: WPT_ALT_HOST\n      value: not-web-platform-tests.live\n    - name: WPT_BUCKET\n      value: web-platform-tests-tot-certificates\n    image: gcr.io/wptdashboard/web-platform-tests-live-cert-renewer@sha256:1b67221afb7b5ea78d7c32c88e72175f1ba27af5a6c3887806be9166261034e6\n  restartPolicy: Always\n  volumes: []\n"
                },
                "restart_policy": {
                    "sensitive": false,
                    "type": "string",
                    "value": "Always"
                },
                "source_image": {
                    "sensitive": false,
                    "type": "string",
                    "value": "https://www.googleapis.com/compute/v1/projects/cos-cloud/global/images/cos-stable-75-12105-97-0"
                },
                "vm_container_label": {
                    "sensitive": false,
                    "type": "string",
                    "value": "cos-stable-75-12105-97-0"
                },
                "vm_container_label_key": {
                    "sensitive": false,
                    "type": "string",
                    "value": "container-vm"
                },
                "volumes": {
                    "sensitive": false,
                    "type": "list",
                    "value": []
                }
            },
            "resources": {
                "data.external.spec_as_yaml": {
                    "type": "external",
                    "depends_on": [
                        "local.spec"
                    ],
                    "primary": {
                        "id": "-",
                        "attributes": {
                            "id": "-",
                            "program.#": "2",
                            "program.0": "ruby",
                            "program.1": "/home/mike/projects/bocoup/google-wpt/web-platform-tests.live/.terraform/modules/7aa0b22027ffbcd24a1e523fba79a5de/helpers/map_to_yaml.rb",
                            "query.%": "1",
                            "query.root": "{\"spec\":{\"containers\":[{\"env\":[{\"name\":\"WPT_HOST\",\"value\":\"web-platform-tests.live\"},{\"name\":\"WPT_ALT_HOST\",\"value\":\"not-web-platform-tests.live\"},{\"name\":\"WPT_BUCKET\",\"value\":\"web-platform-tests-tot-certificates\"}],\"image\":\"gcr.io/wptdashboard/web-platform-tests-live-cert-renewer@sha256:1b67221afb7b5ea78d7c32c88e72175f1ba27af5a6c3887806be9166261034e6\"}],\"restartPolicy\":\"Always\",\"volumes\":[]}}",
                            "result.%": "1",
                            "result.rendered": "---\nspec:\n  containers:\n  - env:\n    - name: WPT_HOST\n      value: web-platform-tests.live\n    - name: WPT_ALT_HOST\n      value: not-web-platform-tests.live\n    - name: WPT_BUCKET\n      value: web-platform-tests-tot-certificates\n    image: gcr.io/wptdashboard/web-platform-tests-live-cert-renewer@sha256:1b67221afb7b5ea78d7c32c88e72175f1ba27af5a6c3887806be9166261034e6\n  restartPolicy: Always\n  volumes: []\n"
                        },
                        "meta": {},
                        "tainted": false
                    },
                    "deposed": [],
                    "provider": "provider.external"
                },
                "data.google_compute_image.coreos": {
                    "type": "google_compute_image",
                    "depends_on": [
                        "local.coreos_image_family",
                        "local.coreos_project"
                    ],
                    "primary": {
                        "id": "cos-cloud/family/cos-stable",
                        "attributes": {
                            "archive_size_bytes": "5771936000",
                            "creation_timestamp": "2019-07-12T14:59:12.334-07:00",
                            "description": "Google, Container-Optimized OS, 75-12105.97.0 stable, Kernel: ChromiumOS-4.14.111 Kubernetes: 1.13.6 Docker: 18.09.7 Family: cos-stable, Secure Boot ready",
                            "disk_size_gb": "10",
                            "family": "cos-stable",
                            "id": "cos-cloud/family/cos-stable",
                            "image_encryption_key_sha256": "",
                            "image_id": "8946394241001897024",
                            "label_fingerprint": "42WmSpB8rSM=",
                            "labels.%": "0",
                            "licenses.#": "3",
                            "licenses.0": "https://www.googleapis.com/compute/v1/projects/cos-cloud/global/licenses/cos",
                            "licenses.1": "https://www.googleapis.com/compute/v1/projects/cos-cloud-shielded/global/licenses/shielded-cos",
                            "licenses.2": "https://www.googleapis.com/compute/v1/projects/cos-cloud/global/licenses/cos-pcid",
                            "name": "cos-stable-75-12105-97-0",
                            "project": "cos-cloud",
                            "self_link": "https://www.googleapis.com/compute/v1/projects/cos-cloud/global/images/cos-stable-75-12105-97-0",
                            "source_disk": "",
                            "source_disk_encryption_key_sha256": "",
                            "source_disk_id": "",
                            "source_image_id": "",
                            "status": "READY"
                        },
                        "meta": {},
                        "tainted": false
                    },
                    "deposed": [],
                    "provider": "provider.google"
                }
            },
            "depends_on": []
        },
        {
            "path": [
                "root",
                "web-platform-tests-live",
                "cert-renewers"
            ],
            "outputs": {
                "depends_id": {
                    "sensitive": false,
                    "type": "string",
                    "value": "1454980912277330691"
                },
                "health_check": {
                    "sensitive": false,
                    "type": "string",
                    "value": ""
                },
                "instance_group": {
                    "sensitive": false,
                    "type": "string",
                    "value": "https://www.googleapis.com/compute/v1/projects/wptdashboard/zones/us-central1-b/instanceGroups/web-platform-tests-tot-cert-renewers"
                },
                "instance_template": {
                    "sensitive": false,
                    "type": "list",
                    "value": [
                        "https://www.googleapis.com/compute/beta/projects/wptdashboard/global/instanceTemplates/default-20190803003100631300000002"
                    ]
                },
                "instances": {
                    "sensitive": false,
                    "type": "list",
                    "value": [
                        [
                            "https://www.googleapis.com/compute/v1/projects/wptdashboard/zones/us-central1-b/instances/web-platform-tests-tot-cert-renewers-6ddj"
                        ]
                    ]
                },
                "name": {
                    "sensitive": false,
                    "type": "string",
                    "value": "web-platform-tests-tot-cert-renewers"
                },
                "network_ip": {
                    "sensitive": false,
                    "type": "string",
                    "value": ""
                },
                "region_depends_id": {
                    "sensitive": false,
                    "type": "string",
                    "value": ""
                },
                "region_instance_group": {
                    "sensitive": false,
                    "type": "string",
                    "value": ""
                },
                "service_port": {
                    "sensitive": false,
                    "type": "string",
                    "value": "8004"
                },
                "service_port_name": {
                    "sensitive": false,
                    "type": "string",
                    "value": "http"
                },
                "target_tags": {
                    "sensitive": false,
                    "type": "list",
                    "value": [
                        "web-platform-tests-tot-allow"
                    ]
                }
            },
            "resources": {
                "data.google_compute_instance_group.zonal": {
                    "type": "google_compute_instance_group",
                    "depends_on": [
                        "google_compute_instance_group_manager.default.*",
                        "local.dependency_id"
                    ],
                    "primary": {
                        "id": "us-central1-b/web-platform-tests-tot-cert-renewers",
                        "attributes": {
                            "description": "This instance group is controlled by Instance Group Manager 'web-platform-tests-tot-cert-renewers'. To modify instances in this group, use the Instance Group Manager API: https://cloud.google.com/compute/docs/reference/latest/instanceGroupManagers",
                            "id": "us-central1-b/web-platform-tests-tot-cert-renewers",
                            "instances.#": "1",
                            "instances.3738391879": "https://www.googleapis.com/compute/v1/projects/wptdashboard/zones/us-central1-b/instances/web-platform-tests-tot-cert-renewers-6ddj",
                            "name": "web-platform-tests-tot-cert-renewers",
                            "named_port.#": "1",
                            "named_port.0.name": "http",
                            "named_port.0.port": "8004",
                            "network": "https://www.googleapis.com/compute/v1/projects/wptdashboard/global/networks/web-platform-tests-live-network",
                            "project": "wptdashboard",
                            "self_link": "https://www.googleapis.com/compute/v1/projects/wptdashboard/zones/us-central1-b/instanceGroups/web-platform-tests-tot-cert-renewers",
                            "size": "1",
                            "zone": "us-central1-b"
                        },
                        "meta": {},
                        "tainted": false
                    },
                    "deposed": [],
                    "provider": "provider.google"
                },
                "data.google_compute_zones.available": {
                    "type": "google_compute_zones",
                    "depends_on": [],
                    "primary": {
                        "id": "2019-08-03 01:03:02.53635463 +0000 UTC",
                        "attributes": {
                            "id": "2019-08-03 01:03:02.53635463 +0000 UTC",
                            "names.#": "4",
                            "names.0": "us-central1-a",
                            "names.1": "us-central1-b",
                            "names.2": "us-central1-c",
                            "names.3": "us-central1-f",
                            "project": "wptdashboard",
                            "region": "us-central1"
                        },
                        "meta": {},
                        "tainted": false
                    },
                    "deposed": [],
                    "provider": "provider.google"
                },
                "google_compute_instance_group_manager.default": {
                    "type": "google_compute_instance_group_manager",
                    "depends_on": [
                        "google_compute_health_check.mig-health-check.*",
                        "google_compute_instance_template.default"
                    ],
                    "primary": {
                        "id": "wptdashboard/us-central1-b/web-platform-tests-tot-cert-renewers",
                        "attributes": {
                            "auto_healing_policies.#": "1",
                            "auto_healing_policies.0.health_check": "",
                            "auto_healing_policies.0.initial_delay_sec": "30",
                            "base_instance_name": "web-platform-tests-tot-cert-renewers",
                            "description": "compute VM Instance Group",
                            "fingerprint": "aFmogxmpT4Y=",
                            "id": "wptdashboard/us-central1-b/web-platform-tests-tot-cert-renewers",
                            "instance_group": "https://www.googleapis.com/compute/v1/projects/wptdashboard/zones/us-central1-b/instanceGroups/web-platform-tests-tot-cert-renewers",
                            "name": "web-platform-tests-tot-cert-renewers",
                            "named_port.#": "1",
                            "named_port.1374678711.name": "http",
                            "named_port.1374678711.port": "8004",
                            "project": "wptdashboard",
                            "self_link": "https://www.googleapis.com/compute/v1/projects/wptdashboard/zones/us-central1-b/instanceGroupManagers/web-platform-tests-tot-cert-renewers",
                            "target_pools.#": "0",
                            "target_size": "1",
                            "update_policy.#": "1",
                            "update_policy.0.max_surge_fixed": "0",
                            "update_policy.0.max_surge_percent": "0",
                            "update_policy.0.max_unavailable_fixed": "1",
                            "update_policy.0.max_unavailable_percent": "0",
                            "update_policy.0.min_ready_sec": "0",
                            "update_policy.0.minimal_action": "RESTART",
                            "update_policy.0.type": "PROACTIVE",
                            "version.#": "1",
                            "version.0.instance_template": "https://www.googleapis.com/compute/v1/projects/wptdashboard/global/instanceTemplates/default-20190803003100631300000002",
                            "version.0.name": "web-platform-tests-tot-cert-renewers-default",
                            "version.0.target_size.#": "0",
                            "wait_for_instances": "false",
                            "zone": "us-central1-b"
                        },
                        "meta": {
                            "e2bfb730-ecaa-11e6-8f88-34363bc7c4c0": {
                                "create": 300000000000,
                                "delete": 900000000000,
                                "update": 300000000000
                            }
                        },
                        "tainted": false
                    },
                    "deposed": [],
                    "provider": "provider.google-beta"
                },
                "google_compute_instance_template.default": {
                    "type": "google_compute_instance_template",
                    "depends_on": [],
                    "primary": {
                        "id": "default-20190803003100631300000002",
                        "attributes": {
                            "can_ip_forward": "false",
                            "description": "",
                            "disk.#": "1",
                            "disk.0.auto_delete": "true",
                            "disk.0.boot": "true",
                            "disk.0.device_name": "persistent-disk-0",
                            "disk.0.disk_encryption_key.#": "0",
                            "disk.0.disk_name": "",
                            "disk.0.disk_size_gb": "0",
                            "disk.0.disk_type": "pd-ssd",
                            "disk.0.interface": "SCSI",
                            "disk.0.mode": "READ_WRITE",
                            "disk.0.source": "",
                            "disk.0.source_image": "projects/cos-cloud/global/images/cos-stable-75-12105-97-0",
                            "disk.0.type": "PERSISTENT",
                            "id": "default-20190803003100631300000002",
                            "instance_description": "",
                            "labels.%": "1",
                            "labels.container-vm": "cos-stable-75-12105-97-0",
                            "machine_type": "f1-micro",
                            "metadata.%": "4",
                            "metadata.gce-container-declaration": "---\nspec:\n  containers:\n  - env:\n    - name: WPT_HOST\n      value: web-platform-tests.live\n    - name: WPT_ALT_HOST\n      value: not-web-platform-tests.live\n    - name: WPT_BUCKET\n      value: web-platform-tests-tot-certificates\n    image: gcr.io/wptdashboard/web-platform-tests-live-cert-renewer@sha256:1b67221afb7b5ea78d7c32c88e72175f1ba27af5a6c3887806be9166261034e6\n  restartPolicy: Always\n  volumes: []\n",
                            "metadata.google-logging-enabled": "true",
                            "metadata.startup-script": "",
                            "metadata.tf_depends_id": "",
                            "metadata_fingerprint": "YcbXlRgjt7M=",
                            "min_cpu_platform": "",
                            "name": "default-20190803003100631300000002",
                            "name_prefix": "default-",
                            "network_interface.#": "1",
                            "network_interface.0.access_config.#": "1",
                            "network_interface.0.access_config.0.assigned_nat_ip": "",
                            "network_interface.0.access_config.0.nat_ip": "",
                            "network_interface.0.access_config.0.network_tier": "PREMIUM",
                            "network_interface.0.address": "",
                            "network_interface.0.alias_ip_range.#": "0",
                            "network_interface.0.network": "https://www.googleapis.com/compute/v1/projects/wptdashboard/global/networks/web-platform-tests-live-network",
                            "network_interface.0.network_ip": "",
                            "network_interface.0.subnetwork": "https://www.googleapis.com/compute/v1/projects/wptdashboard/regions/us-central1/subnetworks/web-platform-tests-live-subnetwork",
                            "network_interface.0.subnetwork_project": "wptdashboard",
                            "project": "wptdashboard",
                            "region": "us-central1",
                            "scheduling.#": "1",
                            "scheduling.0.automatic_restart": "true",
                            "scheduling.0.node_affinities.#": "0",
                            "scheduling.0.on_host_maintenance": "MIGRATE",
                            "scheduling.0.preemptible": "false",
                            "self_link": "https://www.googleapis.com/compute/beta/projects/wptdashboard/global/instanceTemplates/default-20190803003100631300000002",
                            "service_account.#": "1",
                            "service_account.0.email": "default",
                            "service_account.0.scopes.#": "1",
                            "service_account.0.scopes.1733087937": "https://www.googleapis.com/auth/cloud-platform",
                            "tags.#": "2",
                            "tags.1883434749": "web-platform-tests-tot-allow",
                            "tags.2542268873": "allow-ssh",
                            "tags_fingerprint": ""
                        },
                        "meta": {
                            "schema_version": "1"
                        },
                        "tainted": false
                    },
                    "deposed": [],
                    "provider": "provider.google"
                },
                "null_resource.dummy_dependency": {
                    "type": "null_resource",
                    "depends_on": [
                        "google_compute_instance_group_manager.default",
                        "google_compute_instance_template.default.*"
                    ],
                    "primary": {
                        "id": "1454980912277330691",
                        "attributes": {
                            "id": "1454980912277330691",
                            "triggers.%": "1",
                            "triggers.instance_template": "https://www.googleapis.com/compute/beta/projects/wptdashboard/global/instanceTemplates/default-20190803003100631300000002"
                        },
                        "meta": {},
                        "tainted": false
                    },
                    "deposed": [],
                    "provider": "provider.null"
                }
            },
            "depends_on": []
        },
        {
            "path": [
                "root",
                "web-platform-tests-live",
                "wpt-server-container"
            ],
            "outputs": {
                "container": {
                    "sensitive": false,
                    "type": "map",
                    "value": {
                        "env": [
                            {
                                "name": "WPT_HOST",
                                "value": "web-platform-tests.live"
                            },
                            {
                                "name": "WPT_ALT_HOST",
                                "value": "not-web-platform-tests.live"
                            },
                            {
                                "name": "WPT_BUCKET",
                                "value": "web-platform-tests-tot-certificates"
                            }
                        ],
                        "image": "gcr.io/wptdashboard/web-platform-tests-live-wpt-server-tot@sha256:cc53d1fac24bab3c8c3f5a2aa064ebc5640f73a2db273c795e5e7bc2e9010e2b"
                    }
                },
                "metadata_key": {
                    "sensitive": false,
                    "type": "string",
                    "value": "gce-container-declaration"
                },
                "metadata_value": {
                    "sensitive": false,
                    "type": "string",
                    "value": "---\nspec:\n  containers:\n  - env:\n    - name: WPT_HOST\n      value: web-platform-tests.live\n    - name: WPT_ALT_HOST\n      value: not-web-platform-tests.live\n    - name: WPT_BUCKET\n      value: web-platform-tests-tot-certificates\n    image: gcr.io/wptdashboard/web-platform-tests-live-wpt-server-tot@sha256:cc53d1fac24bab3c8c3f5a2aa064ebc5640f73a2db273c795e5e7bc2e9010e2b\n  restartPolicy: Always\n  volumes: []\n"
                },
                "restart_policy": {
                    "sensitive": false,
                    "type": "string",
                    "value": "Always"
                },
                "source_image": {
                    "sensitive": false,
                    "type": "string",
                    "value": "https://www.googleapis.com/compute/v1/projects/cos-cloud/global/images/cos-stable-75-12105-97-0"
                },
                "vm_container_label": {
                    "sensitive": false,
                    "type": "string",
                    "value": "cos-stable-75-12105-97-0"
                },
                "vm_container_label_key": {
                    "sensitive": false,
                    "type": "string",
                    "value": "container-vm"
                },
                "volumes": {
                    "sensitive": false,
                    "type": "list",
                    "value": []
                }
            },
            "resources": {
                "data.external.spec_as_yaml": {
                    "type": "external",
                    "depends_on": [
                        "local.spec"
                    ],
                    "primary": {
                        "id": "-",
                        "attributes": {
                            "id": "-",
                            "program.#": "2",
                            "program.0": "ruby",
                            "program.1": "/home/mike/projects/bocoup/google-wpt/web-platform-tests.live/.terraform/modules/02b90a307ca70f12f9cff341ead96039/helpers/map_to_yaml.rb",
                            "query.%": "1",
                            "query.root": "{\"spec\":{\"containers\":[{\"env\":[{\"name\":\"WPT_HOST\",\"value\":\"web-platform-tests.live\"},{\"name\":\"WPT_ALT_HOST\",\"value\":\"not-web-platform-tests.live\"},{\"name\":\"WPT_BUCKET\",\"value\":\"web-platform-tests-tot-certificates\"}],\"image\":\"gcr.io/wptdashboard/web-platform-tests-live-wpt-server-tot@sha256:cc53d1fac24bab3c8c3f5a2aa064ebc5640f73a2db273c795e5e7bc2e9010e2b\"}],\"restartPolicy\":\"Always\",\"volumes\":[]}}",
                            "result.%": "1",
                            "result.rendered": "---\nspec:\n  containers:\n  - env:\n    - name: WPT_HOST\n      value: web-platform-tests.live\n    - name: WPT_ALT_HOST\n      value: not-web-platform-tests.live\n    - name: WPT_BUCKET\n      value: web-platform-tests-tot-certificates\n    image: gcr.io/wptdashboard/web-platform-tests-live-wpt-server-tot@sha256:cc53d1fac24bab3c8c3f5a2aa064ebc5640f73a2db273c795e5e7bc2e9010e2b\n  restartPolicy: Always\n  volumes: []\n"
                        },
                        "meta": {},
                        "tainted": false
                    },
                    "deposed": [],
                    "provider": "provider.external"
                },
                "data.google_compute_image.coreos": {
                    "type": "google_compute_image",
                    "depends_on": [
                        "local.coreos_image_family",
                        "local.coreos_project"
                    ],
                    "primary": {
                        "id": "cos-cloud/family/cos-stable",
                        "attributes": {
                            "archive_size_bytes": "5771936000",
                            "creation_timestamp": "2019-07-12T14:59:12.334-07:00",
                            "description": "Google, Container-Optimized OS, 75-12105.97.0 stable, Kernel: ChromiumOS-4.14.111 Kubernetes: 1.13.6 Docker: 18.09.7 Family: cos-stable, Secure Boot ready",
                            "disk_size_gb": "10",
                            "family": "cos-stable",
                            "id": "cos-cloud/family/cos-stable",
                            "image_encryption_key_sha256": "",
                            "image_id": "8946394241001897024",
                            "label_fingerprint": "42WmSpB8rSM=",
                            "labels.%": "0",
                            "licenses.#": "3",
                            "licenses.0": "https://www.googleapis.com/compute/v1/projects/cos-cloud/global/licenses/cos",
                            "licenses.1": "https://www.googleapis.com/compute/v1/projects/cos-cloud-shielded/global/licenses/shielded-cos",
                            "licenses.2": "https://www.googleapis.com/compute/v1/projects/cos-cloud/global/licenses/cos-pcid",
                            "name": "cos-stable-75-12105-97-0",
                            "project": "cos-cloud",
                            "self_link": "https://www.googleapis.com/compute/v1/projects/cos-cloud/global/images/cos-stable-75-12105-97-0",
                            "source_disk": "",
                            "source_disk_encryption_key_sha256": "",
                            "source_disk_id": "",
                            "source_image_id": "",
                            "status": "READY"
                        },
                        "meta": {},
                        "tainted": false
                    },
                    "deposed": [],
                    "provider": "provider.google"
                }
            },
            "depends_on": []
        },
        {
            "path": [
                "root",
                "web-platform-tests-live",
                "wpt-servers"
            ],
            "outputs": {
                "depends_id": {
                    "sensitive": false,
                    "type": "string",
                    "value": "797016326938673094"
                },
                "health_check": {
                    "sensitive": false,
                    "type": "string",
                    "value": "https://www.googleapis.com/compute/v1/projects/wptdashboard/global/healthChecks/web-platform-tests-tot-wpt-servers"
                },
                "instance_group": {
                    "sensitive": false,
                    "type": "string",
                    "value": "https://www.googleapis.com/compute/v1/projects/wptdashboard/zones/us-central1-b/instanceGroups/web-platform-tests-tot-wpt-servers"
                },
                "instance_template": {
                    "sensitive": false,
                    "type": "list",
                    "value": [
                        "https://www.googleapis.com/compute/beta/projects/wptdashboard/global/instanceTemplates/default-20190802234358951300000004"
                    ]
                },
                "instances": {
                    "sensitive": false,
                    "type": "list",
                    "value": [
                        [
                            "https://www.googleapis.com/compute/v1/projects/wptdashboard/zones/us-central1-b/instances/web-platform-tests-tot-wpt-servers-0hwm",
                            "https://www.googleapis.com/compute/v1/projects/wptdashboard/zones/us-central1-b/instances/web-platform-tests-tot-wpt-servers-5r36"
                        ]
                    ]
                },
                "name": {
                    "sensitive": false,
                    "type": "string",
                    "value": "web-platform-tests-tot-wpt-servers"
                },
                "network_ip": {
                    "sensitive": false,
                    "type": "string",
                    "value": ""
                },
                "region_depends_id": {
                    "sensitive": false,
                    "type": "string",
                    "value": ""
                },
                "region_instance_group": {
                    "sensitive": false,
                    "type": "string",
                    "value": ""
                },
                "service_port_1": {
                    "sensitive": false,
                    "type": "string",
                    "value": "80"
                },
                "service_port_1_name": {
                    "sensitive": false,
                    "type": "string",
                    "value": "http-primary"
                },
                "service_port_2": {
                    "sensitive": false,
                    "type": "string",
                    "value": "8000"
                },
                "service_port_2_name": {
                    "sensitive": false,
                    "type": "string",
                    "value": "http-secondary"
                },
                "service_port_3": {
                    "sensitive": false,
                    "type": "string",
                    "value": "443"
                },
                "service_port_3_name": {
                    "sensitive": false,
                    "type": "string",
                    "value": "https"
                },
                "service_port_4": {
                    "sensitive": false,
                    "type": "string",
                    "value": "8001"
                },
                "service_port_4_name": {
                    "sensitive": false,
                    "type": "string",
                    "value": "http2"
                },
                "service_port_5": {
                    "sensitive": false,
                    "type": "string",
                    "value": "8002"
                },
                "service_port_5_name": {
                    "sensitive": false,
                    "type": "string",
                    "value": "websocket"
                },
                "service_port_6": {
                    "sensitive": false,
                    "type": "string",
                    "value": "8003"
                },
                "service_port_6_name": {
                    "sensitive": false,
                    "type": "string",
                    "value": "websocket-secure"
                },
                "target_tags": {
                    "sensitive": false,
                    "type": "list",
                    "value": [
                        "web-platform-tests-tot-allow"
                    ]
                }
            },
            "resources": {
                "data.google_compute_instance_group.zonal": {
                    "type": "google_compute_instance_group",
                    "depends_on": [
                        "google_compute_instance_group_manager.default.*",
                        "local.dependency_id"
                    ],
                    "primary": {
                        "id": "us-central1-b/web-platform-tests-tot-wpt-servers",
                        "attributes": {
                            "description": "This instance group is controlled by Instance Group Manager 'web-platform-tests-tot-wpt-servers'. To modify instances in this group, use the Instance Group Manager API: https://cloud.google.com/compute/docs/reference/latest/instanceGroupManagers",
                            "id": "us-central1-b/web-platform-tests-tot-wpt-servers",
                            "instances.#": "2",
                            "instances.2460742314": "https://www.googleapis.com/compute/v1/projects/wptdashboard/zones/us-central1-b/instances/web-platform-tests-tot-wpt-servers-0hwm",
                            "instances.3697813059": "https://www.googleapis.com/compute/v1/projects/wptdashboard/zones/us-central1-b/instances/web-platform-tests-tot-wpt-servers-5r36",
                            "name": "web-platform-tests-tot-wpt-servers",
                            "named_port.#": "6",
                            "named_port.0.name": "http2",
                            "named_port.0.port": "8001",
                            "named_port.1.name": "http-primary",
                            "named_port.1.port": "80",
                            "named_port.2.name": "http-secondary",
                            "named_port.2.port": "8000",
                            "named_port.3.name": "websocket",
                            "named_port.3.port": "8002",
                            "named_port.4.name": "https",
                            "named_port.4.port": "443",
                            "named_port.5.name": "websocket-secure",
                            "named_port.5.port": "8003",
                            "network": "https://www.googleapis.com/compute/v1/projects/wptdashboard/global/networks/web-platform-tests-live-network",
                            "project": "wptdashboard",
                            "self_link": "https://www.googleapis.com/compute/v1/projects/wptdashboard/zones/us-central1-b/instanceGroups/web-platform-tests-tot-wpt-servers",
                            "size": "2",
                            "zone": "us-central1-b"
                        },
                        "meta": {},
                        "tainted": false
                    },
                    "deposed": [],
                    "provider": "provider.google"
                },
                "data.google_compute_zones.available": {
                    "type": "google_compute_zones",
                    "depends_on": [],
                    "primary": {
                        "id": "2019-08-03 01:03:02.287547627 +0000 UTC",
                        "attributes": {
                            "id": "2019-08-03 01:03:02.287547627 +0000 UTC",
                            "names.#": "4",
                            "names.0": "us-central1-a",
                            "names.1": "us-central1-b",
                            "names.2": "us-central1-c",
                            "names.3": "us-central1-f",
                            "project": "wptdashboard",
                            "region": "us-central1"
                        },
                        "meta": {},
                        "tainted": false
                    },
                    "deposed": [],
                    "provider": "provider.google"
                },
                "google_compute_firewall.mig-health-check": {
                    "type": "google_compute_firewall",
                    "depends_on": [],
                    "primary": {
                        "id": "web-platform-tests-tot-wpt-servers-vm-hc",
                        "attributes": {
                            "allow.#": "1",
                            "allow.680193008.ports.#": "1",
                            "allow.680193008.ports.0": "443",
                            "allow.680193008.protocol": "tcp",
                            "creation_timestamp": "2019-08-02T17:53:32.814-07:00",
                            "deny.#": "0",
                            "description": "",
                            "destination_ranges.#": "0",
                            "direction": "INGRESS",
                            "disabled": "false",
                            "id": "web-platform-tests-tot-wpt-servers-vm-hc",
                            "name": "web-platform-tests-tot-wpt-servers-vm-hc",
                            "network": "https://www.googleapis.com/compute/v1/projects/wptdashboard/global/networks/web-platform-tests-live-network",
                            "priority": "1000",
                            "project": "wptdashboard",
                            "self_link": "https://www.googleapis.com/compute/v1/projects/wptdashboard/global/firewalls/web-platform-tests-tot-wpt-servers-vm-hc",
                            "source_ranges.#": "2",
                            "source_ranges.2192388802": "130.211.0.0/22",
                            "source_ranges.2394378644": "35.191.0.0/16",
                            "source_service_accounts.#": "0",
                            "source_tags.#": "0",
                            "target_service_accounts.#": "0",
                            "target_tags.#": "1",
                            "target_tags.1883434749": "web-platform-tests-tot-allow"
                        },
                        "meta": {
                            "e2bfb730-ecaa-11e6-8f88-34363bc7c4c0": {
                                "create": 240000000000,
                                "delete": 240000000000,
                                "update": 240000000000
                            },
                            "schema_version": "1"
                        },
                        "tainted": false
                    },
                    "deposed": [],
                    "provider": "provider.google"
                },
                "google_compute_health_check.mig-health-check": {
                    "type": "google_compute_health_check",
                    "depends_on": [],
                    "primary": {
                        "id": "web-platform-tests-tot-wpt-servers",
                        "attributes": {
                            "check_interval_sec": "10",
                            "creation_timestamp": "2019-07-29T18:15:41.141-07:00",
                            "description": "",
                            "healthy_threshold": "3",
                            "http_health_check.#": "0",
                            "https_health_check.#": "1",
                            "https_health_check.0.host": "",
                            "https_health_check.0.port": "443",
                            "https_health_check.0.proxy_header": "NONE",
                            "https_health_check.0.request_path": "/",
                            "https_health_check.0.response": "",
                            "id": "web-platform-tests-tot-wpt-servers",
                            "name": "web-platform-tests-tot-wpt-servers",
                            "project": "wptdashboard",
                            "self_link": "https://www.googleapis.com/compute/v1/projects/wptdashboard/global/healthChecks/web-platform-tests-tot-wpt-servers",
                            "ssl_health_check.#": "0",
                            "tcp_health_check.#": "0",
                            "timeout_sec": "10",
                            "type": "HTTPS",
                            "unhealthy_threshold": "6"
                        },
                        "meta": {
                            "e2bfb730-ecaa-11e6-8f88-34363bc7c4c0": {
                                "create": 240000000000,
                                "delete": 240000000000,
                                "update": 240000000000
                            }
                        },
                        "tainted": false
                    },
                    "deposed": [],
                    "provider": "provider.google"
                },
                "google_compute_instance_group_manager.default": {
                    "type": "google_compute_instance_group_manager",
                    "depends_on": [
                        "google_compute_health_check.mig-health-check.*",
                        "google_compute_instance_template.default"
                    ],
                    "primary": {
                        "id": "wptdashboard/us-central1-b/web-platform-tests-tot-wpt-servers",
                        "attributes": {
                            "auto_healing_policies.#": "1",
                            "auto_healing_policies.0.health_check": "https://www.googleapis.com/compute/beta/projects/wptdashboard/global/healthChecks/web-platform-tests-tot-wpt-servers",
                            "auto_healing_policies.0.initial_delay_sec": "30",
                            "base_instance_name": "web-platform-tests-tot-wpt-servers",
                            "description": "compute VM Instance Group",
                            "fingerprint": "ie4hKsuaOi4=",
                            "id": "wptdashboard/us-central1-b/web-platform-tests-tot-wpt-servers",
                            "instance_group": "https://www.googleapis.com/compute/v1/projects/wptdashboard/zones/us-central1-b/instanceGroups/web-platform-tests-tot-wpt-servers",
                            "name": "web-platform-tests-tot-wpt-servers",
                            "named_port.#": "6",
                            "named_port.2276636974.name": "http2",
                            "named_port.2276636974.port": "8001",
                            "named_port.2721583918.name": "http-primary",
                            "named_port.2721583918.port": "80",
                            "named_port.3173555449.name": "http-secondary",
                            "named_port.3173555449.port": "8000",
                            "named_port.4259663301.name": "websocket",
                            "named_port.4259663301.port": "8002",
                            "named_port.613541658.name": "https",
                            "named_port.613541658.port": "443",
                            "named_port.862847079.name": "websocket-secure",
                            "named_port.862847079.port": "8003",
                            "project": "wptdashboard",
                            "self_link": "https://www.googleapis.com/compute/v1/projects/wptdashboard/zones/us-central1-b/instanceGroupManagers/web-platform-tests-tot-wpt-servers",
                            "target_pools.#": "1",
                            "target_pools.465503270": "https://www.googleapis.com/compute/v1/projects/wptdashboard/regions/us-central1/targetPools/web-platform-tests-tot-load-balancing",
                            "target_size": "2",
                            "update_policy.#": "1",
                            "update_policy.0.max_surge_fixed": "0",
                            "update_policy.0.max_surge_percent": "0",
                            "update_policy.0.max_unavailable_fixed": "1",
                            "update_policy.0.max_unavailable_percent": "0",
                            "update_policy.0.min_ready_sec": "0",
                            "update_policy.0.minimal_action": "RESTART",
                            "update_policy.0.type": "PROACTIVE",
                            "version.#": "1",
                            "version.0.instance_template": "https://www.googleapis.com/compute/v1/projects/wptdashboard/global/instanceTemplates/default-20190802234358951300000004",
                            "version.0.name": "web-platform-tests-tot-wpt-servers-default",
                            "version.0.target_size.#": "0",
                            "wait_for_instances": "false",
                            "zone": "us-central1-b"
                        },
                        "meta": {
                            "e2bfb730-ecaa-11e6-8f88-34363bc7c4c0": {
                                "create": 300000000000,
                                "delete": 900000000000,
                                "update": 300000000000
                            }
                        },
                        "tainted": false
                    },
                    "deposed": [],
                    "provider": "provider.google-beta"
                },
                "google_compute_instance_template.default": {
                    "type": "google_compute_instance_template",
                    "depends_on": [],
                    "primary": {
                        "id": "default-20190802234358951300000004",
                        "attributes": {
                            "can_ip_forward": "false",
                            "description": "",
                            "disk.#": "1",
                            "disk.0.auto_delete": "true",
                            "disk.0.boot": "true",
                            "disk.0.device_name": "persistent-disk-0",
                            "disk.0.disk_encryption_key.#": "0",
                            "disk.0.disk_name": "",
                            "disk.0.disk_size_gb": "0",
                            "disk.0.disk_type": "pd-ssd",
                            "disk.0.interface": "SCSI",
                            "disk.0.mode": "READ_WRITE",
                            "disk.0.source": "",
                            "disk.0.source_image": "projects/cos-cloud/global/images/cos-stable-75-12105-97-0",
                            "disk.0.type": "PERSISTENT",
                            "id": "default-20190802234358951300000004",
                            "instance_description": "",
                            "labels.%": "1",
                            "labels.container-vm": "cos-stable-75-12105-97-0",
                            "machine_type": "g1-small",
                            "metadata.%": "4",
                            "metadata.gce-container-declaration": "---\nspec:\n  containers:\n  - env:\n    - name: WPT_HOST\n      value: web-platform-tests.live\n    - name: WPT_ALT_HOST\n      value: not-web-platform-tests.live\n    - name: WPT_BUCKET\n      value: web-platform-tests-tot-certificates\n    image: gcr.io/wptdashboard/web-platform-tests-live-wpt-server-tot@sha256:cc53d1fac24bab3c8c3f5a2aa064ebc5640f73a2db273c795e5e7bc2e9010e2b\n  restartPolicy: Always\n  volumes: []\n",
                            "metadata.google-logging-enabled": "true",
                            "metadata.startup-script": "",
                            "metadata.tf_depends_id": "",
                            "metadata_fingerprint": "uOrjoNVF7EA=",
                            "min_cpu_platform": "",
                            "name": "default-20190802234358951300000004",
                            "name_prefix": "default-",
                            "network_interface.#": "1",
                            "network_interface.0.access_config.#": "1",
                            "network_interface.0.access_config.0.assigned_nat_ip": "",
                            "network_interface.0.access_config.0.nat_ip": "",
                            "network_interface.0.access_config.0.network_tier": "PREMIUM",
                            "network_interface.0.address": "",
                            "network_interface.0.alias_ip_range.#": "0",
                            "network_interface.0.network": "https://www.googleapis.com/compute/v1/projects/wptdashboard/global/networks/web-platform-tests-live-network",
                            "network_interface.0.network_ip": "",
                            "network_interface.0.subnetwork": "https://www.googleapis.com/compute/v1/projects/wptdashboard/regions/us-central1/subnetworks/web-platform-tests-live-subnetwork",
                            "network_interface.0.subnetwork_project": "wptdashboard",
                            "project": "wptdashboard",
                            "region": "us-central1",
                            "scheduling.#": "1",
                            "scheduling.0.automatic_restart": "true",
                            "scheduling.0.node_affinities.#": "0",
                            "scheduling.0.on_host_maintenance": "MIGRATE",
                            "scheduling.0.preemptible": "false",
                            "self_link": "https://www.googleapis.com/compute/beta/projects/wptdashboard/global/instanceTemplates/default-20190802234358951300000004",
                            "service_account.#": "1",
                            "service_account.0.email": "default",
                            "service_account.0.scopes.#": "2",
                            "service_account.0.scopes.1632638332": "https://www.googleapis.com/auth/devstorage.read_only",
                            "service_account.0.scopes.172152165": "https://www.googleapis.com/auth/logging.write",
                            "tags.#": "2",
                            "tags.1883434749": "web-platform-tests-tot-allow",
                            "tags.2542268873": "allow-ssh",
                            "tags_fingerprint": ""
                        },
                        "meta": {
                            "schema_version": "1"
                        },
                        "tainted": false
                    },
                    "deposed": [],
                    "provider": "provider.google"
                },
                "null_resource.dummy_dependency": {
                    "type": "null_resource",
                    "depends_on": [
                        "google_compute_instance_group_manager.default",
                        "google_compute_instance_template.default.*"
                    ],
                    "primary": {
                        "id": "797016326938673094",
                        "attributes": {
                            "id": "797016326938673094",
                            "triggers.%": "1",
                            "triggers.instance_template": "https://www.googleapis.com/compute/beta/projects/wptdashboard/global/instanceTemplates/default-20190802234358951300000004"
                        },
                        "meta": {},
                        "tainted": false
                    },
                    "deposed": [],
                    "provider": "provider.null"
                }
            },
            "depends_on": []
        },
        {
            "path": [
                "root",
                "web-platform-tests-submissions",
                "cert-renewer-container"
            ],
            "outputs": {
                "container": {
                    "sensitive": false,
                    "type": "map",
                    "value": {
                        "env": [
                            {
                                "name": "WPT_HOST",
                                "value": "webplatformtests.org"
                            },
                            {
                                "name": "WPT_ALT_HOST",
                                "value": "webplatformtests.com"
                            },
                            {
                                "name": "WPT_BUCKET",
                                "value": "web-platform-tests-submissions-certificates"
                            }
                        ],
                        "image": "gcr.io/wptdashboard/web-platform-tests-live-cert-renewer@sha256:1b67221afb7b5ea78d7c32c88e72175f1ba27af5a6c3887806be9166261034e6"
                    }
                },
                "metadata_key": {
                    "sensitive": false,
                    "type": "string",
                    "value": "gce-container-declaration"
                },
                "metadata_value": {
                    "sensitive": false,
                    "type": "string",
                    "value": "---\nspec:\n  containers:\n  - env:\n    - name: WPT_HOST\n      value: webplatformtests.org\n    - name: WPT_ALT_HOST\n      value: webplatformtests.com\n    - name: WPT_BUCKET\n      value: web-platform-tests-submissions-certificates\n    image: gcr.io/wptdashboard/web-platform-tests-live-cert-renewer@sha256:1b67221afb7b5ea78d7c32c88e72175f1ba27af5a6c3887806be9166261034e6\n  restartPolicy: Always\n  volumes: []\n"
                },
                "restart_policy": {
                    "sensitive": false,
                    "type": "string",
                    "value": "Always"
                },
                "source_image": {
                    "sensitive": false,
                    "type": "string",
                    "value": "https://www.googleapis.com/compute/v1/projects/cos-cloud/global/images/cos-stable-75-12105-97-0"
                },
                "vm_container_label": {
                    "sensitive": false,
                    "type": "string",
                    "value": "cos-stable-75-12105-97-0"
                },
                "vm_container_label_key": {
                    "sensitive": false,
                    "type": "string",
                    "value": "container-vm"
                },
                "volumes": {
                    "sensitive": false,
                    "type": "list",
                    "value": []
                }
            },
            "resources": {
                "data.external.spec_as_yaml": {
                    "type": "external",
                    "depends_on": [
                        "local.spec"
                    ],
                    "primary": {
                        "id": "-",
                        "attributes": {
                            "id": "-",
                            "program.#": "2",
                            "program.0": "ruby",
                            "program.1": "/home/mike/projects/bocoup/google-wpt/web-platform-tests.live/.terraform/modules/41c190e186f7fc57ced4bf68e5e21006/helpers/map_to_yaml.rb",
                            "query.%": "1",
                            "query.root": "{\"spec\":{\"containers\":[{\"env\":[{\"name\":\"WPT_HOST\",\"value\":\"webplatformtests.org\"},{\"name\":\"WPT_ALT_HOST\",\"value\":\"webplatformtests.com\"},{\"name\":\"WPT_BUCKET\",\"value\":\"web-platform-tests-submissions-certificates\"}],\"image\":\"gcr.io/wptdashboard/web-platform-tests-live-cert-renewer@sha256:1b67221afb7b5ea78d7c32c88e72175f1ba27af5a6c3887806be9166261034e6\"}],\"restartPolicy\":\"Always\",\"volumes\":[]}}",
                            "result.%": "1",
                            "result.rendered": "---\nspec:\n  containers:\n  - env:\n    - name: WPT_HOST\n      value: webplatformtests.org\n    - name: WPT_ALT_HOST\n      value: webplatformtests.com\n    - name: WPT_BUCKET\n      value: web-platform-tests-submissions-certificates\n    image: gcr.io/wptdashboard/web-platform-tests-live-cert-renewer@sha256:1b67221afb7b5ea78d7c32c88e72175f1ba27af5a6c3887806be9166261034e6\n  restartPolicy: Always\n  volumes: []\n"
                        },
                        "meta": {},
                        "tainted": false
                    },
                    "deposed": [],
                    "provider": "provider.external"
                },
                "data.google_compute_image.coreos": {
                    "type": "google_compute_image",
                    "depends_on": [
                        "local.coreos_image_family",
                        "local.coreos_project"
                    ],
                    "primary": {
                        "id": "cos-cloud/family/cos-stable",
                        "attributes": {
                            "archive_size_bytes": "5771936000",
                            "creation_timestamp": "2019-07-12T14:59:12.334-07:00",
                            "description": "Google, Container-Optimized OS, 75-12105.97.0 stable, Kernel: ChromiumOS-4.14.111 Kubernetes: 1.13.6 Docker: 18.09.7 Family: cos-stable, Secure Boot ready",
                            "disk_size_gb": "10",
                            "family": "cos-stable",
                            "id": "cos-cloud/family/cos-stable",
                            "image_encryption_key_sha256": "",
                            "image_id": "8946394241001897024",
                            "label_fingerprint": "42WmSpB8rSM=",
                            "labels.%": "0",
                            "licenses.#": "3",
                            "licenses.0": "https://www.googleapis.com/compute/v1/projects/cos-cloud/global/licenses/cos",
                            "licenses.1": "https://www.googleapis.com/compute/v1/projects/cos-cloud-shielded/global/licenses/shielded-cos",
                            "licenses.2": "https://www.googleapis.com/compute/v1/projects/cos-cloud/global/licenses/cos-pcid",
                            "name": "cos-stable-75-12105-97-0",
                            "project": "cos-cloud",
                            "self_link": "https://www.googleapis.com/compute/v1/projects/cos-cloud/global/images/cos-stable-75-12105-97-0",
                            "source_disk": "",
                            "source_disk_encryption_key_sha256": "",
                            "source_disk_id": "",
                            "source_image_id": "",
                            "status": "READY"
                        },
                        "meta": {},
                        "tainted": false
                    },
                    "deposed": [],
                    "provider": "provider.google"
                }
            },
            "depends_on": []
        },
        {
            "path": [
                "root",
                "web-platform-tests-submissions",
                "cert-renewers"
            ],
            "outputs": {
                "depends_id": {
                    "sensitive": false,
                    "type": "string",
                    "value": "3538391246870634410"
                },
                "health_check": {
                    "sensitive": false,
                    "type": "string",
                    "value": ""
                },
                "instance_group": {
                    "sensitive": false,
                    "type": "string",
                    "value": "https://www.googleapis.com/compute/v1/projects/wptdashboard/zones/us-central1-b/instanceGroups/web-platform-tests-submissions-cert-renewers"
                },
                "instance_template": {
                    "sensitive": false,
                    "type": "list",
                    "value": [
                        "https://www.googleapis.com/compute/beta/projects/wptdashboard/global/instanceTemplates/default-20190803003100622600000001"
                    ]
                },
                "instances": {
                    "sensitive": false,
                    "type": "list",
                    "value": [
                        [
                            "https://www.googleapis.com/compute/v1/projects/wptdashboard/zones/us-central1-b/instances/web-platform-tests-submissions-cert-renewers-hr3s"
                        ]
                    ]
                },
                "name": {
                    "sensitive": false,
                    "type": "string",
                    "value": "web-platform-tests-submissions-cert-renewers"
                },
                "network_ip": {
                    "sensitive": false,
                    "type": "string",
                    "value": ""
                },
                "region_depends_id": {
                    "sensitive": false,
                    "type": "string",
                    "value": ""
                },
                "region_instance_group": {
                    "sensitive": false,
                    "type": "string",
                    "value": ""
                },
                "service_port": {
                    "sensitive": false,
                    "type": "string",
                    "value": "8004"
                },
                "service_port_name": {
                    "sensitive": false,
                    "type": "string",
                    "value": "http"
                },
                "target_tags": {
                    "sensitive": false,
                    "type": "list",
                    "value": [
                        "web-platform-tests-submissions-allow"
                    ]
                }
            },
            "resources": {
                "data.google_compute_instance_group.zonal": {
                    "type": "google_compute_instance_group",
                    "depends_on": [
                        "google_compute_instance_group_manager.default.*",
                        "local.dependency_id"
                    ],
                    "primary": {
                        "id": "us-central1-b/web-platform-tests-submissions-cert-renewers",
                        "attributes": {
                            "description": "This instance group is controlled by Instance Group Manager 'web-platform-tests-submissions-cert-renewers'. To modify instances in this group, use the Instance Group Manager API: https://cloud.google.com/compute/docs/reference/latest/instanceGroupManagers",
                            "id": "us-central1-b/web-platform-tests-submissions-cert-renewers",
                            "instances.#": "1",
                            "instances.3865455890": "https://www.googleapis.com/compute/v1/projects/wptdashboard/zones/us-central1-b/instances/web-platform-tests-submissions-cert-renewers-hr3s",
                            "name": "web-platform-tests-submissions-cert-renewers",
                            "named_port.#": "1",
                            "named_port.0.name": "http",
                            "named_port.0.port": "8004",
                            "network": "https://www.googleapis.com/compute/v1/projects/wptdashboard/global/networks/web-platform-tests-live-network",
                            "project": "wptdashboard",
                            "self_link": "https://www.googleapis.com/compute/v1/projects/wptdashboard/zones/us-central1-b/instanceGroups/web-platform-tests-submissions-cert-renewers",
                            "size": "1",
                            "zone": "us-central1-b"
                        },
                        "meta": {},
                        "tainted": false
                    },
                    "deposed": [],
                    "provider": "provider.google"
                },
                "data.google_compute_zones.available": {
                    "type": "google_compute_zones",
                    "depends_on": [],
                    "primary": {
                        "id": "2019-08-03 01:03:02.405850401 +0000 UTC",
                        "attributes": {
                            "id": "2019-08-03 01:03:02.405850401 +0000 UTC",
                            "names.#": "4",
                            "names.0": "us-central1-a",
                            "names.1": "us-central1-b",
                            "names.2": "us-central1-c",
                            "names.3": "us-central1-f",
                            "project": "wptdashboard",
                            "region": "us-central1"
                        },
                        "meta": {},
                        "tainted": false
                    },
                    "deposed": [],
                    "provider": "provider.google"
                },
                "google_compute_instance_group_manager.default": {
                    "type": "google_compute_instance_group_manager",
                    "depends_on": [
                        "google_compute_health_check.mig-health-check.*",
                        "google_compute_instance_template.default"
                    ],
                    "primary": {
                        "id": "wptdashboard/us-central1-b/web-platform-tests-submissions-cert-renewers",
                        "attributes": {
                            "auto_healing_policies.#": "1",
                            "auto_healing_policies.0.health_check": "",
                            "auto_healing_policies.0.initial_delay_sec": "30",
                            "base_instance_name": "web-platform-tests-submissions-cert-renewers",
                            "description": "compute VM Instance Group",
                            "fingerprint": "-gvi4wZOn5o=",
                            "id": "wptdashboard/us-central1-b/web-platform-tests-submissions-cert-renewers",
                            "instance_group": "https://www.googleapis.com/compute/v1/projects/wptdashboard/zones/us-central1-b/instanceGroups/web-platform-tests-submissions-cert-renewers",
                            "name": "web-platform-tests-submissions-cert-renewers",
                            "named_port.#": "1",
                            "named_port.1374678711.name": "http",
                            "named_port.1374678711.port": "8004",
                            "project": "wptdashboard",
                            "self_link": "https://www.googleapis.com/compute/v1/projects/wptdashboard/zones/us-central1-b/instanceGroupManagers/web-platform-tests-submissions-cert-renewers",
                            "target_pools.#": "0",
                            "target_size": "1",
                            "update_policy.#": "1",
                            "update_policy.0.max_surge_fixed": "0",
                            "update_policy.0.max_surge_percent": "0",
                            "update_policy.0.max_unavailable_fixed": "1",
                            "update_policy.0.max_unavailable_percent": "0",
                            "update_policy.0.min_ready_sec": "0",
                            "update_policy.0.minimal_action": "RESTART",
                            "update_policy.0.type": "PROACTIVE",
                            "version.#": "1",
                            "version.0.instance_template": "https://www.googleapis.com/compute/v1/projects/wptdashboard/global/instanceTemplates/default-20190803003100622600000001",
                            "version.0.name": "web-platform-tests-submissions-cert-renewers-default",
                            "version.0.target_size.#": "0",
                            "wait_for_instances": "false",
                            "zone": "us-central1-b"
                        },
                        "meta": {
                            "e2bfb730-ecaa-11e6-8f88-34363bc7c4c0": {
                                "create": 300000000000,
                                "delete": 900000000000,
                                "update": 300000000000
                            }
                        },
                        "tainted": false
                    },
                    "deposed": [],
                    "provider": "provider.google-beta"
                },
                "google_compute_instance_template.default": {
                    "type": "google_compute_instance_template",
                    "depends_on": [],
                    "primary": {
                        "id": "default-20190803003100622600000001",
                        "attributes": {
                            "can_ip_forward": "false",
                            "description": "",
                            "disk.#": "1",
                            "disk.0.auto_delete": "true",
                            "disk.0.boot": "true",
                            "disk.0.device_name": "persistent-disk-0",
                            "disk.0.disk_encryption_key.#": "0",
                            "disk.0.disk_name": "",
                            "disk.0.disk_size_gb": "0",
                            "disk.0.disk_type": "pd-ssd",
                            "disk.0.interface": "SCSI",
                            "disk.0.mode": "READ_WRITE",
                            "disk.0.source": "",
                            "disk.0.source_image": "projects/cos-cloud/global/images/cos-stable-75-12105-97-0",
                            "disk.0.type": "PERSISTENT",
                            "id": "default-20190803003100622600000001",
                            "instance_description": "",
                            "labels.%": "1",
                            "labels.container-vm": "cos-stable-75-12105-97-0",
                            "machine_type": "f1-micro",
                            "metadata.%": "4",
                            "metadata.gce-container-declaration": "---\nspec:\n  containers:\n  - env:\n    - name: WPT_HOST\n      value: webplatformtests.org\n    - name: WPT_ALT_HOST\n      value: webplatformtests.com\n    - name: WPT_BUCKET\n      value: web-platform-tests-submissions-certificates\n    image: gcr.io/wptdashboard/web-platform-tests-live-cert-renewer@sha256:1b67221afb7b5ea78d7c32c88e72175f1ba27af5a6c3887806be9166261034e6\n  restartPolicy: Always\n  volumes: []\n",
                            "metadata.google-logging-enabled": "true",
                            "metadata.startup-script": "",
                            "metadata.tf_depends_id": "",
                            "metadata_fingerprint": "nzPyoJqIJEs=",
                            "min_cpu_platform": "",
                            "name": "default-20190803003100622600000001",
                            "name_prefix": "default-",
                            "network_interface.#": "1",
                            "network_interface.0.access_config.#": "1",
                            "network_interface.0.access_config.0.assigned_nat_ip": "",
                            "network_interface.0.access_config.0.nat_ip": "",
                            "network_interface.0.access_config.0.network_tier": "PREMIUM",
                            "network_interface.0.address": "",
                            "network_interface.0.alias_ip_range.#": "0",
                            "network_interface.0.network": "https://www.googleapis.com/compute/v1/projects/wptdashboard/global/networks/web-platform-tests-live-network",
                            "network_interface.0.network_ip": "",
                            "network_interface.0.subnetwork": "https://www.googleapis.com/compute/v1/projects/wptdashboard/regions/us-central1/subnetworks/web-platform-tests-live-subnetwork",
                            "network_interface.0.subnetwork_project": "wptdashboard",
                            "project": "wptdashboard",
                            "region": "us-central1",
                            "scheduling.#": "1",
                            "scheduling.0.automatic_restart": "true",
                            "scheduling.0.node_affinities.#": "0",
                            "scheduling.0.on_host_maintenance": "MIGRATE",
                            "scheduling.0.preemptible": "false",
                            "self_link": "https://www.googleapis.com/compute/beta/projects/wptdashboard/global/instanceTemplates/default-20190803003100622600000001",
                            "service_account.#": "1",
                            "service_account.0.email": "default",
                            "service_account.0.scopes.#": "1",
                            "service_account.0.scopes.1733087937": "https://www.googleapis.com/auth/cloud-platform",
                            "tags.#": "2",
                            "tags.2542268873": "allow-ssh",
                            "tags.3834238020": "web-platform-tests-submissions-allow",
                            "tags_fingerprint": ""
                        },
                        "meta": {
                            "schema_version": "1"
                        },
                        "tainted": false
                    },
                    "deposed": [],
                    "provider": "provider.google"
                },
                "null_resource.dummy_dependency": {
                    "type": "null_resource",
                    "depends_on": [
                        "google_compute_instance_group_manager.default",
                        "google_compute_instance_template.default.*"
                    ],
                    "primary": {
                        "id": "3538391246870634410",
                        "attributes": {
                            "id": "3538391246870634410",
                            "triggers.%": "1",
                            "triggers.instance_template": "https://www.googleapis.com/compute/beta/projects/wptdashboard/global/instanceTemplates/default-20190803003100622600000001"
                        },
                        "meta": {},
                        "tainted": false
                    },
                    "deposed": [],
                    "provider": "provider.null"
                }
            },
            "depends_on": []
        },
        {
            "path": [
                "root",
                "web-platform-tests-submissions",
                "wpt-server-container"
            ],
            "outputs": {
                "container": {
                    "sensitive": false,
                    "type": "map",
                    "value": {
                        "env": [
                            {
                                "name": "WPT_HOST",
                                "value": "webplatformtests.org"
                            },
                            {
                                "name": "WPT_ALT_HOST",
                                "value": "webplatformtests.com"
                            },
                            {
                                "name": "WPT_BUCKET",
                                "value": "web-platform-tests-submissions-certificates"
                            }
                        ],
                        "image": "gcr.io/wptdashboard/web-platform-tests-live-wpt-server-submissions@sha256:8269685e1d56308ca5fbf821428e3fd933b493e15e7df6f7e38f6ea4f5ec89bf"
                    }
                },
                "metadata_key": {
                    "sensitive": false,
                    "type": "string",
                    "value": "gce-container-declaration"
                },
                "metadata_value": {
                    "sensitive": false,
                    "type": "string",
                    "value": "---\nspec:\n  containers:\n  - env:\n    - name: WPT_HOST\n      value: webplatformtests.org\n    - name: WPT_ALT_HOST\n      value: webplatformtests.com\n    - name: WPT_BUCKET\n      value: web-platform-tests-submissions-certificates\n    image: gcr.io/wptdashboard/web-platform-tests-live-wpt-server-submissions@sha256:8269685e1d56308ca5fbf821428e3fd933b493e15e7df6f7e38f6ea4f5ec89bf\n  restartPolicy: Always\n  volumes: []\n"
                },
                "restart_policy": {
                    "sensitive": false,
                    "type": "string",
                    "value": "Always"
                },
                "source_image": {
                    "sensitive": false,
                    "type": "string",
                    "value": "https://www.googleapis.com/compute/v1/projects/cos-cloud/global/images/cos-stable-75-12105-97-0"
                },
                "vm_container_label": {
                    "sensitive": false,
                    "type": "string",
                    "value": "cos-stable-75-12105-97-0"
                },
                "vm_container_label_key": {
                    "sensitive": false,
                    "type": "string",
                    "value": "container-vm"
                },
                "volumes": {
                    "sensitive": false,
                    "type": "list",
                    "value": []
                }
            },
            "resources": {
                "data.external.spec_as_yaml": {
                    "type": "external",
                    "depends_on": [
                        "local.spec"
                    ],
                    "primary": {
                        "id": "-",
                        "attributes": {
                            "id": "-",
                            "program.#": "2",
                            "program.0": "ruby",
                            "program.1": "/home/mike/projects/bocoup/google-wpt/web-platform-tests.live/.terraform/modules/5feadb939f60c1bac34e6cb1243047e1/helpers/map_to_yaml.rb",
                            "query.%": "1",
                            "query.root": "{\"spec\":{\"containers\":[{\"env\":[{\"name\":\"WPT_HOST\",\"value\":\"webplatformtests.org\"},{\"name\":\"WPT_ALT_HOST\",\"value\":\"webplatformtests.com\"},{\"name\":\"WPT_BUCKET\",\"value\":\"web-platform-tests-submissions-certificates\"}],\"image\":\"gcr.io/wptdashboard/web-platform-tests-live-wpt-server-submissions@sha256:8269685e1d56308ca5fbf821428e3fd933b493e15e7df6f7e38f6ea4f5ec89bf\"}],\"restartPolicy\":\"Always\",\"volumes\":[]}}",
                            "result.%": "1",
                            "result.rendered": "---\nspec:\n  containers:\n  - env:\n    - name: WPT_HOST\n      value: webplatformtests.org\n    - name: WPT_ALT_HOST\n      value: webplatformtests.com\n    - name: WPT_BUCKET\n      value: web-platform-tests-submissions-certificates\n    image: gcr.io/wptdashboard/web-platform-tests-live-wpt-server-submissions@sha256:8269685e1d56308ca5fbf821428e3fd933b493e15e7df6f7e38f6ea4f5ec89bf\n  restartPolicy: Always\n  volumes: []\n"
                        },
                        "meta": {},
                        "tainted": false
                    },
                    "deposed": [],
                    "provider": "provider.external"
                },
                "data.google_compute_image.coreos": {
                    "type": "google_compute_image",
                    "depends_on": [
                        "local.coreos_image_family",
                        "local.coreos_project"
                    ],
                    "primary": {
                        "id": "cos-cloud/family/cos-stable",
                        "attributes": {
                            "archive_size_bytes": "5771936000",
                            "creation_timestamp": "2019-07-12T14:59:12.334-07:00",
                            "description": "Google, Container-Optimized OS, 75-12105.97.0 stable, Kernel: ChromiumOS-4.14.111 Kubernetes: 1.13.6 Docker: 18.09.7 Family: cos-stable, Secure Boot ready",
                            "disk_size_gb": "10",
                            "family": "cos-stable",
                            "id": "cos-cloud/family/cos-stable",
                            "image_encryption_key_sha256": "",
                            "image_id": "8946394241001897024",
                            "label_fingerprint": "42WmSpB8rSM=",
                            "labels.%": "0",
                            "licenses.#": "3",
                            "licenses.0": "https://www.googleapis.com/compute/v1/projects/cos-cloud/global/licenses/cos",
                            "licenses.1": "https://www.googleapis.com/compute/v1/projects/cos-cloud-shielded/global/licenses/shielded-cos",
                            "licenses.2": "https://www.googleapis.com/compute/v1/projects/cos-cloud/global/licenses/cos-pcid",
                            "name": "cos-stable-75-12105-97-0",
                            "project": "cos-cloud",
                            "self_link": "https://www.googleapis.com/compute/v1/projects/cos-cloud/global/images/cos-stable-75-12105-97-0",
                            "source_disk": "",
                            "source_disk_encryption_key_sha256": "",
                            "source_disk_id": "",
                            "source_image_id": "",
                            "status": "READY"
                        },
                        "meta": {},
                        "tainted": false
                    },
                    "deposed": [],
                    "provider": "provider.google"
                }
            },
            "depends_on": []
        },
        {
            "path": [
                "root",
                "web-platform-tests-submissions",
                "wpt-servers"
            ],
            "outputs": {
                "depends_id": {
                    "sensitive": false,
                    "type": "string",
                    "value": "3539600355795747797"
                },
                "health_check": {
                    "sensitive": false,
                    "type": "string",
                    "value": "https://www.googleapis.com/compute/v1/projects/wptdashboard/global/healthChecks/web-platform-tests-submissions-wpt-servers"
                },
                "instance_group": {
                    "sensitive": false,
                    "type": "string",
                    "value": "https://www.googleapis.com/compute/v1/projects/wptdashboard/zones/us-central1-b/instanceGroups/web-platform-tests-submissions-wpt-servers"
                },
                "instance_template": {
                    "sensitive": false,
                    "type": "list",
                    "value": [
                        "https://www.googleapis.com/compute/beta/projects/wptdashboard/global/instanceTemplates/default-20190802234358928000000001"
                    ]
                },
                "instances": {
                    "sensitive": false,
                    "type": "list",
                    "value": [
                        [
                            "https://www.googleapis.com/compute/v1/projects/wptdashboard/zones/us-central1-b/instances/web-platform-tests-submissions-wpt-servers-683g",
                            "https://www.googleapis.com/compute/v1/projects/wptdashboard/zones/us-central1-b/instances/web-platform-tests-submissions-wpt-servers-jf5p"
                        ]
                    ]
                },
                "name": {
                    "sensitive": false,
                    "type": "string",
                    "value": "web-platform-tests-submissions-wpt-servers"
                },
                "network_ip": {
                    "sensitive": false,
                    "type": "string",
                    "value": ""
                },
                "region_depends_id": {
                    "sensitive": false,
                    "type": "string",
                    "value": ""
                },
                "region_instance_group": {
                    "sensitive": false,
                    "type": "string",
                    "value": ""
                },
                "service_port_1": {
                    "sensitive": false,
                    "type": "string",
                    "value": "80"
                },
                "service_port_1_name": {
                    "sensitive": false,
                    "type": "string",
                    "value": "http-primary"
                },
                "service_port_2": {
                    "sensitive": false,
                    "type": "string",
                    "value": "8000"
                },
                "service_port_2_name": {
                    "sensitive": false,
                    "type": "string",
                    "value": "http-secondary"
                },
                "service_port_3": {
                    "sensitive": false,
                    "type": "string",
                    "value": "443"
                },
                "service_port_3_name": {
                    "sensitive": false,
                    "type": "string",
                    "value": "https"
                },
                "service_port_4": {
                    "sensitive": false,
                    "type": "string",
                    "value": "8001"
                },
                "service_port_4_name": {
                    "sensitive": false,
                    "type": "string",
                    "value": "http2"
                },
                "service_port_5": {
                    "sensitive": false,
                    "type": "string",
                    "value": "8002"
                },
                "service_port_5_name": {
                    "sensitive": false,
                    "type": "string",
                    "value": "websocket"
                },
                "service_port_6": {
                    "sensitive": false,
                    "type": "string",
                    "value": "8003"
                },
                "service_port_6_name": {
                    "sensitive": false,
                    "type": "string",
                    "value": "websocket-secure"
                },
                "target_tags": {
                    "sensitive": false,
                    "type": "list",
                    "value": [
                        "web-platform-tests-submissions-allow"
                    ]
                }
            },
            "resources": {
                "data.google_compute_instance_group.zonal": {
                    "type": "google_compute_instance_group",
                    "depends_on": [
                        "google_compute_instance_group_manager.default.*",
                        "local.dependency_id"
                    ],
                    "primary": {
                        "id": "us-central1-b/web-platform-tests-submissions-wpt-servers",
                        "attributes": {
                            "description": "This instance group is controlled by Instance Group Manager 'web-platform-tests-submissions-wpt-servers'. To modify instances in this group, use the Instance Group Manager API: https://cloud.google.com/compute/docs/reference/latest/instanceGroupManagers",
                            "id": "us-central1-b/web-platform-tests-submissions-wpt-servers",
                            "instances.#": "2",
                            "instances.405107984": "https://www.googleapis.com/compute/v1/projects/wptdashboard/zones/us-central1-b/instances/web-platform-tests-submissions-wpt-servers-683g",
                            "instances.710272241": "https://www.googleapis.com/compute/v1/projects/wptdashboard/zones/us-central1-b/instances/web-platform-tests-submissions-wpt-servers-jf5p",
                            "name": "web-platform-tests-submissions-wpt-servers",
                            "named_port.#": "6",
                            "named_port.0.name": "http2",
                            "named_port.0.port": "8001",
                            "named_port.1.name": "http-primary",
                            "named_port.1.port": "80",
                            "named_port.2.name": "http-secondary",
                            "named_port.2.port": "8000",
                            "named_port.3.name": "websocket",
                            "named_port.3.port": "8002",
                            "named_port.4.name": "https",
                            "named_port.4.port": "443",
                            "named_port.5.name": "websocket-secure",
                            "named_port.5.port": "8003",
                            "network": "https://www.googleapis.com/compute/v1/projects/wptdashboard/global/networks/web-platform-tests-live-network",
                            "project": "wptdashboard",
                            "self_link": "https://www.googleapis.com/compute/v1/projects/wptdashboard/zones/us-central1-b/instanceGroups/web-platform-tests-submissions-wpt-servers",
                            "size": "2",
                            "zone": "us-central1-b"
                        },
                        "meta": {},
                        "tainted": false
                    },
                    "deposed": [],
                    "provider": "provider.google"
                },
                "data.google_compute_zones.available": {
                    "type": "google_compute_zones",
                    "depends_on": [],
                    "primary": {
                        "id": "2019-08-03 01:03:02.413339405 +0000 UTC",
                        "attributes": {
                            "id": "2019-08-03 01:03:02.413339405 +0000 UTC",
                            "names.#": "4",
                            "names.0": "us-central1-a",
                            "names.1": "us-central1-b",
                            "names.2": "us-central1-c",
                            "names.3": "us-central1-f",
                            "project": "wptdashboard",
                            "region": "us-central1"
                        },
                        "meta": {},
                        "tainted": false
                    },
                    "deposed": [],
                    "provider": "provider.google"
                },
                "google_compute_firewall.mig-health-check": {
                    "type": "google_compute_firewall",
                    "depends_on": [],
                    "primary": {
                        "id": "web-platform-tests-submissions-wpt-servers-vm-hc",
                        "attributes": {
                            "allow.#": "1",
                            "allow.680193008.ports.#": "1",
                            "allow.680193008.ports.0": "443",
                            "allow.680193008.protocol": "tcp",
                            "creation_timestamp": "2019-08-02T17:53:32.881-07:00",
                            "deny.#": "0",
                            "description": "",
                            "destination_ranges.#": "0",
                            "direction": "INGRESS",
                            "disabled": "false",
                            "id": "web-platform-tests-submissions-wpt-servers-vm-hc",
                            "name": "web-platform-tests-submissions-wpt-servers-vm-hc",
                            "network": "https://www.googleapis.com/compute/v1/projects/wptdashboard/global/networks/web-platform-tests-live-network",
                            "priority": "1000",
                            "project": "wptdashboard",
                            "self_link": "https://www.googleapis.com/compute/v1/projects/wptdashboard/global/firewalls/web-platform-tests-submissions-wpt-servers-vm-hc",
                            "source_ranges.#": "2",
                            "source_ranges.2192388802": "130.211.0.0/22",
                            "source_ranges.2394378644": "35.191.0.0/16",
                            "source_service_accounts.#": "0",
                            "source_tags.#": "0",
                            "target_service_accounts.#": "0",
                            "target_tags.#": "1",
                            "target_tags.3834238020": "web-platform-tests-submissions-allow"
                        },
                        "meta": {
                            "e2bfb730-ecaa-11e6-8f88-34363bc7c4c0": {
                                "create": 240000000000,
                                "delete": 240000000000,
                                "update": 240000000000
                            },
                            "schema_version": "1"
                        },
                        "tainted": false
                    },
                    "deposed": [],
                    "provider": "provider.google"
                },
                "google_compute_health_check.mig-health-check": {
                    "type": "google_compute_health_check",
                    "depends_on": [],
                    "primary": {
                        "id": "web-platform-tests-submissions-wpt-servers",
                        "attributes": {
                            "check_interval_sec": "10",
                            "creation_timestamp": "2019-07-30T13:47:12.472-07:00",
                            "description": "",
                            "healthy_threshold": "3",
                            "http_health_check.#": "0",
                            "https_health_check.#": "1",
                            "https_health_check.0.host": "",
                            "https_health_check.0.port": "443",
                            "https_health_check.0.proxy_header": "NONE",
                            "https_health_check.0.request_path": "/",
                            "https_health_check.0.response": "",
                            "id": "web-platform-tests-submissions-wpt-servers",
                            "name": "web-platform-tests-submissions-wpt-servers",
                            "project": "wptdashboard",
                            "self_link": "https://www.googleapis.com/compute/v1/projects/wptdashboard/global/healthChecks/web-platform-tests-submissions-wpt-servers",
                            "ssl_health_check.#": "0",
                            "tcp_health_check.#": "0",
                            "timeout_sec": "10",
                            "type": "HTTPS",
                            "unhealthy_threshold": "6"
                        },
                        "meta": {
                            "e2bfb730-ecaa-11e6-8f88-34363bc7c4c0": {
                                "create": 240000000000,
                                "delete": 240000000000,
                                "update": 240000000000
                            }
                        },
                        "tainted": false
                    },
                    "deposed": [],
                    "provider": "provider.google"
                },
                "google_compute_instance_group_manager.default": {
                    "type": "google_compute_instance_group_manager",
                    "depends_on": [
                        "google_compute_health_check.mig-health-check.*",
                        "google_compute_instance_template.default"
                    ],
                    "primary": {
                        "id": "wptdashboard/us-central1-b/web-platform-tests-submissions-wpt-servers",
                        "attributes": {
                            "auto_healing_policies.#": "1",
                            "auto_healing_policies.0.health_check": "https://www.googleapis.com/compute/beta/projects/wptdashboard/global/healthChecks/web-platform-tests-submissions-wpt-servers",
                            "auto_healing_policies.0.initial_delay_sec": "30",
                            "base_instance_name": "web-platform-tests-submissions-wpt-servers",
                            "description": "compute VM Instance Group",
                            "fingerprint": "hTYTGikE_F8=",
                            "id": "wptdashboard/us-central1-b/web-platform-tests-submissions-wpt-servers",
                            "instance_group": "https://www.googleapis.com/compute/v1/projects/wptdashboard/zones/us-central1-b/instanceGroups/web-platform-tests-submissions-wpt-servers",
                            "name": "web-platform-tests-submissions-wpt-servers",
                            "named_port.#": "6",
                            "named_port.2276636974.name": "http2",
                            "named_port.2276636974.port": "8001",
                            "named_port.2721583918.name": "http-primary",
                            "named_port.2721583918.port": "80",
                            "named_port.3173555449.name": "http-secondary",
                            "named_port.3173555449.port": "8000",
                            "named_port.4259663301.name": "websocket",
                            "named_port.4259663301.port": "8002",
                            "named_port.613541658.name": "https",
                            "named_port.613541658.port": "443",
                            "named_port.862847079.name": "websocket-secure",
                            "named_port.862847079.port": "8003",
                            "project": "wptdashboard",
                            "self_link": "https://www.googleapis.com/compute/v1/projects/wptdashboard/zones/us-central1-b/instanceGroupManagers/web-platform-tests-submissions-wpt-servers",
                            "target_pools.#": "1",
                            "target_pools.929508759": "https://www.googleapis.com/compute/v1/projects/wptdashboard/regions/us-central1/targetPools/web-platform-tests-submissions-load-balancing",
                            "target_size": "2",
                            "update_policy.#": "1",
                            "update_policy.0.max_surge_fixed": "0",
                            "update_policy.0.max_surge_percent": "0",
                            "update_policy.0.max_unavailable_fixed": "1",
                            "update_policy.0.max_unavailable_percent": "0",
                            "update_policy.0.min_ready_sec": "0",
                            "update_policy.0.minimal_action": "RESTART",
                            "update_policy.0.type": "PROACTIVE",
                            "version.#": "1",
                            "version.0.instance_template": "https://www.googleapis.com/compute/v1/projects/wptdashboard/global/instanceTemplates/default-20190802234358928000000001",
                            "version.0.name": "web-platform-tests-submissions-wpt-servers-default",
                            "version.0.target_size.#": "0",
                            "wait_for_instances": "false",
                            "zone": "us-central1-b"
                        },
                        "meta": {
                            "e2bfb730-ecaa-11e6-8f88-34363bc7c4c0": {
                                "create": 300000000000,
                                "delete": 900000000000,
                                "update": 300000000000
                            }
                        },
                        "tainted": false
                    },
                    "deposed": [],
                    "provider": "provider.google-beta"
                },
                "google_compute_instance_template.default": {
                    "type": "google_compute_instance_template",
                    "depends_on": [],
                    "primary": {
                        "id": "default-20190802234358928000000001",
                        "attributes": {
                            "can_ip_forward": "false",
                            "description": "",
                            "disk.#": "1",
                            "disk.0.auto_delete": "true",
                            "disk.0.boot": "true",
                            "disk.0.device_name": "persistent-disk-0",
                            "disk.0.disk_encryption_key.#": "0",
                            "disk.0.disk_name": "",
                            "disk.0.disk_size_gb": "100",
                            "disk.0.disk_type": "pd-ssd",
                            "disk.0.interface": "SCSI",
                            "disk.0.mode": "READ_WRITE",
                            "disk.0.source": "",
                            "disk.0.source_image": "projects/cos-cloud/global/images/cos-stable-75-12105-97-0",
                            "disk.0.type": "PERSISTENT",
                            "id": "default-20190802234358928000000001",
                            "instance_description": "",
                            "labels.%": "1",
                            "labels.container-vm": "cos-stable-75-12105-97-0",
                            "machine_type": "g1-small",
                            "metadata.%": "4",
                            "metadata.gce-container-declaration": "---\nspec:\n  containers:\n  - env:\n    - name: WPT_HOST\n      value: webplatformtests.org\n    - name: WPT_ALT_HOST\n      value: webplatformtests.com\n    - name: WPT_BUCKET\n      value: web-platform-tests-submissions-certificates\n    image: gcr.io/wptdashboard/web-platform-tests-live-wpt-server-submissions@sha256:8269685e1d56308ca5fbf821428e3fd933b493e15e7df6f7e38f6ea4f5ec89bf\n  restartPolicy: Always\n  volumes: []\n",
                            "metadata.google-logging-enabled": "true",
                            "metadata.startup-script": "",
                            "metadata.tf_depends_id": "",
                            "metadata_fingerprint": "69ArPQJNdBA=",
                            "min_cpu_platform": "",
                            "name": "default-20190802234358928000000001",
                            "name_prefix": "default-",
                            "network_interface.#": "1",
                            "network_interface.0.access_config.#": "1",
                            "network_interface.0.access_config.0.assigned_nat_ip": "",
                            "network_interface.0.access_config.0.nat_ip": "",
                            "network_interface.0.access_config.0.network_tier": "PREMIUM",
                            "network_interface.0.address": "",
                            "network_interface.0.alias_ip_range.#": "0",
                            "network_interface.0.network": "https://www.googleapis.com/compute/v1/projects/wptdashboard/global/networks/web-platform-tests-live-network",
                            "network_interface.0.network_ip": "",
                            "network_interface.0.subnetwork": "https://www.googleapis.com/compute/v1/projects/wptdashboard/regions/us-central1/subnetworks/web-platform-tests-live-subnetwork",
                            "network_interface.0.subnetwork_project": "wptdashboard",
                            "project": "wptdashboard",
                            "region": "us-central1",
                            "scheduling.#": "1",
                            "scheduling.0.automatic_restart": "true",
                            "scheduling.0.node_affinities.#": "0",
                            "scheduling.0.on_host_maintenance": "MIGRATE",
                            "scheduling.0.preemptible": "false",
                            "self_link": "https://www.googleapis.com/compute/beta/projects/wptdashboard/global/instanceTemplates/default-20190802234358928000000001",
                            "service_account.#": "1",
                            "service_account.0.email": "default",
                            "service_account.0.scopes.#": "2",
                            "service_account.0.scopes.1632638332": "https://www.googleapis.com/auth/devstorage.read_only",
                            "service_account.0.scopes.172152165": "https://www.googleapis.com/auth/logging.write",
                            "tags.#": "2",
                            "tags.2542268873": "allow-ssh",
                            "tags.3834238020": "web-platform-tests-submissions-allow",
                            "tags_fingerprint": ""
                        },
                        "meta": {
                            "schema_version": "1"
                        },
                        "tainted": false
                    },
                    "deposed": [],
                    "provider": "provider.google"
                },
                "null_resource.dummy_dependency": {
                    "type": "null_resource",
                    "depends_on": [
                        "google_compute_instance_group_manager.default",
                        "google_compute_instance_template.default.*"
                    ],
                    "primary": {
                        "id": "3539600355795747797",
                        "attributes": {
                            "id": "3539600355795747797",
                            "triggers.%": "1",
                            "triggers.instance_template": "https://www.googleapis.com/compute/beta/projects/wptdashboard/global/instanceTemplates/default-20190802234358928000000001"
                        },
                        "meta": {},
                        "tainted": false
                    },
                    "deposed": [],
                    "provider": "provider.null"
                }
            },
            "depends_on": []
        }
    ]
}
