{
    "version": 3,
    "terraform_version": "0.11.14",
    "serial": 147,
    "lineage": "953c2261-fa9e-083d-8190-8d0302230bb4",
    "modules": [
        {
            "path": [
                "root"
            ],
            "outputs": {
                "wpt-live-address": {
                    "sensitive": false,
                    "type": "string",
                    "value": "104.154.99.184"
                },
                "wpt-submissions-address": {
                    "sensitive": false,
                    "type": "string",
                    "value": "34.67.99.11"
                }
            },
            "resources": {
                "google_compute_network.default": {
                    "type": "google_compute_network",
                    "depends_on": [],
                    "primary": {
                        "id": "wpt-live-network",
                        "attributes": {
                            "auto_create_subnetworks": "false",
                            "delete_default_routes_on_create": "false",
                            "description": "",
                            "gateway_ipv4": "",
                            "id": "wpt-live-network",
                            "ipv4_range": "",
                            "name": "wpt-live-network",
                            "project": "wptserve",
                            "routing_mode": "REGIONAL",
                            "self_link": "https://www.googleapis.com/compute/v1/projects/wptserve/global/networks/wpt-live-network"
                        },
                        "meta": {
                            "e2bfb730-ecaa-11e6-8f88-34363bc7c4c0": {
                                "create": 240000000000,
                                "delete": 240000000000,
                                "update": 240000000000
                            }
                        },
                        "tainted": false
                    },
                    "deposed": [],
                    "provider": "provider.google"
                },
                "google_compute_subnetwork.default": {
                    "type": "google_compute_subnetwork",
                    "depends_on": [
                        "google_compute_network.default",
                        "local.region"
                    ],
                    "primary": {
                        "id": "us-central1/wpt-live-subnetwork",
                        "attributes": {
                            "creation_timestamp": "2019-10-07T13:19:54.773-07:00",
                            "description": "",
                            "enable_flow_logs": "false",
                            "fingerprint": "7z0Z0SQO-8M=",
                            "gateway_address": "10.127.0.1",
                            "id": "us-central1/wpt-live-subnetwork",
                            "ip_cidr_range": "10.127.0.0/20",
                            "name": "wpt-live-subnetwork",
                            "network": "https://www.googleapis.com/compute/v1/projects/wptserve/global/networks/wpt-live-network",
                            "private_ip_google_access": "true",
                            "project": "wptserve",
                            "region": "us-central1",
                            "secondary_ip_range.#": "0",
                            "self_link": "https://www.googleapis.com/compute/v1/projects/wptserve/regions/us-central1/subnetworks/wpt-live-subnetwork"
                        },
                        "meta": {
                            "e2bfb730-ecaa-11e6-8f88-34363bc7c4c0": {
                                "create": 360000000000,
                                "delete": 360000000000,
                                "update": 360000000000
                            }
                        },
                        "tainted": false
                    },
                    "deposed": [],
                    "provider": "provider.google"
                }
            },
            "depends_on": []
        },
        {
            "path": [
                "root",
                "cert-renewer-image"
            ],
            "outputs": {
                "identifier": {
                    "sensitive": false,
                    "type": "string",
                    "value": "gcr.io/wptserve/wpt-live-cert-renewer@sha256:5b3c0a3a2b0d7e2a0e1c0303874d09bb3214aa93dec55ac245cf1c81e7d117d5"
                }
            },
            "resources": {
                "data.external.image": {
                    "type": "external",
                    "depends_on": [],
                    "primary": {
                        "id": "-",
                        "attributes": {
                            "id": "-",
                            "program.#": "6",
                            "program.0": "python3",
                            "program.1": "/home/mike/projects/bocoup/google-wpt/web-platform-tests.live/.terraform/modules/a78ed6de1faf685715b06f31ed53b9e6/latest-image.py",
                            "program.2": "--registry",
                            "program.3": "gcr.io",
                            "program.4": "--image",
                            "program.5": "wptserve/wpt-live-cert-renewer",
                            "result.%": "2",
                            "result.identifier": "sha256:5b3c0a3a2b0d7e2a0e1c0303874d09bb3214aa93dec55ac245cf1c81e7d117d5",
                            "result.time_created": "1570479055243"
                        },
                        "meta": {},
                        "tainted": false
                    },
                    "deposed": [],
                    "provider": "provider.external"
                }
            },
            "depends_on": []
        },
        {
            "path": [
                "root",
                "wpt-live"
            ],
            "outputs": {
                "address": {
                    "sensitive": false,
                    "type": "string",
                    "value": "104.154.99.184"
                }
            },
            "resources": {
                "data.google_dns_managed_zone.alt_host": {
                    "type": "google_dns_managed_zone",
                    "depends_on": [],
                    "primary": {
                        "id": "not-wpt-live",
                        "attributes": {
                            "description": "",
                            "dns_name": "not-wpt.live.",
                            "id": "not-wpt-live",
                            "name": "not-wpt-live",
                            "name_servers.#": "4",
                            "name_servers.1615954188": "ns-cloud-c1.googledomains.com.",
                            "name_servers.2224390257": "ns-cloud-c3.googledomains.com.",
                            "name_servers.3983672873": "ns-cloud-c4.googledomains.com.",
                            "name_servers.458163183": "ns-cloud-c2.googledomains.com."
                        },
                        "meta": {},
                        "tainted": false
                    },
                    "deposed": [],
                    "provider": "provider.google"
                },
                "data.google_dns_managed_zone.host": {
                    "type": "google_dns_managed_zone",
                    "depends_on": [],
                    "primary": {
                        "id": "wpt-live",
                        "attributes": {
                            "description": "",
                            "dns_name": "wpt.live.",
                            "id": "wpt-live",
                            "name": "wpt-live",
                            "name_servers.#": "4",
                            "name_servers.1615954188": "ns-cloud-c1.googledomains.com.",
                            "name_servers.2224390257": "ns-cloud-c3.googledomains.com.",
                            "name_servers.3983672873": "ns-cloud-c4.googledomains.com.",
                            "name_servers.458163183": "ns-cloud-c2.googledomains.com."
                        },
                        "meta": {},
                        "tainted": false
                    },
                    "deposed": [],
                    "provider": "provider.google"
                },
                "google_compute_address.web-platform-tests-live-address": {
                    "type": "google_compute_address",
                    "depends_on": [],
                    "primary": {
                        "id": "wptserve/us-central1/wpt-tot-address",
                        "attributes": {
                            "address": "104.154.99.184",
                            "address_type": "EXTERNAL",
                            "creation_timestamp": "2019-10-07T13:19:26.654-07:00",
                            "description": "",
                            "id": "wptserve/us-central1/wpt-tot-address",
                            "name": "wpt-tot-address",
                            "network_tier": "PREMIUM",
                            "project": "wptserve",
                            "region": "us-central1",
                            "self_link": "https://www.googleapis.com/compute/v1/projects/wptserve/regions/us-central1/addresses/wpt-tot-address",
                            "subnetwork": "",
                            "users.#": "6",
                            "users.0": "https://www.googleapis.com/compute/v1/projects/wptserve/regions/us-central1/forwardingRules/wpt-tot-load-balancing-3",
                            "users.1": "https://www.googleapis.com/compute/v1/projects/wptserve/regions/us-central1/forwardingRules/wpt-tot-load-balancing-5",
                            "users.2": "https://www.googleapis.com/compute/v1/projects/wptserve/regions/us-central1/forwardingRules/wpt-tot-load-balancing-1",
                            "users.3": "https://www.googleapis.com/compute/v1/projects/wptserve/regions/us-central1/forwardingRules/wpt-tot-load-balancing-0",
                            "users.4": "https://www.googleapis.com/compute/v1/projects/wptserve/regions/us-central1/forwardingRules/wpt-tot-load-balancing-4",
                            "users.5": "https://www.googleapis.com/compute/v1/projects/wptserve/regions/us-central1/forwardingRules/wpt-tot-load-balancing-2"
                        },
                        "meta": {
                            "e2bfb730-ecaa-11e6-8f88-34363bc7c4c0": {
                                "create": 240000000000,
                                "delete": 240000000000
                            }
                        },
                        "tainted": false
                    },
                    "deposed": [],
                    "provider": "provider.google"
                },
                "google_compute_firewall.default-lb-fw": {
                    "type": "google_compute_firewall",
                    "depends_on": [
                        "local.forwarded_ports",
                        "local.lb_name",
                        "module.wpt-servers"
                    ],
                    "primary": {
                        "id": "wpt-tot-load-balancing-vm-service",
                        "attributes": {
                            "allow.#": "1",
                            "allow.1348475165.ports.#": "6",
                            "allow.1348475165.ports.0": "80",
                            "allow.1348475165.ports.1": "8000",
                            "allow.1348475165.ports.2": "443",
                            "allow.1348475165.ports.3": "8001",
                            "allow.1348475165.ports.4": "8002",
                            "allow.1348475165.ports.5": "8003",
                            "allow.1348475165.protocol": "tcp",
                            "creation_timestamp": "2019-10-08T12:14:15.233-07:00",
                            "deny.#": "0",
                            "description": "",
                            "destination_ranges.#": "0",
                            "direction": "INGRESS",
                            "disabled": "false",
                            "id": "wpt-tot-load-balancing-vm-service",
                            "name": "wpt-tot-load-balancing-vm-service",
                            "network": "https://www.googleapis.com/compute/v1/projects/wptserve/global/networks/wpt-live-network",
                            "priority": "1000",
                            "project": "wptserve",
                            "self_link": "https://www.googleapis.com/compute/v1/projects/wptserve/global/firewalls/wpt-tot-load-balancing-vm-service",
                            "source_ranges.#": "1",
                            "source_ranges.1080289494": "0.0.0.0/0",
                            "source_service_accounts.#": "0",
                            "source_tags.#": "0",
                            "target_service_accounts.#": "0",
                            "target_tags.#": "1",
                            "target_tags.2803589456": "wpt-tot-allow"
                        },
                        "meta": {
                            "e2bfb730-ecaa-11e6-8f88-34363bc7c4c0": {
                                "create": 240000000000,
                                "delete": 240000000000,
                                "update": 240000000000
                            },
                            "schema_version": "1"
                        },
                        "tainted": false
                    },
                    "deposed": [],
                    "provider": "provider.google"
                },
                "google_compute_forwarding_rule.default.0": {
                    "type": "google_compute_forwarding_rule",
                    "depends_on": [
                        "google_compute_address.web-platform-tests-live-address",
                        "google_compute_target_pool.default",
                        "local.forwarded_ports",
                        "local.lb_name"
                    ],
                    "primary": {
                        "id": "wpt-tot-load-balancing-0",
                        "attributes": {
                            "all_ports": "false",
                            "backend_service": "",
                            "creation_timestamp": "2019-10-07T13:19:36.649-07:00",
                            "description": "",
                            "id": "wpt-tot-load-balancing-0",
                            "ip_address": "104.154.99.184",
                            "ip_protocol": "TCP",
                            "ip_version": "",
                            "load_balancing_scheme": "EXTERNAL",
                            "name": "wpt-tot-load-balancing-0",
                            "network": "",
                            "network_tier": "PREMIUM",
                            "port_range": "80-80",
                            "ports.#": "0",
                            "project": "wptserve",
                            "region": "us-central1",
                            "self_link": "https://www.googleapis.com/compute/v1/projects/wptserve/regions/us-central1/forwardingRules/wpt-tot-load-balancing-0",
                            "service_label": "",
                            "service_name": "",
                            "subnetwork": "",
                            "target": "https://www.googleapis.com/compute/v1/projects/wptserve/regions/us-central1/targetPools/wpt-tot-load-balancing"
                        },
                        "meta": {
                            "e2bfb730-ecaa-11e6-8f88-34363bc7c4c0": {
                                "create": 240000000000,
                                "delete": 240000000000,
                                "update": 240000000000
                            }
                        },
                        "tainted": false
                    },
                    "deposed": [],
                    "provider": "provider.google"
                },
                "google_compute_forwarding_rule.default.1": {
                    "type": "google_compute_forwarding_rule",
                    "depends_on": [
                        "google_compute_address.web-platform-tests-live-address",
                        "google_compute_target_pool.default",
                        "local.forwarded_ports",
                        "local.lb_name"
                    ],
                    "primary": {
                        "id": "wpt-tot-load-balancing-1",
                        "attributes": {
                            "all_ports": "false",
                            "backend_service": "",
                            "creation_timestamp": "2019-10-07T13:19:35.405-07:00",
                            "description": "",
                            "id": "wpt-tot-load-balancing-1",
                            "ip_address": "104.154.99.184",
                            "ip_protocol": "TCP",
                            "ip_version": "",
                            "load_balancing_scheme": "EXTERNAL",
                            "name": "wpt-tot-load-balancing-1",
                            "network": "",
                            "network_tier": "PREMIUM",
                            "port_range": "8000-8000",
                            "ports.#": "0",
                            "project": "wptserve",
                            "region": "us-central1",
                            "self_link": "https://www.googleapis.com/compute/v1/projects/wptserve/regions/us-central1/forwardingRules/wpt-tot-load-balancing-1",
                            "service_label": "",
                            "service_name": "",
                            "subnetwork": "",
                            "target": "https://www.googleapis.com/compute/v1/projects/wptserve/regions/us-central1/targetPools/wpt-tot-load-balancing"
                        },
                        "meta": {
                            "e2bfb730-ecaa-11e6-8f88-34363bc7c4c0": {
                                "create": 240000000000,
                                "delete": 240000000000,
                                "update": 240000000000
                            }
                        },
                        "tainted": false
                    },
                    "deposed": [],
                    "provider": "provider.google"
                },
                "google_compute_forwarding_rule.default.2": {
                    "type": "google_compute_forwarding_rule",
                    "depends_on": [
                        "google_compute_address.web-platform-tests-live-address",
                        "google_compute_target_pool.default",
                        "local.forwarded_ports",
                        "local.lb_name"
                    ],
                    "primary": {
                        "id": "wpt-tot-load-balancing-2",
                        "attributes": {
                            "all_ports": "false",
                            "backend_service": "",
                            "creation_timestamp": "2019-10-07T13:19:37.682-07:00",
                            "description": "",
                            "id": "wpt-tot-load-balancing-2",
                            "ip_address": "104.154.99.184",
                            "ip_protocol": "TCP",
                            "ip_version": "",
                            "load_balancing_scheme": "EXTERNAL",
                            "name": "wpt-tot-load-balancing-2",
                            "network": "",
                            "network_tier": "PREMIUM",
                            "port_range": "443-443",
                            "ports.#": "0",
                            "project": "wptserve",
                            "region": "us-central1",
                            "self_link": "https://www.googleapis.com/compute/v1/projects/wptserve/regions/us-central1/forwardingRules/wpt-tot-load-balancing-2",
                            "service_label": "",
                            "service_name": "",
                            "subnetwork": "",
                            "target": "https://www.googleapis.com/compute/v1/projects/wptserve/regions/us-central1/targetPools/wpt-tot-load-balancing"
                        },
                        "meta": {
                            "e2bfb730-ecaa-11e6-8f88-34363bc7c4c0": {
                                "create": 240000000000,
                                "delete": 240000000000,
                                "update": 240000000000
                            }
                        },
                        "tainted": false
                    },
                    "deposed": [],
                    "provider": "provider.google"
                },
                "google_compute_forwarding_rule.default.3": {
                    "type": "google_compute_forwarding_rule",
                    "depends_on": [
                        "google_compute_address.web-platform-tests-live-address",
                        "google_compute_target_pool.default",
                        "local.forwarded_ports",
                        "local.lb_name"
                    ],
                    "primary": {
                        "id": "wpt-tot-load-balancing-3",
                        "attributes": {
                            "all_ports": "false",
                            "backend_service": "",
                            "creation_timestamp": "2019-10-07T13:19:34.455-07:00",
                            "description": "",
                            "id": "wpt-tot-load-balancing-3",
                            "ip_address": "104.154.99.184",
                            "ip_protocol": "TCP",
                            "ip_version": "",
                            "load_balancing_scheme": "EXTERNAL",
                            "name": "wpt-tot-load-balancing-3",
                            "network": "",
                            "network_tier": "PREMIUM",
                            "port_range": "8001-8001",
                            "ports.#": "0",
                            "project": "wptserve",
                            "region": "us-central1",
                            "self_link": "https://www.googleapis.com/compute/v1/projects/wptserve/regions/us-central1/forwardingRules/wpt-tot-load-balancing-3",
                            "service_label": "",
                            "service_name": "",
                            "subnetwork": "",
                            "target": "https://www.googleapis.com/compute/v1/projects/wptserve/regions/us-central1/targetPools/wpt-tot-load-balancing"
                        },
                        "meta": {
                            "e2bfb730-ecaa-11e6-8f88-34363bc7c4c0": {
                                "create": 240000000000,
                                "delete": 240000000000,
                                "update": 240000000000
                            }
                        },
                        "tainted": false
                    },
                    "deposed": [],
                    "provider": "provider.google"
                },
                "google_compute_forwarding_rule.default.4": {
                    "type": "google_compute_forwarding_rule",
                    "depends_on": [
                        "google_compute_address.web-platform-tests-live-address",
                        "google_compute_target_pool.default",
                        "local.forwarded_ports",
                        "local.lb_name"
                    ],
                    "primary": {
                        "id": "wpt-tot-load-balancing-4",
                        "attributes": {
                            "all_ports": "false",
                            "backend_service": "",
                            "creation_timestamp": "2019-10-07T13:19:37.031-07:00",
                            "description": "",
                            "id": "wpt-tot-load-balancing-4",
                            "ip_address": "104.154.99.184",
                            "ip_protocol": "TCP",
                            "ip_version": "",
                            "load_balancing_scheme": "EXTERNAL",
                            "name": "wpt-tot-load-balancing-4",
                            "network": "",
                            "network_tier": "PREMIUM",
                            "port_range": "8002-8002",
                            "ports.#": "0",
                            "project": "wptserve",
                            "region": "us-central1",
                            "self_link": "https://www.googleapis.com/compute/v1/projects/wptserve/regions/us-central1/forwardingRules/wpt-tot-load-balancing-4",
                            "service_label": "",
                            "service_name": "",
                            "subnetwork": "",
                            "target": "https://www.googleapis.com/compute/v1/projects/wptserve/regions/us-central1/targetPools/wpt-tot-load-balancing"
                        },
                        "meta": {
                            "e2bfb730-ecaa-11e6-8f88-34363bc7c4c0": {
                                "create": 240000000000,
                                "delete": 240000000000,
                                "update": 240000000000
                            }
                        },
                        "tainted": false
                    },
                    "deposed": [],
                    "provider": "provider.google"
                },
                "google_compute_forwarding_rule.default.5": {
                    "type": "google_compute_forwarding_rule",
                    "depends_on": [
                        "google_compute_address.web-platform-tests-live-address",
                        "google_compute_target_pool.default",
                        "local.forwarded_ports",
                        "local.lb_name"
                    ],
                    "primary": {
                        "id": "wpt-tot-load-balancing-5",
                        "attributes": {
                            "all_ports": "false",
                            "backend_service": "",
                            "creation_timestamp": "2019-10-07T13:19:35.056-07:00",
                            "description": "",
                            "id": "wpt-tot-load-balancing-5",
                            "ip_address": "104.154.99.184",
                            "ip_protocol": "TCP",
                            "ip_version": "",
                            "load_balancing_scheme": "EXTERNAL",
                            "name": "wpt-tot-load-balancing-5",
                            "network": "",
                            "network_tier": "PREMIUM",
                            "port_range": "8003-8003",
                            "ports.#": "0",
                            "project": "wptserve",
                            "region": "us-central1",
                            "self_link": "https://www.googleapis.com/compute/v1/projects/wptserve/regions/us-central1/forwardingRules/wpt-tot-load-balancing-5",
                            "service_label": "",
                            "service_name": "",
                            "subnetwork": "",
                            "target": "https://www.googleapis.com/compute/v1/projects/wptserve/regions/us-central1/targetPools/wpt-tot-load-balancing"
                        },
                        "meta": {
                            "e2bfb730-ecaa-11e6-8f88-34363bc7c4c0": {
                                "create": 240000000000,
                                "delete": 240000000000,
                                "update": 240000000000
                            }
                        },
                        "tainted": false
                    },
                    "deposed": [],
                    "provider": "provider.google"
                },
                "google_compute_http_health_check.default": {
                    "type": "google_compute_http_health_check",
                    "depends_on": [
                        "local.lb_name",
                        "module.wpt-servers"
                    ],
                    "primary": {
                        "id": "wpt-tot-load-balancing-health-check",
                        "attributes": {
                            "check_interval_sec": "5",
                            "creation_timestamp": "2019-10-07T13:19:26.415-07:00",
                            "description": "",
                            "healthy_threshold": "2",
                            "host": "",
                            "id": "wpt-tot-load-balancing-health-check",
                            "name": "wpt-tot-load-balancing-health-check",
                            "port": "80",
                            "project": "wptserve",
                            "request_path": "/?gcp-health-check-load-balancing",
                            "self_link": "https://www.googleapis.com/compute/v1/projects/wptserve/global/httpHealthChecks/wpt-tot-load-balancing-health-check",
                            "timeout_sec": "5",
                            "unhealthy_threshold": "2"
                        },
                        "meta": {
                            "e2bfb730-ecaa-11e6-8f88-34363bc7c4c0": {
                                "create": 240000000000,
                                "delete": 240000000000,
                                "update": 240000000000
                            }
                        },
                        "tainted": false
                    },
                    "deposed": [],
                    "provider": "provider.google"
                },
                "google_compute_target_pool.default": {
                    "type": "google_compute_target_pool",
                    "depends_on": [
                        "google_compute_http_health_check.default",
                        "local.lb_name"
                    ],
                    "primary": {
                        "id": "wpt-tot-load-balancing",
                        "attributes": {
                            "backup_pool": "",
                            "description": "",
                            "failover_ratio": "0",
                            "health_checks.#": "1",
                            "health_checks.0": "https://www.googleapis.com/compute/v1/projects/wptserve/global/httpHealthChecks/wpt-tot-load-balancing-health-check",
                            "id": "wpt-tot-load-balancing",
                            "instances.#": "2",
                            "instances.1290240576": "us-central1-b/wpt-tot-wpt-servers-4f80",
                            "instances.2027130190": "us-central1-b/wpt-tot-wpt-servers-kdqb",
                            "name": "wpt-tot-load-balancing",
                            "project": "wptserve",
                            "region": "us-central1",
                            "self_link": "https://www.googleapis.com/compute/v1/projects/wptserve/regions/us-central1/targetPools/wpt-tot-load-balancing",
                            "session_affinity": "CLIENT_IP_PROTO"
                        },
                        "meta": {},
                        "tainted": false
                    },
                    "deposed": [],
                    "provider": "provider.google"
                },
                "google_dns_record_set.alt_host_bare": {
                    "type": "google_dns_record_set",
                    "depends_on": [
                        "data.google_dns_managed_zone.alt_host",
                        "google_compute_address.web-platform-tests-live-address"
                    ],
                    "primary": {
                        "id": "not-wpt-live/not-wpt.live./A",
                        "attributes": {
                            "id": "not-wpt-live/not-wpt.live./A",
                            "managed_zone": "not-wpt-live",
                            "name": "not-wpt.live.",
                            "project": "wptserve",
                            "rrdatas.#": "1",
                            "rrdatas.0": "104.154.99.184",
                            "ttl": "300",
                            "type": "A"
                        },
                        "meta": {},
                        "tainted": false
                    },
                    "deposed": [],
                    "provider": "provider.google"
                },
                "google_dns_record_set.alt_host_nonexistent_subdomains": {
                    "type": "google_dns_record_set",
                    "depends_on": [
                        "data.google_dns_managed_zone.alt_host"
                    ],
                    "primary": {
                        "id": "not-wpt-live/nonexistent.not-wpt.live./A",
                        "attributes": {
                            "id": "not-wpt-live/nonexistent.not-wpt.live./A",
                            "managed_zone": "not-wpt-live",
                            "name": "nonexistent.not-wpt.live.",
                            "project": "wptserve",
                            "rrdatas.#": "1",
                            "rrdatas.0": "0.0.0.0",
                            "ttl": "300",
                            "type": "A"
                        },
                        "meta": {},
                        "tainted": false
                    },
                    "deposed": [],
                    "provider": "provider.google"
                },
                "google_dns_record_set.alt_host_subdomains": {
                    "type": "google_dns_record_set",
                    "depends_on": [
                        "data.google_dns_managed_zone.alt_host"
                    ],
                    "primary": {
                        "id": "not-wpt-live/*.not-wpt.live./CNAME",
                        "attributes": {
                            "id": "not-wpt-live/*.not-wpt.live./CNAME",
                            "managed_zone": "not-wpt-live",
                            "name": "*.not-wpt.live.",
                            "project": "wptserve",
                            "rrdatas.#": "1",
                            "rrdatas.0": "not-wpt.live.",
                            "ttl": "300",
                            "type": "CNAME"
                        },
                        "meta": {},
                        "tainted": false
                    },
                    "deposed": [],
                    "provider": "provider.google"
                },
                "google_dns_record_set.host_bare": {
                    "type": "google_dns_record_set",
                    "depends_on": [
                        "data.google_dns_managed_zone.host",
                        "google_compute_address.web-platform-tests-live-address"
                    ],
                    "primary": {
                        "id": "wpt-live/wpt.live./A",
                        "attributes": {
                            "id": "wpt-live/wpt.live./A",
                            "managed_zone": "wpt-live",
                            "name": "wpt.live.",
                            "project": "wptserve",
                            "rrdatas.#": "1",
                            "rrdatas.0": "104.154.99.184",
                            "ttl": "300",
                            "type": "A"
                        },
                        "meta": {},
                        "tainted": false
                    },
                    "deposed": [],
                    "provider": "provider.google"
                },
                "google_dns_record_set.host_nonexistent_subdomains": {
                    "type": "google_dns_record_set",
                    "depends_on": [
                        "data.google_dns_managed_zone.host"
                    ],
                    "primary": {
                        "id": "wpt-live/nonexistent.wpt.live./A",
                        "attributes": {
                            "id": "wpt-live/nonexistent.wpt.live./A",
                            "managed_zone": "wpt-live",
                            "name": "nonexistent.wpt.live.",
                            "project": "wptserve",
                            "rrdatas.#": "1",
                            "rrdatas.0": "0.0.0.0",
                            "ttl": "300",
                            "type": "A"
                        },
                        "meta": {},
                        "tainted": false
                    },
                    "deposed": [],
                    "provider": "provider.google"
                },
                "google_dns_record_set.host_subdomains": {
                    "type": "google_dns_record_set",
                    "depends_on": [
                        "data.google_dns_managed_zone.host"
                    ],
                    "primary": {
                        "id": "wpt-live/*.wpt.live./CNAME",
                        "attributes": {
                            "id": "wpt-live/*.wpt.live./CNAME",
                            "managed_zone": "wpt-live",
                            "name": "*.wpt.live.",
                            "project": "wptserve",
                            "rrdatas.#": "1",
                            "rrdatas.0": "wpt.live.",
                            "ttl": "300",
                            "type": "CNAME"
                        },
                        "meta": {},
                        "tainted": false
                    },
                    "deposed": [],
                    "provider": "provider.google"
                },
                "google_storage_bucket.certificates": {
                    "type": "google_storage_bucket",
                    "depends_on": [
                        "local.bucket_name"
                    ],
                    "primary": {
                        "id": "wpt-tot-certificates",
                        "attributes": {
                            "bucket_policy_only": "false",
                            "cors.#": "0",
                            "encryption.#": "0",
                            "force_destroy": "false",
                            "id": "wpt-tot-certificates",
                            "labels.%": "0",
                            "lifecycle_rule.#": "0",
                            "location": "US",
                            "logging.#": "0",
                            "name": "wpt-tot-certificates",
                            "project": "wptserve",
                            "requester_pays": "false",
                            "self_link": "https://www.googleapis.com/storage/v1/b/wpt-tot-certificates",
                            "storage_class": "STANDARD",
                            "url": "gs://wpt-tot-certificates",
                            "versioning.#": "0"
                        },
                        "meta": {},
                        "tainted": false
                    },
                    "deposed": [],
                    "provider": "provider.google"
                }
            },
            "depends_on": []
        },
        {
            "path": [
                "root",
                "wpt-server-submissions-image"
            ],
            "outputs": {
                "identifier": {
                    "sensitive": false,
                    "type": "string",
                    "value": "gcr.io/wptserve/wpt-live-wpt-server-submissions@sha256:80d965efcc150f992b36a77fc708f1135f9d3f1015dd3642d4b7387a3b10e9a1"
                }
            },
            "resources": {
                "data.external.image": {
                    "type": "external",
                    "depends_on": [],
                    "primary": {
                        "id": "-",
                        "attributes": {
                            "id": "-",
                            "program.#": "6",
                            "program.0": "python3",
                            "program.1": "/home/mike/projects/bocoup/google-wpt/web-platform-tests.live/.terraform/modules/b6e1cb7c851e6e5cdbb42d8668ae0766/latest-image.py",
                            "program.2": "--registry",
                            "program.3": "gcr.io",
                            "program.4": "--image",
                            "program.5": "wptserve/wpt-live-wpt-server-submissions",
                            "result.%": "2",
                            "result.identifier": "sha256:80d965efcc150f992b36a77fc708f1135f9d3f1015dd3642d4b7387a3b10e9a1",
                            "result.time_created": "1570479133268"
                        },
                        "meta": {},
                        "tainted": false
                    },
                    "deposed": [],
                    "provider": "provider.external"
                }
            },
            "depends_on": []
        },
        {
            "path": [
                "root",
                "wpt-server-tot-image"
            ],
            "outputs": {
                "identifier": {
                    "sensitive": false,
                    "type": "string",
                    "value": "gcr.io/wptserve/wpt-live-wpt-server-tot@sha256:8251f97c04df457a04dad0122d3cc85ac4f46168573fb65e1498831c363a9384"
                }
            },
            "resources": {
                "data.external.image": {
                    "type": "external",
                    "depends_on": [],
                    "primary": {
                        "id": "-",
                        "attributes": {
                            "id": "-",
                            "program.#": "6",
                            "program.0": "python3",
                            "program.1": "/home/mike/projects/bocoup/google-wpt/web-platform-tests.live/.terraform/modules/87f2a1166309de9f25a6d62f9940f267/latest-image.py",
                            "program.2": "--registry",
                            "program.3": "gcr.io",
                            "program.4": "--image",
                            "program.5": "wptserve/wpt-live-wpt-server-tot",
                            "result.%": "2",
                            "result.identifier": "sha256:8251f97c04df457a04dad0122d3cc85ac4f46168573fb65e1498831c363a9384",
                            "result.time_created": "1570479114668"
                        },
                        "meta": {},
                        "tainted": false
                    },
                    "deposed": [],
                    "provider": "provider.external"
                }
            },
            "depends_on": []
        },
        {
            "path": [
                "root",
                "wpt-submissions"
            ],
            "outputs": {
                "address": {
                    "sensitive": false,
                    "type": "string",
                    "value": "34.67.99.11"
                }
            },
            "resources": {
                "data.google_dns_managed_zone.alt_host": {
                    "type": "google_dns_managed_zone",
                    "depends_on": [],
                    "primary": {
                        "id": "not-wptpr-live",
                        "attributes": {
                            "description": "",
                            "dns_name": "not-wptpr.live.",
                            "id": "not-wptpr-live",
                            "name": "not-wptpr-live",
                            "name_servers.#": "4",
                            "name_servers.2123775407": "ns-cloud-d2.googledomains.com.",
                            "name_servers.2292922473": "ns-cloud-d4.googledomains.com.",
                            "name_servers.3779903025": "ns-cloud-d3.googledomains.com.",
                            "name_servers.92847948": "ns-cloud-d1.googledomains.com."
                        },
                        "meta": {},
                        "tainted": false
                    },
                    "deposed": [],
                    "provider": "provider.google"
                },
                "data.google_dns_managed_zone.host": {
                    "type": "google_dns_managed_zone",
                    "depends_on": [],
                    "primary": {
                        "id": "wptpr-live",
                        "attributes": {
                            "description": "",
                            "dns_name": "wptpr.live.",
                            "id": "wptpr-live",
                            "name": "wptpr-live",
                            "name_servers.#": "4",
                            "name_servers.2123775407": "ns-cloud-d2.googledomains.com.",
                            "name_servers.2292922473": "ns-cloud-d4.googledomains.com.",
                            "name_servers.3779903025": "ns-cloud-d3.googledomains.com.",
                            "name_servers.92847948": "ns-cloud-d1.googledomains.com."
                        },
                        "meta": {},
                        "tainted": false
                    },
                    "deposed": [],
                    "provider": "provider.google"
                },
                "google_compute_address.web-platform-tests-live-address": {
                    "type": "google_compute_address",
                    "depends_on": [],
                    "primary": {
                        "id": "wptserve/us-central1/wpt-submissions-address",
                        "attributes": {
                            "address": "34.67.99.11",
                            "address_type": "EXTERNAL",
                            "creation_timestamp": "2019-10-07T13:19:26.832-07:00",
                            "description": "",
                            "id": "wptserve/us-central1/wpt-submissions-address",
                            "name": "wpt-submissions-address",
                            "network_tier": "PREMIUM",
                            "project": "wptserve",
                            "region": "us-central1",
                            "self_link": "https://www.googleapis.com/compute/v1/projects/wptserve/regions/us-central1/addresses/wpt-submissions-address",
                            "subnetwork": "",
                            "users.#": "6",
                            "users.0": "https://www.googleapis.com/compute/v1/projects/wptserve/regions/us-central1/forwardingRules/wpt-submissions-load-balancing-2",
                            "users.1": "https://www.googleapis.com/compute/v1/projects/wptserve/regions/us-central1/forwardingRules/wpt-submissions-load-balancing-4",
                            "users.2": "https://www.googleapis.com/compute/v1/projects/wptserve/regions/us-central1/forwardingRules/wpt-submissions-load-balancing-0",
                            "users.3": "https://www.googleapis.com/compute/v1/projects/wptserve/regions/us-central1/forwardingRules/wpt-submissions-load-balancing-3",
                            "users.4": "https://www.googleapis.com/compute/v1/projects/wptserve/regions/us-central1/forwardingRules/wpt-submissions-load-balancing-5",
                            "users.5": "https://www.googleapis.com/compute/v1/projects/wptserve/regions/us-central1/forwardingRules/wpt-submissions-load-balancing-1"
                        },
                        "meta": {
                            "e2bfb730-ecaa-11e6-8f88-34363bc7c4c0": {
                                "create": 240000000000,
                                "delete": 240000000000
                            }
                        },
                        "tainted": false
                    },
                    "deposed": [],
                    "provider": "provider.google"
                },
                "google_compute_firewall.default-lb-fw": {
                    "type": "google_compute_firewall",
                    "depends_on": [
                        "local.forwarded_ports",
                        "local.lb_name",
                        "module.wpt-servers"
                    ],
                    "primary": {
                        "id": "wpt-submissions-load-balancing-vm-service",
                        "attributes": {
                            "allow.#": "1",
                            "allow.1348475165.ports.#": "6",
                            "allow.1348475165.ports.0": "80",
                            "allow.1348475165.ports.1": "8000",
                            "allow.1348475165.ports.2": "443",
                            "allow.1348475165.ports.3": "8001",
                            "allow.1348475165.ports.4": "8002",
                            "allow.1348475165.ports.5": "8003",
                            "allow.1348475165.protocol": "tcp",
                            "creation_timestamp": "2019-10-08T12:14:15.300-07:00",
                            "deny.#": "0",
                            "description": "",
                            "destination_ranges.#": "0",
                            "direction": "INGRESS",
                            "disabled": "false",
                            "id": "wpt-submissions-load-balancing-vm-service",
                            "name": "wpt-submissions-load-balancing-vm-service",
                            "network": "https://www.googleapis.com/compute/v1/projects/wptserve/global/networks/wpt-live-network",
                            "priority": "1000",
                            "project": "wptserve",
                            "self_link": "https://www.googleapis.com/compute/v1/projects/wptserve/global/firewalls/wpt-submissions-load-balancing-vm-service",
                            "source_ranges.#": "1",
                            "source_ranges.1080289494": "0.0.0.0/0",
                            "source_service_accounts.#": "0",
                            "source_tags.#": "0",
                            "target_service_accounts.#": "0",
                            "target_tags.#": "1",
                            "target_tags.3150661236": "wpt-submissions-allow"
                        },
                        "meta": {
                            "e2bfb730-ecaa-11e6-8f88-34363bc7c4c0": {
                                "create": 240000000000,
                                "delete": 240000000000,
                                "update": 240000000000
                            },
                            "schema_version": "1"
                        },
                        "tainted": false
                    },
                    "deposed": [],
                    "provider": "provider.google"
                },
                "google_compute_forwarding_rule.default.0": {
                    "type": "google_compute_forwarding_rule",
                    "depends_on": [
                        "google_compute_address.web-platform-tests-live-address",
                        "google_compute_target_pool.default",
                        "local.forwarded_ports",
                        "local.lb_name"
                    ],
                    "primary": {
                        "id": "wpt-submissions-load-balancing-0",
                        "attributes": {
                            "all_ports": "false",
                            "backend_service": "",
                            "creation_timestamp": "2019-10-07T13:19:38.185-07:00",
                            "description": "",
                            "id": "wpt-submissions-load-balancing-0",
                            "ip_address": "34.67.99.11",
                            "ip_protocol": "TCP",
                            "ip_version": "",
                            "load_balancing_scheme": "EXTERNAL",
                            "name": "wpt-submissions-load-balancing-0",
                            "network": "",
                            "network_tier": "PREMIUM",
                            "port_range": "80-80",
                            "ports.#": "0",
                            "project": "wptserve",
                            "region": "us-central1",
                            "self_link": "https://www.googleapis.com/compute/v1/projects/wptserve/regions/us-central1/forwardingRules/wpt-submissions-load-balancing-0",
                            "service_label": "",
                            "service_name": "",
                            "subnetwork": "",
                            "target": "https://www.googleapis.com/compute/v1/projects/wptserve/regions/us-central1/targetPools/wpt-submissions-load-balancing"
                        },
                        "meta": {
                            "e2bfb730-ecaa-11e6-8f88-34363bc7c4c0": {
                                "create": 240000000000,
                                "delete": 240000000000,
                                "update": 240000000000
                            }
                        },
                        "tainted": false
                    },
                    "deposed": [],
                    "provider": "provider.google"
                },
                "google_compute_forwarding_rule.default.1": {
                    "type": "google_compute_forwarding_rule",
                    "depends_on": [
                        "google_compute_address.web-platform-tests-live-address",
                        "google_compute_target_pool.default",
                        "local.forwarded_ports",
                        "local.lb_name"
                    ],
                    "primary": {
                        "id": "wpt-submissions-load-balancing-1",
                        "attributes": {
                            "all_ports": "false",
                            "backend_service": "",
                            "creation_timestamp": "2019-10-07T13:19:43.660-07:00",
                            "description": "",
                            "id": "wpt-submissions-load-balancing-1",
                            "ip_address": "34.67.99.11",
                            "ip_protocol": "TCP",
                            "ip_version": "",
                            "load_balancing_scheme": "EXTERNAL",
                            "name": "wpt-submissions-load-balancing-1",
                            "network": "",
                            "network_tier": "PREMIUM",
                            "port_range": "8000-8000",
                            "ports.#": "0",
                            "project": "wptserve",
                            "region": "us-central1",
                            "self_link": "https://www.googleapis.com/compute/v1/projects/wptserve/regions/us-central1/forwardingRules/wpt-submissions-load-balancing-1",
                            "service_label": "",
                            "service_name": "",
                            "subnetwork": "",
                            "target": "https://www.googleapis.com/compute/v1/projects/wptserve/regions/us-central1/targetPools/wpt-submissions-load-balancing"
                        },
                        "meta": {
                            "e2bfb730-ecaa-11e6-8f88-34363bc7c4c0": {
                                "create": 240000000000,
                                "delete": 240000000000,
                                "update": 240000000000
                            }
                        },
                        "tainted": false
                    },
                    "deposed": [],
                    "provider": "provider.google"
                },
                "google_compute_forwarding_rule.default.2": {
                    "type": "google_compute_forwarding_rule",
                    "depends_on": [
                        "google_compute_address.web-platform-tests-live-address",
                        "google_compute_target_pool.default",
                        "local.forwarded_ports",
                        "local.lb_name"
                    ],
                    "primary": {
                        "id": "wpt-submissions-load-balancing-2",
                        "attributes": {
                            "all_ports": "false",
                            "backend_service": "",
                            "creation_timestamp": "2019-10-07T13:19:37.478-07:00",
                            "description": "",
                            "id": "wpt-submissions-load-balancing-2",
                            "ip_address": "34.67.99.11",
                            "ip_protocol": "TCP",
                            "ip_version": "",
                            "load_balancing_scheme": "EXTERNAL",
                            "name": "wpt-submissions-load-balancing-2",
                            "network": "",
                            "network_tier": "PREMIUM",
                            "port_range": "443-443",
                            "ports.#": "0",
                            "project": "wptserve",
                            "region": "us-central1",
                            "self_link": "https://www.googleapis.com/compute/v1/projects/wptserve/regions/us-central1/forwardingRules/wpt-submissions-load-balancing-2",
                            "service_label": "",
                            "service_name": "",
                            "subnetwork": "",
                            "target": "https://www.googleapis.com/compute/v1/projects/wptserve/regions/us-central1/targetPools/wpt-submissions-load-balancing"
                        },
                        "meta": {
                            "e2bfb730-ecaa-11e6-8f88-34363bc7c4c0": {
                                "create": 240000000000,
                                "delete": 240000000000,
                                "update": 240000000000
                            }
                        },
                        "tainted": false
                    },
                    "deposed": [],
                    "provider": "provider.google"
                },
                "google_compute_forwarding_rule.default.3": {
                    "type": "google_compute_forwarding_rule",
                    "depends_on": [
                        "google_compute_address.web-platform-tests-live-address",
                        "google_compute_target_pool.default",
                        "local.forwarded_ports",
                        "local.lb_name"
                    ],
                    "primary": {
                        "id": "wpt-submissions-load-balancing-3",
                        "attributes": {
                            "all_ports": "false",
                            "backend_service": "",
                            "creation_timestamp": "2019-10-07T13:19:41.277-07:00",
                            "description": "",
                            "id": "wpt-submissions-load-balancing-3",
                            "ip_address": "34.67.99.11",
                            "ip_protocol": "TCP",
                            "ip_version": "",
                            "load_balancing_scheme": "EXTERNAL",
                            "name": "wpt-submissions-load-balancing-3",
                            "network": "",
                            "network_tier": "PREMIUM",
                            "port_range": "8001-8001",
                            "ports.#": "0",
                            "project": "wptserve",
                            "region": "us-central1",
                            "self_link": "https://www.googleapis.com/compute/v1/projects/wptserve/regions/us-central1/forwardingRules/wpt-submissions-load-balancing-3",
                            "service_label": "",
                            "service_name": "",
                            "subnetwork": "",
                            "target": "https://www.googleapis.com/compute/v1/projects/wptserve/regions/us-central1/targetPools/wpt-submissions-load-balancing"
                        },
                        "meta": {
                            "e2bfb730-ecaa-11e6-8f88-34363bc7c4c0": {
                                "create": 240000000000,
                                "delete": 240000000000,
                                "update": 240000000000
                            }
                        },
                        "tainted": false
                    },
                    "deposed": [],
                    "provider": "provider.google"
                },
                "google_compute_forwarding_rule.default.4": {
                    "type": "google_compute_forwarding_rule",
                    "depends_on": [
                        "google_compute_address.web-platform-tests-live-address",
                        "google_compute_target_pool.default",
                        "local.forwarded_ports",
                        "local.lb_name"
                    ],
                    "primary": {
                        "id": "wpt-submissions-load-balancing-4",
                        "attributes": {
                            "all_ports": "false",
                            "backend_service": "",
                            "creation_timestamp": "2019-10-07T13:19:37.900-07:00",
                            "description": "",
                            "id": "wpt-submissions-load-balancing-4",
                            "ip_address": "34.67.99.11",
                            "ip_protocol": "TCP",
                            "ip_version": "",
                            "load_balancing_scheme": "EXTERNAL",
                            "name": "wpt-submissions-load-balancing-4",
                            "network": "",
                            "network_tier": "PREMIUM",
                            "port_range": "8002-8002",
                            "ports.#": "0",
                            "project": "wptserve",
                            "region": "us-central1",
                            "self_link": "https://www.googleapis.com/compute/v1/projects/wptserve/regions/us-central1/forwardingRules/wpt-submissions-load-balancing-4",
                            "service_label": "",
                            "service_name": "",
                            "subnetwork": "",
                            "target": "https://www.googleapis.com/compute/v1/projects/wptserve/regions/us-central1/targetPools/wpt-submissions-load-balancing"
                        },
                        "meta": {
                            "e2bfb730-ecaa-11e6-8f88-34363bc7c4c0": {
                                "create": 240000000000,
                                "delete": 240000000000,
                                "update": 240000000000
                            }
                        },
                        "tainted": false
                    },
                    "deposed": [],
                    "provider": "provider.google"
                },
                "google_compute_forwarding_rule.default.5": {
                    "type": "google_compute_forwarding_rule",
                    "depends_on": [
                        "google_compute_address.web-platform-tests-live-address",
                        "google_compute_target_pool.default",
                        "local.forwarded_ports",
                        "local.lb_name"
                    ],
                    "primary": {
                        "id": "wpt-submissions-load-balancing-5",
                        "attributes": {
                            "all_ports": "false",
                            "backend_service": "",
                            "creation_timestamp": "2019-10-07T13:19:43.038-07:00",
                            "description": "",
                            "id": "wpt-submissions-load-balancing-5",
                            "ip_address": "34.67.99.11",
                            "ip_protocol": "TCP",
                            "ip_version": "",
                            "load_balancing_scheme": "EXTERNAL",
                            "name": "wpt-submissions-load-balancing-5",
                            "network": "",
                            "network_tier": "PREMIUM",
                            "port_range": "8003-8003",
                            "ports.#": "0",
                            "project": "wptserve",
                            "region": "us-central1",
                            "self_link": "https://www.googleapis.com/compute/v1/projects/wptserve/regions/us-central1/forwardingRules/wpt-submissions-load-balancing-5",
                            "service_label": "",
                            "service_name": "",
                            "subnetwork": "",
                            "target": "https://www.googleapis.com/compute/v1/projects/wptserve/regions/us-central1/targetPools/wpt-submissions-load-balancing"
                        },
                        "meta": {
                            "e2bfb730-ecaa-11e6-8f88-34363bc7c4c0": {
                                "create": 240000000000,
                                "delete": 240000000000,
                                "update": 240000000000
                            }
                        },
                        "tainted": false
                    },
                    "deposed": [],
                    "provider": "provider.google"
                },
                "google_compute_http_health_check.default": {
                    "type": "google_compute_http_health_check",
                    "depends_on": [
                        "local.lb_name",
                        "module.wpt-servers"
                    ],
                    "primary": {
                        "id": "wpt-submissions-load-balancing-health-check",
                        "attributes": {
                            "check_interval_sec": "5",
                            "creation_timestamp": "2019-10-07T13:19:29.412-07:00",
                            "description": "",
                            "healthy_threshold": "2",
                            "host": "",
                            "id": "wpt-submissions-load-balancing-health-check",
                            "name": "wpt-submissions-load-balancing-health-check",
                            "port": "80",
                            "project": "wptserve",
                            "request_path": "/?gcp-health-check-load-balancing",
                            "self_link": "https://www.googleapis.com/compute/v1/projects/wptserve/global/httpHealthChecks/wpt-submissions-load-balancing-health-check",
                            "timeout_sec": "5",
                            "unhealthy_threshold": "2"
                        },
                        "meta": {
                            "e2bfb730-ecaa-11e6-8f88-34363bc7c4c0": {
                                "create": 240000000000,
                                "delete": 240000000000,
                                "update": 240000000000
                            }
                        },
                        "tainted": false
                    },
                    "deposed": [],
                    "provider": "provider.google"
                },
                "google_compute_target_pool.default": {
                    "type": "google_compute_target_pool",
                    "depends_on": [
                        "google_compute_http_health_check.default",
                        "local.lb_name"
                    ],
                    "primary": {
                        "id": "wpt-submissions-load-balancing",
                        "attributes": {
                            "backup_pool": "",
                            "description": "",
                            "failover_ratio": "0",
                            "health_checks.#": "1",
                            "health_checks.0": "https://www.googleapis.com/compute/v1/projects/wptserve/global/httpHealthChecks/wpt-submissions-load-balancing-health-check",
                            "id": "wpt-submissions-load-balancing",
                            "instances.#": "2",
                            "instances.3950984921": "us-central1-b/wpt-submissions-wpt-servers-gvsc",
                            "instances.4084632885": "us-central1-b/wpt-submissions-wpt-servers-tq0p",
                            "name": "wpt-submissions-load-balancing",
                            "project": "wptserve",
                            "region": "us-central1",
                            "self_link": "https://www.googleapis.com/compute/v1/projects/wptserve/regions/us-central1/targetPools/wpt-submissions-load-balancing",
                            "session_affinity": "CLIENT_IP_PROTO"
                        },
                        "meta": {},
                        "tainted": false
                    },
                    "deposed": [],
                    "provider": "provider.google"
                },
                "google_dns_record_set.alt_host_bare": {
                    "type": "google_dns_record_set",
                    "depends_on": [
                        "data.google_dns_managed_zone.alt_host",
                        "google_compute_address.web-platform-tests-live-address"
                    ],
                    "primary": {
                        "id": "not-wptpr-live/not-wptpr.live./A",
                        "attributes": {
                            "id": "not-wptpr-live/not-wptpr.live./A",
                            "managed_zone": "not-wptpr-live",
                            "name": "not-wptpr.live.",
                            "project": "wptserve",
                            "rrdatas.#": "1",
                            "rrdatas.0": "34.67.99.11",
                            "ttl": "300",
                            "type": "A"
                        },
                        "meta": {},
                        "tainted": false
                    },
                    "deposed": [],
                    "provider": "provider.google"
                },
                "google_dns_record_set.alt_host_nonexistent_subdomains": {
                    "type": "google_dns_record_set",
                    "depends_on": [
                        "data.google_dns_managed_zone.alt_host"
                    ],
                    "primary": {
                        "id": "not-wptpr-live/nonexistent.not-wptpr.live./A",
                        "attributes": {
                            "id": "not-wptpr-live/nonexistent.not-wptpr.live./A",
                            "managed_zone": "not-wptpr-live",
                            "name": "nonexistent.not-wptpr.live.",
                            "project": "wptserve",
                            "rrdatas.#": "1",
                            "rrdatas.0": "0.0.0.0",
                            "ttl": "300",
                            "type": "A"
                        },
                        "meta": {},
                        "tainted": false
                    },
                    "deposed": [],
                    "provider": "provider.google"
                },
                "google_dns_record_set.alt_host_subdomains": {
                    "type": "google_dns_record_set",
                    "depends_on": [
                        "data.google_dns_managed_zone.alt_host"
                    ],
                    "primary": {
                        "id": "not-wptpr-live/*.not-wptpr.live./CNAME",
                        "attributes": {
                            "id": "not-wptpr-live/*.not-wptpr.live./CNAME",
                            "managed_zone": "not-wptpr-live",
                            "name": "*.not-wptpr.live.",
                            "project": "wptserve",
                            "rrdatas.#": "1",
                            "rrdatas.0": "not-wptpr.live.",
                            "ttl": "300",
                            "type": "CNAME"
                        },
                        "meta": {},
                        "tainted": false
                    },
                    "deposed": [],
                    "provider": "provider.google"
                },
                "google_dns_record_set.host_bare": {
                    "type": "google_dns_record_set",
                    "depends_on": [
                        "data.google_dns_managed_zone.host",
                        "google_compute_address.web-platform-tests-live-address"
                    ],
                    "primary": {
                        "id": "wptpr-live/wptpr.live./A",
                        "attributes": {
                            "id": "wptpr-live/wptpr.live./A",
                            "managed_zone": "wptpr-live",
                            "name": "wptpr.live.",
                            "project": "wptserve",
                            "rrdatas.#": "1",
                            "rrdatas.0": "34.67.99.11",
                            "ttl": "300",
                            "type": "A"
                        },
                        "meta": {},
                        "tainted": false
                    },
                    "deposed": [],
                    "provider": "provider.google"
                },
                "google_dns_record_set.host_nonexistent_subdomains": {
                    "type": "google_dns_record_set",
                    "depends_on": [
                        "data.google_dns_managed_zone.host"
                    ],
                    "primary": {
                        "id": "wptpr-live/nonexistent.wptpr.live./A",
                        "attributes": {
                            "id": "wptpr-live/nonexistent.wptpr.live./A",
                            "managed_zone": "wptpr-live",
                            "name": "nonexistent.wptpr.live.",
                            "project": "wptserve",
                            "rrdatas.#": "1",
                            "rrdatas.0": "0.0.0.0",
                            "ttl": "300",
                            "type": "A"
                        },
                        "meta": {},
                        "tainted": false
                    },
                    "deposed": [],
                    "provider": "provider.google"
                },
                "google_dns_record_set.host_subdomains": {
                    "type": "google_dns_record_set",
                    "depends_on": [
                        "data.google_dns_managed_zone.host"
                    ],
                    "primary": {
                        "id": "wptpr-live/*.wptpr.live./CNAME",
                        "attributes": {
                            "id": "wptpr-live/*.wptpr.live./CNAME",
                            "managed_zone": "wptpr-live",
                            "name": "*.wptpr.live.",
                            "project": "wptserve",
                            "rrdatas.#": "1",
                            "rrdatas.0": "wptpr.live.",
                            "ttl": "300",
                            "type": "CNAME"
                        },
                        "meta": {},
                        "tainted": false
                    },
                    "deposed": [],
                    "provider": "provider.google"
                },
                "google_storage_bucket.certificates": {
                    "type": "google_storage_bucket",
                    "depends_on": [
                        "local.bucket_name"
                    ],
                    "primary": {
                        "id": "wpt-submissions-certificates",
                        "attributes": {
                            "bucket_policy_only": "false",
                            "cors.#": "0",
                            "encryption.#": "0",
                            "force_destroy": "false",
                            "id": "wpt-submissions-certificates",
                            "labels.%": "0",
                            "lifecycle_rule.#": "0",
                            "location": "US",
                            "logging.#": "0",
                            "name": "wpt-submissions-certificates",
                            "project": "wptserve",
                            "requester_pays": "false",
                            "self_link": "https://www.googleapis.com/storage/v1/b/wpt-submissions-certificates",
                            "storage_class": "STANDARD",
                            "url": "gs://wpt-submissions-certificates",
                            "versioning.#": "0"
                        },
                        "meta": {},
                        "tainted": false
                    },
                    "deposed": [],
                    "provider": "provider.google"
                }
            },
            "depends_on": []
        },
        {
            "path": [
                "root",
                "wpt-live",
                "cert-renewer-container"
            ],
            "outputs": {
                "container": {
                    "sensitive": false,
                    "type": "map",
                    "value": {
                        "env": [
                            {
                                "name": "WPT_HOST",
                                "value": "wpt.live"
                            },
                            {
                                "name": "WPT_ALT_HOST",
                                "value": "not-wpt.live"
                            },
                            {
                                "name": "WPT_BUCKET",
                                "value": "wpt-tot-certificates"
                            }
                        ],
                        "image": "gcr.io/wptserve/wpt-live-cert-renewer@sha256:5b3c0a3a2b0d7e2a0e1c0303874d09bb3214aa93dec55ac245cf1c81e7d117d5"
                    }
                },
                "metadata_key": {
                    "sensitive": false,
                    "type": "string",
                    "value": "gce-container-declaration"
                },
                "metadata_value": {
                    "sensitive": false,
                    "type": "string",
                    "value": "---\nspec:\n  containers:\n  - env:\n    - name: WPT_HOST\n      value: wpt.live\n    - name: WPT_ALT_HOST\n      value: not-wpt.live\n    - name: WPT_BUCKET\n      value: wpt-tot-certificates\n    image: gcr.io/wptserve/wpt-live-cert-renewer@sha256:5b3c0a3a2b0d7e2a0e1c0303874d09bb3214aa93dec55ac245cf1c81e7d117d5\n  restartPolicy: Always\n  volumes: []\n"
                },
                "restart_policy": {
                    "sensitive": false,
                    "type": "string",
                    "value": "Always"
                },
                "source_image": {
                    "sensitive": false,
                    "type": "string",
                    "value": "https://www.googleapis.com/compute/v1/projects/cos-cloud/global/images/cos-stable-77-12371-76-0"
                },
                "vm_container_label": {
                    "sensitive": false,
                    "type": "string",
                    "value": "cos-stable-77-12371-76-0"
                },
                "vm_container_label_key": {
                    "sensitive": false,
                    "type": "string",
                    "value": "container-vm"
                },
                "volumes": {
                    "sensitive": false,
                    "type": "list",
                    "value": []
                }
            },
            "resources": {
                "data.external.spec_as_yaml": {
                    "type": "external",
                    "depends_on": [
                        "local.spec"
                    ],
                    "primary": {
                        "id": "-",
                        "attributes": {
                            "id": "-",
                            "program.#": "2",
                            "program.0": "ruby",
                            "program.1": "/home/mike/projects/bocoup/google-wpt/web-platform-tests.live/.terraform/modules/34dbc0d0ce584c6ae6982d1d38b3c9f6/helpers/map_to_yaml.rb",
                            "query.%": "1",
                            "query.root": "{\"spec\":{\"containers\":[{\"env\":[{\"name\":\"WPT_HOST\",\"value\":\"wpt.live\"},{\"name\":\"WPT_ALT_HOST\",\"value\":\"not-wpt.live\"},{\"name\":\"WPT_BUCKET\",\"value\":\"wpt-tot-certificates\"}],\"image\":\"gcr.io/wptserve/wpt-live-cert-renewer@sha256:5b3c0a3a2b0d7e2a0e1c0303874d09bb3214aa93dec55ac245cf1c81e7d117d5\"}],\"restartPolicy\":\"Always\",\"volumes\":[]}}",
                            "result.%": "1",
                            "result.rendered": "---\nspec:\n  containers:\n  - env:\n    - name: WPT_HOST\n      value: wpt.live\n    - name: WPT_ALT_HOST\n      value: not-wpt.live\n    - name: WPT_BUCKET\n      value: wpt-tot-certificates\n    image: gcr.io/wptserve/wpt-live-cert-renewer@sha256:5b3c0a3a2b0d7e2a0e1c0303874d09bb3214aa93dec55ac245cf1c81e7d117d5\n  restartPolicy: Always\n  volumes: []\n"
                        },
                        "meta": {},
                        "tainted": false
                    },
                    "deposed": [],
                    "provider": "provider.external"
                },
                "data.google_compute_image.coreos": {
                    "type": "google_compute_image",
                    "depends_on": [
                        "local.coreos_image_family",
                        "local.coreos_project"
                    ],
                    "primary": {
                        "id": "cos-cloud/family/cos-stable",
                        "attributes": {
                            "archive_size_bytes": "5951069440",
                            "creation_timestamp": "2019-09-27T16:44:54.974-07:00",
                            "description": "Google, Container-Optimized OS, 77-12371.76.0 stable, Kernel: ChromiumOS-4.19.72 Kubernetes: 1.15.3 Docker: 19.03.1 Family: cos-stable, Secure Boot ready",
                            "disk_size_gb": "10",
                            "family": "cos-stable",
                            "id": "cos-cloud/family/cos-stable",
                            "image_encryption_key_sha256": "",
                            "image_id": "7359915132390154265",
                            "label_fingerprint": "42WmSpB8rSM=",
                            "labels.%": "0",
                            "licenses.#": "3",
                            "licenses.0": "https://www.googleapis.com/compute/v1/projects/cos-cloud-shielded/global/licenses/shielded-cos",
                            "licenses.1": "https://www.googleapis.com/compute/v1/projects/cos-cloud/global/licenses/cos",
                            "licenses.2": "https://www.googleapis.com/compute/v1/projects/cos-cloud/global/licenses/cos-pcid",
                            "name": "cos-stable-77-12371-76-0",
                            "project": "cos-cloud",
                            "self_link": "https://www.googleapis.com/compute/v1/projects/cos-cloud/global/images/cos-stable-77-12371-76-0",
                            "source_disk": "",
                            "source_disk_encryption_key_sha256": "",
                            "source_disk_id": "",
                            "source_image_id": "",
                            "status": "READY"
                        },
                        "meta": {},
                        "tainted": false
                    },
                    "deposed": [],
                    "provider": "provider.google"
                }
            },
            "depends_on": []
        },
        {
            "path": [
                "root",
                "wpt-live",
                "cert-renewers"
            ],
            "outputs": {
                "depends_id": {
                    "sensitive": false,
                    "type": "string",
                    "value": "6063767243522861342"
                },
                "health_check": {
                    "sensitive": false,
                    "type": "string",
                    "value": ""
                },
                "instance_group": {
                    "sensitive": false,
                    "type": "string",
                    "value": "https://www.googleapis.com/compute/v1/projects/wptserve/zones/us-central1-b/instanceGroups/wpt-tot-cert-renewers"
                },
                "instance_template": {
                    "sensitive": false,
                    "type": "list",
                    "value": [
                        "https://www.googleapis.com/compute/beta/projects/wptserve/global/instanceTemplates/default-20191007202020792200000004"
                    ]
                },
                "instances": {
                    "sensitive": false,
                    "type": "list",
                    "value": [
                        [
                            "https://www.googleapis.com/compute/v1/projects/wptserve/zones/us-central1-b/instances/wpt-tot-cert-renewers-xlnm"
                        ]
                    ]
                },
                "name": {
                    "sensitive": false,
                    "type": "string",
                    "value": "wpt-tot-cert-renewers"
                },
                "network_ip": {
                    "sensitive": false,
                    "type": "string",
                    "value": ""
                },
                "region_depends_id": {
                    "sensitive": false,
                    "type": "string",
                    "value": ""
                },
                "region_instance_group": {
                    "sensitive": false,
                    "type": "string",
                    "value": ""
                },
                "service_port": {
                    "sensitive": false,
                    "type": "string",
                    "value": "8004"
                },
                "service_port_name": {
                    "sensitive": false,
                    "type": "string",
                    "value": "http"
                },
                "target_tags": {
                    "sensitive": false,
                    "type": "list",
                    "value": [
                        "wpt-tot-allow"
                    ]
                }
            },
            "resources": {
                "data.google_compute_instance_group.zonal": {
                    "type": "google_compute_instance_group",
                    "depends_on": [
                        "google_compute_instance_group_manager.default.*",
                        "local.dependency_id"
                    ],
                    "primary": {
                        "id": "us-central1-b/wpt-tot-cert-renewers",
                        "attributes": {
                            "description": "This instance group is controlled by Instance Group Manager 'wpt-tot-cert-renewers'. To modify instances in this group, use the Instance Group Manager API: https://cloud.google.com/compute/docs/reference/latest/instanceGroupManagers",
                            "id": "us-central1-b/wpt-tot-cert-renewers",
                            "instances.#": "1",
                            "instances.960019957": "https://www.googleapis.com/compute/v1/projects/wptserve/zones/us-central1-b/instances/wpt-tot-cert-renewers-xlnm",
                            "name": "wpt-tot-cert-renewers",
                            "named_port.#": "1",
                            "named_port.0.name": "http",
                            "named_port.0.port": "8004",
                            "network": "https://www.googleapis.com/compute/v1/projects/wptserve/global/networks/wpt-live-network",
                            "project": "wptserve",
                            "self_link": "https://www.googleapis.com/compute/v1/projects/wptserve/zones/us-central1-b/instanceGroups/wpt-tot-cert-renewers",
                            "size": "1",
                            "zone": "us-central1-b"
                        },
                        "meta": {},
                        "tainted": false
                    },
                    "deposed": [],
                    "provider": "provider.google"
                },
                "data.google_compute_zones.available": {
                    "type": "google_compute_zones",
                    "depends_on": [],
                    "primary": {
                        "id": "2019-10-08 19:11:13.309766314 +0000 UTC",
                        "attributes": {
                            "id": "2019-10-08 19:11:13.309766314 +0000 UTC",
                            "names.#": "4",
                            "names.0": "us-central1-a",
                            "names.1": "us-central1-b",
                            "names.2": "us-central1-c",
                            "names.3": "us-central1-f",
                            "project": "wptserve",
                            "region": "us-central1"
                        },
                        "meta": {},
                        "tainted": false
                    },
                    "deposed": [],
                    "provider": "provider.google"
                },
                "google_compute_instance_group_manager.default": {
                    "type": "google_compute_instance_group_manager",
                    "depends_on": [
                        "google_compute_health_check.mig-health-check.*",
                        "google_compute_instance_template.default"
                    ],
                    "primary": {
                        "id": "wptserve/us-central1-b/wpt-tot-cert-renewers",
                        "attributes": {
                            "auto_healing_policies.#": "1",
                            "auto_healing_policies.0.health_check": "",
                            "auto_healing_policies.0.initial_delay_sec": "30",
                            "base_instance_name": "wpt-tot-cert-renewers",
                            "description": "compute VM Instance Group",
                            "fingerprint": "8KwWwyy9OPY=",
                            "id": "wptserve/us-central1-b/wpt-tot-cert-renewers",
                            "instance_group": "https://www.googleapis.com/compute/v1/projects/wptserve/zones/us-central1-b/instanceGroups/wpt-tot-cert-renewers",
                            "name": "wpt-tot-cert-renewers",
                            "named_port.#": "1",
                            "named_port.1374678711.name": "http",
                            "named_port.1374678711.port": "8004",
                            "project": "wptserve",
                            "self_link": "https://www.googleapis.com/compute/v1/projects/wptserve/zones/us-central1-b/instanceGroupManagers/wpt-tot-cert-renewers",
                            "target_pools.#": "0",
                            "target_size": "1",
                            "update_policy.#": "1",
                            "update_policy.0.max_surge_fixed": "0",
                            "update_policy.0.max_surge_percent": "0",
                            "update_policy.0.max_unavailable_fixed": "1",
                            "update_policy.0.max_unavailable_percent": "0",
                            "update_policy.0.min_ready_sec": "0",
                            "update_policy.0.minimal_action": "RESTART",
                            "update_policy.0.type": "PROACTIVE",
                            "version.#": "1",
                            "version.0.instance_template": "https://www.googleapis.com/compute/v1/projects/wptserve/global/instanceTemplates/default-20191007202020792200000004",
                            "version.0.name": "wpt-tot-cert-renewers-default",
                            "version.0.target_size.#": "0",
                            "wait_for_instances": "false",
                            "zone": "us-central1-b"
                        },
                        "meta": {
                            "e2bfb730-ecaa-11e6-8f88-34363bc7c4c0": {
                                "create": 300000000000,
                                "delete": 900000000000,
                                "update": 300000000000
                            }
                        },
                        "tainted": false
                    },
                    "deposed": [],
                    "provider": "provider.google-beta"
                },
                "google_compute_instance_template.default": {
                    "type": "google_compute_instance_template",
                    "depends_on": [],
                    "primary": {
                        "id": "default-20191007202020792200000004",
                        "attributes": {
                            "can_ip_forward": "false",
                            "description": "",
                            "disk.#": "1",
                            "disk.0.auto_delete": "true",
                            "disk.0.boot": "true",
                            "disk.0.device_name": "persistent-disk-0",
                            "disk.0.disk_encryption_key.#": "0",
                            "disk.0.disk_name": "",
                            "disk.0.disk_size_gb": "0",
                            "disk.0.disk_type": "pd-ssd",
                            "disk.0.interface": "SCSI",
                            "disk.0.mode": "READ_WRITE",
                            "disk.0.source": "",
                            "disk.0.source_image": "projects/cos-cloud/global/images/cos-stable-77-12371-76-0",
                            "disk.0.type": "PERSISTENT",
                            "id": "default-20191007202020792200000004",
                            "instance_description": "",
                            "labels.%": "1",
                            "labels.container-vm": "cos-stable-77-12371-76-0",
                            "machine_type": "f1-micro",
                            "metadata.%": "4",
                            "metadata.gce-container-declaration": "---\nspec:\n  containers:\n  - env:\n    - name: WPT_HOST\n      value: wpt.live\n    - name: WPT_ALT_HOST\n      value: not-wpt.live\n    - name: WPT_BUCKET\n      value: wpt-tot-certificates\n    image: gcr.io/wptserve/wpt-live-cert-renewer@sha256:5b3c0a3a2b0d7e2a0e1c0303874d09bb3214aa93dec55ac245cf1c81e7d117d5\n  restartPolicy: Always\n  volumes: []\n",
                            "metadata.google-logging-enabled": "true",
                            "metadata.startup-script": "",
                            "metadata.tf_depends_id": "",
                            "metadata_fingerprint": "gU0-L1g2xoE=",
                            "min_cpu_platform": "",
                            "name": "default-20191007202020792200000004",
                            "name_prefix": "default-",
                            "network_interface.#": "1",
                            "network_interface.0.access_config.#": "1",
                            "network_interface.0.access_config.0.assigned_nat_ip": "",
                            "network_interface.0.access_config.0.nat_ip": "",
                            "network_interface.0.access_config.0.network_tier": "PREMIUM",
                            "network_interface.0.address": "",
                            "network_interface.0.alias_ip_range.#": "0",
                            "network_interface.0.network": "https://www.googleapis.com/compute/v1/projects/wptserve/global/networks/wpt-live-network",
                            "network_interface.0.network_ip": "",
                            "network_interface.0.subnetwork": "https://www.googleapis.com/compute/v1/projects/wptserve/regions/us-central1/subnetworks/wpt-live-subnetwork",
                            "network_interface.0.subnetwork_project": "wptserve",
                            "project": "wptserve",
                            "region": "us-central1",
                            "scheduling.#": "1",
                            "scheduling.0.automatic_restart": "true",
                            "scheduling.0.node_affinities.#": "0",
                            "scheduling.0.on_host_maintenance": "MIGRATE",
                            "scheduling.0.preemptible": "false",
                            "self_link": "https://www.googleapis.com/compute/beta/projects/wptserve/global/instanceTemplates/default-20191007202020792200000004",
                            "service_account.#": "1",
                            "service_account.0.email": "default",
                            "service_account.0.scopes.#": "1",
                            "service_account.0.scopes.1733087937": "https://www.googleapis.com/auth/cloud-platform",
                            "tags.#": "2",
                            "tags.2542268873": "allow-ssh",
                            "tags.2803589456": "wpt-tot-allow",
                            "tags_fingerprint": ""
                        },
                        "meta": {
                            "schema_version": "1"
                        },
                        "tainted": false
                    },
                    "deposed": [],
                    "provider": "provider.google"
                },
                "null_resource.dummy_dependency": {
                    "type": "null_resource",
                    "depends_on": [
                        "google_compute_instance_group_manager.default",
                        "google_compute_instance_template.default.*"
                    ],
                    "primary": {
                        "id": "6063767243522861342",
                        "attributes": {
                            "id": "6063767243522861342",
                            "triggers.%": "1",
                            "triggers.instance_template": "https://www.googleapis.com/compute/beta/projects/wptserve/global/instanceTemplates/default-20191007202020792200000004"
                        },
                        "meta": {},
                        "tainted": false
                    },
                    "deposed": [],
                    "provider": "provider.null"
                }
            },
            "depends_on": []
        },
        {
            "path": [
                "root",
                "wpt-live",
                "wpt-server-container"
            ],
            "outputs": {
                "container": {
                    "sensitive": false,
                    "type": "map",
                    "value": {
                        "env": [
                            {
                                "name": "WPT_HOST",
                                "value": "wpt.live"
                            },
                            {
                                "name": "WPT_ALT_HOST",
                                "value": "not-wpt.live"
                            },
                            {
                                "name": "WPT_BUCKET",
                                "value": "wpt-tot-certificates"
                            }
                        ],
                        "image": "gcr.io/wptserve/wpt-live-wpt-server-tot@sha256:8251f97c04df457a04dad0122d3cc85ac4f46168573fb65e1498831c363a9384"
                    }
                },
                "metadata_key": {
                    "sensitive": false,
                    "type": "string",
                    "value": "gce-container-declaration"
                },
                "metadata_value": {
                    "sensitive": false,
                    "type": "string",
                    "value": "---\nspec:\n  containers:\n  - env:\n    - name: WPT_HOST\n      value: wpt.live\n    - name: WPT_ALT_HOST\n      value: not-wpt.live\n    - name: WPT_BUCKET\n      value: wpt-tot-certificates\n    image: gcr.io/wptserve/wpt-live-wpt-server-tot@sha256:8251f97c04df457a04dad0122d3cc85ac4f46168573fb65e1498831c363a9384\n  restartPolicy: Always\n  volumes: []\n"
                },
                "restart_policy": {
                    "sensitive": false,
                    "type": "string",
                    "value": "Always"
                },
                "source_image": {
                    "sensitive": false,
                    "type": "string",
                    "value": "https://www.googleapis.com/compute/v1/projects/cos-cloud/global/images/cos-stable-77-12371-76-0"
                },
                "vm_container_label": {
                    "sensitive": false,
                    "type": "string",
                    "value": "cos-stable-77-12371-76-0"
                },
                "vm_container_label_key": {
                    "sensitive": false,
                    "type": "string",
                    "value": "container-vm"
                },
                "volumes": {
                    "sensitive": false,
                    "type": "list",
                    "value": []
                }
            },
            "resources": {
                "data.external.spec_as_yaml": {
                    "type": "external",
                    "depends_on": [
                        "local.spec"
                    ],
                    "primary": {
                        "id": "-",
                        "attributes": {
                            "id": "-",
                            "program.#": "2",
                            "program.0": "ruby",
                            "program.1": "/home/mike/projects/bocoup/google-wpt/web-platform-tests.live/.terraform/modules/0c3ecb6d825cdcbf43c2a8ee2bf5dd9a/helpers/map_to_yaml.rb",
                            "query.%": "1",
                            "query.root": "{\"spec\":{\"containers\":[{\"env\":[{\"name\":\"WPT_HOST\",\"value\":\"wpt.live\"},{\"name\":\"WPT_ALT_HOST\",\"value\":\"not-wpt.live\"},{\"name\":\"WPT_BUCKET\",\"value\":\"wpt-tot-certificates\"}],\"image\":\"gcr.io/wptserve/wpt-live-wpt-server-tot@sha256:8251f97c04df457a04dad0122d3cc85ac4f46168573fb65e1498831c363a9384\"}],\"restartPolicy\":\"Always\",\"volumes\":[]}}",
                            "result.%": "1",
                            "result.rendered": "---\nspec:\n  containers:\n  - env:\n    - name: WPT_HOST\n      value: wpt.live\n    - name: WPT_ALT_HOST\n      value: not-wpt.live\n    - name: WPT_BUCKET\n      value: wpt-tot-certificates\n    image: gcr.io/wptserve/wpt-live-wpt-server-tot@sha256:8251f97c04df457a04dad0122d3cc85ac4f46168573fb65e1498831c363a9384\n  restartPolicy: Always\n  volumes: []\n"
                        },
                        "meta": {},
                        "tainted": false
                    },
                    "deposed": [],
                    "provider": "provider.external"
                },
                "data.google_compute_image.coreos": {
                    "type": "google_compute_image",
                    "depends_on": [
                        "local.coreos_image_family",
                        "local.coreos_project"
                    ],
                    "primary": {
                        "id": "cos-cloud/family/cos-stable",
                        "attributes": {
                            "archive_size_bytes": "5951069440",
                            "creation_timestamp": "2019-09-27T16:44:54.974-07:00",
                            "description": "Google, Container-Optimized OS, 77-12371.76.0 stable, Kernel: ChromiumOS-4.19.72 Kubernetes: 1.15.3 Docker: 19.03.1 Family: cos-stable, Secure Boot ready",
                            "disk_size_gb": "10",
                            "family": "cos-stable",
                            "id": "cos-cloud/family/cos-stable",
                            "image_encryption_key_sha256": "",
                            "image_id": "7359915132390154265",
                            "label_fingerprint": "42WmSpB8rSM=",
                            "labels.%": "0",
                            "licenses.#": "3",
                            "licenses.0": "https://www.googleapis.com/compute/v1/projects/cos-cloud-shielded/global/licenses/shielded-cos",
                            "licenses.1": "https://www.googleapis.com/compute/v1/projects/cos-cloud/global/licenses/cos",
                            "licenses.2": "https://www.googleapis.com/compute/v1/projects/cos-cloud/global/licenses/cos-pcid",
                            "name": "cos-stable-77-12371-76-0",
                            "project": "cos-cloud",
                            "self_link": "https://www.googleapis.com/compute/v1/projects/cos-cloud/global/images/cos-stable-77-12371-76-0",
                            "source_disk": "",
                            "source_disk_encryption_key_sha256": "",
                            "source_disk_id": "",
                            "source_image_id": "",
                            "status": "READY"
                        },
                        "meta": {},
                        "tainted": false
                    },
                    "deposed": [],
                    "provider": "provider.google"
                }
            },
            "depends_on": []
        },
        {
            "path": [
                "root",
                "wpt-live",
                "wpt-servers"
            ],
            "outputs": {
                "depends_id": {
                    "sensitive": false,
                    "type": "string",
                    "value": "2939084510434260950"
                },
                "health_check": {
                    "sensitive": false,
                    "type": "string",
                    "value": "https://www.googleapis.com/compute/v1/projects/wptserve/global/healthChecks/wpt-tot-wpt-servers"
                },
                "instance_group": {
                    "sensitive": false,
                    "type": "string",
                    "value": "https://www.googleapis.com/compute/v1/projects/wptserve/zones/us-central1-b/instanceGroups/wpt-tot-wpt-servers"
                },
                "instance_template": {
                    "sensitive": false,
                    "type": "list",
                    "value": [
                        "https://www.googleapis.com/compute/beta/projects/wptserve/global/instanceTemplates/default-20191007202020786100000003"
                    ]
                },
                "instances": {
                    "sensitive": false,
                    "type": "list",
                    "value": [
                        [
                            "https://www.googleapis.com/compute/v1/projects/wptserve/zones/us-central1-b/instances/wpt-tot-wpt-servers-kdqb",
                            "https://www.googleapis.com/compute/v1/projects/wptserve/zones/us-central1-b/instances/wpt-tot-wpt-servers-4f80"
                        ]
                    ]
                },
                "name": {
                    "sensitive": false,
                    "type": "string",
                    "value": "wpt-tot-wpt-servers"
                },
                "network_ip": {
                    "sensitive": false,
                    "type": "string",
                    "value": ""
                },
                "region_depends_id": {
                    "sensitive": false,
                    "type": "string",
                    "value": ""
                },
                "region_instance_group": {
                    "sensitive": false,
                    "type": "string",
                    "value": ""
                },
                "service_port_1": {
                    "sensitive": false,
                    "type": "string",
                    "value": "80"
                },
                "service_port_1_name": {
                    "sensitive": false,
                    "type": "string",
                    "value": "http-primary"
                },
                "service_port_2": {
                    "sensitive": false,
                    "type": "string",
                    "value": "8000"
                },
                "service_port_2_name": {
                    "sensitive": false,
                    "type": "string",
                    "value": "http-secondary"
                },
                "service_port_3": {
                    "sensitive": false,
                    "type": "string",
                    "value": "443"
                },
                "service_port_3_name": {
                    "sensitive": false,
                    "type": "string",
                    "value": "https"
                },
                "service_port_4": {
                    "sensitive": false,
                    "type": "string",
                    "value": "8001"
                },
                "service_port_4_name": {
                    "sensitive": false,
                    "type": "string",
                    "value": "http2"
                },
                "service_port_5": {
                    "sensitive": false,
                    "type": "string",
                    "value": "8002"
                },
                "service_port_5_name": {
                    "sensitive": false,
                    "type": "string",
                    "value": "websocket"
                },
                "service_port_6": {
                    "sensitive": false,
                    "type": "string",
                    "value": "8003"
                },
                "service_port_6_name": {
                    "sensitive": false,
                    "type": "string",
                    "value": "websocket-secure"
                },
                "target_tags": {
                    "sensitive": false,
                    "type": "list",
                    "value": [
                        "wpt-tot-allow"
                    ]
                }
            },
            "resources": {
                "data.google_compute_instance_group.zonal": {
                    "type": "google_compute_instance_group",
                    "depends_on": [
                        "google_compute_instance_group_manager.default.*",
                        "local.dependency_id"
                    ],
                    "primary": {
                        "id": "us-central1-b/wpt-tot-wpt-servers",
                        "attributes": {
                            "description": "This instance group is controlled by Instance Group Manager 'wpt-tot-wpt-servers'. To modify instances in this group, use the Instance Group Manager API: https://cloud.google.com/compute/docs/reference/latest/instanceGroupManagers",
                            "id": "us-central1-b/wpt-tot-wpt-servers",
                            "instances.#": "2",
                            "instances.1465903675": "https://www.googleapis.com/compute/v1/projects/wptserve/zones/us-central1-b/instances/wpt-tot-wpt-servers-kdqb",
                            "instances.1668015413": "https://www.googleapis.com/compute/v1/projects/wptserve/zones/us-central1-b/instances/wpt-tot-wpt-servers-4f80",
                            "name": "wpt-tot-wpt-servers",
                            "named_port.#": "6",
                            "named_port.0.name": "http2",
                            "named_port.0.port": "8001",
                            "named_port.1.name": "http-primary",
                            "named_port.1.port": "80",
                            "named_port.2.name": "http-secondary",
                            "named_port.2.port": "8000",
                            "named_port.3.name": "websocket",
                            "named_port.3.port": "8002",
                            "named_port.4.name": "https",
                            "named_port.4.port": "443",
                            "named_port.5.name": "websocket-secure",
                            "named_port.5.port": "8003",
                            "network": "https://www.googleapis.com/compute/v1/projects/wptserve/global/networks/wpt-live-network",
                            "project": "wptserve",
                            "self_link": "https://www.googleapis.com/compute/v1/projects/wptserve/zones/us-central1-b/instanceGroups/wpt-tot-wpt-servers",
                            "size": "2",
                            "zone": "us-central1-b"
                        },
                        "meta": {},
                        "tainted": false
                    },
                    "deposed": [],
                    "provider": "provider.google"
                },
                "data.google_compute_zones.available": {
                    "type": "google_compute_zones",
                    "depends_on": [],
                    "primary": {
                        "id": "2019-10-08 19:11:13.523883694 +0000 UTC",
                        "attributes": {
                            "id": "2019-10-08 19:11:13.523883694 +0000 UTC",
                            "names.#": "4",
                            "names.0": "us-central1-a",
                            "names.1": "us-central1-b",
                            "names.2": "us-central1-c",
                            "names.3": "us-central1-f",
                            "project": "wptserve",
                            "region": "us-central1"
                        },
                        "meta": {},
                        "tainted": false
                    },
                    "deposed": [],
                    "provider": "provider.google"
                },
                "google_compute_firewall.mig-health-check": {
                    "type": "google_compute_firewall",
                    "depends_on": [],
                    "primary": {
                        "id": "wpt-tot-wpt-servers-vm-hc",
                        "attributes": {
                            "allow.#": "1",
                            "allow.680193008.ports.#": "1",
                            "allow.680193008.ports.0": "443",
                            "allow.680193008.protocol": "tcp",
                            "creation_timestamp": "2019-10-08T12:14:15.211-07:00",
                            "deny.#": "0",
                            "description": "",
                            "destination_ranges.#": "0",
                            "direction": "INGRESS",
                            "disabled": "false",
                            "id": "wpt-tot-wpt-servers-vm-hc",
                            "name": "wpt-tot-wpt-servers-vm-hc",
                            "network": "https://www.googleapis.com/compute/v1/projects/wptserve/global/networks/wpt-live-network",
                            "priority": "1000",
                            "project": "wptserve",
                            "self_link": "https://www.googleapis.com/compute/v1/projects/wptserve/global/firewalls/wpt-tot-wpt-servers-vm-hc",
                            "source_ranges.#": "2",
                            "source_ranges.2192388802": "130.211.0.0/22",
                            "source_ranges.2394378644": "35.191.0.0/16",
                            "source_service_accounts.#": "0",
                            "source_tags.#": "0",
                            "target_service_accounts.#": "0",
                            "target_tags.#": "1",
                            "target_tags.2803589456": "wpt-tot-allow"
                        },
                        "meta": {
                            "e2bfb730-ecaa-11e6-8f88-34363bc7c4c0": {
                                "create": 240000000000,
                                "delete": 240000000000,
                                "update": 240000000000
                            },
                            "schema_version": "1"
                        },
                        "tainted": false
                    },
                    "deposed": [],
                    "provider": "provider.google"
                },
                "google_compute_health_check.mig-health-check": {
                    "type": "google_compute_health_check",
                    "depends_on": [],
                    "primary": {
                        "id": "wpt-tot-wpt-servers",
                        "attributes": {
                            "check_interval_sec": "10",
                            "creation_timestamp": "2019-10-07T13:19:29.401-07:00",
                            "description": "",
                            "healthy_threshold": "3",
                            "http_health_check.#": "0",
                            "https_health_check.#": "1",
                            "https_health_check.0.host": "",
                            "https_health_check.0.port": "443",
                            "https_health_check.0.proxy_header": "NONE",
                            "https_health_check.0.request_path": "/?gcp-health-check",
                            "https_health_check.0.response": "",
                            "id": "wpt-tot-wpt-servers",
                            "name": "wpt-tot-wpt-servers",
                            "project": "wptserve",
                            "self_link": "https://www.googleapis.com/compute/v1/projects/wptserve/global/healthChecks/wpt-tot-wpt-servers",
                            "ssl_health_check.#": "0",
                            "tcp_health_check.#": "0",
                            "timeout_sec": "10",
                            "type": "HTTPS",
                            "unhealthy_threshold": "6"
                        },
                        "meta": {
                            "e2bfb730-ecaa-11e6-8f88-34363bc7c4c0": {
                                "create": 240000000000,
                                "delete": 240000000000,
                                "update": 240000000000
                            }
                        },
                        "tainted": false
                    },
                    "deposed": [],
                    "provider": "provider.google"
                },
                "google_compute_instance_group_manager.default": {
                    "type": "google_compute_instance_group_manager",
                    "depends_on": [
                        "google_compute_health_check.mig-health-check.*",
                        "google_compute_instance_template.default"
                    ],
                    "primary": {
                        "id": "wptserve/us-central1-b/wpt-tot-wpt-servers",
                        "attributes": {
                            "auto_healing_policies.#": "1",
                            "auto_healing_policies.0.health_check": "https://www.googleapis.com/compute/beta/projects/wptserve/global/healthChecks/wpt-tot-wpt-servers",
                            "auto_healing_policies.0.initial_delay_sec": "30",
                            "base_instance_name": "wpt-tot-wpt-servers",
                            "description": "compute VM Instance Group",
                            "fingerprint": "wyMIGjMUs1s=",
                            "id": "wptserve/us-central1-b/wpt-tot-wpt-servers",
                            "instance_group": "https://www.googleapis.com/compute/v1/projects/wptserve/zones/us-central1-b/instanceGroups/wpt-tot-wpt-servers",
                            "name": "wpt-tot-wpt-servers",
                            "named_port.#": "6",
                            "named_port.2276636974.name": "http2",
                            "named_port.2276636974.port": "8001",
                            "named_port.2721583918.name": "http-primary",
                            "named_port.2721583918.port": "80",
                            "named_port.3173555449.name": "http-secondary",
                            "named_port.3173555449.port": "8000",
                            "named_port.4259663301.name": "websocket",
                            "named_port.4259663301.port": "8002",
                            "named_port.613541658.name": "https",
                            "named_port.613541658.port": "443",
                            "named_port.862847079.name": "websocket-secure",
                            "named_port.862847079.port": "8003",
                            "project": "wptserve",
                            "self_link": "https://www.googleapis.com/compute/v1/projects/wptserve/zones/us-central1-b/instanceGroupManagers/wpt-tot-wpt-servers",
                            "target_pools.#": "1",
                            "target_pools.293708755": "https://www.googleapis.com/compute/v1/projects/wptserve/regions/us-central1/targetPools/wpt-tot-load-balancing",
                            "target_size": "2",
                            "update_policy.#": "1",
                            "update_policy.0.max_surge_fixed": "0",
                            "update_policy.0.max_surge_percent": "0",
                            "update_policy.0.max_unavailable_fixed": "1",
                            "update_policy.0.max_unavailable_percent": "0",
                            "update_policy.0.min_ready_sec": "0",
                            "update_policy.0.minimal_action": "RESTART",
                            "update_policy.0.type": "PROACTIVE",
                            "version.#": "1",
                            "version.0.instance_template": "https://www.googleapis.com/compute/v1/projects/wptserve/global/instanceTemplates/default-20191007202020786100000003",
                            "version.0.name": "wpt-tot-wpt-servers-default",
                            "version.0.target_size.#": "0",
                            "wait_for_instances": "false",
                            "zone": "us-central1-b"
                        },
                        "meta": {
                            "e2bfb730-ecaa-11e6-8f88-34363bc7c4c0": {
                                "create": 300000000000,
                                "delete": 900000000000,
                                "update": 300000000000
                            }
                        },
                        "tainted": false
                    },
                    "deposed": [],
                    "provider": "provider.google-beta"
                },
                "google_compute_instance_template.default": {
                    "type": "google_compute_instance_template",
                    "depends_on": [],
                    "primary": {
                        "id": "default-20191007202020786100000003",
                        "attributes": {
                            "can_ip_forward": "false",
                            "description": "",
                            "disk.#": "1",
                            "disk.0.auto_delete": "true",
                            "disk.0.boot": "true",
                            "disk.0.device_name": "persistent-disk-0",
                            "disk.0.disk_encryption_key.#": "0",
                            "disk.0.disk_name": "",
                            "disk.0.disk_size_gb": "0",
                            "disk.0.disk_type": "pd-ssd",
                            "disk.0.interface": "SCSI",
                            "disk.0.mode": "READ_WRITE",
                            "disk.0.source": "",
                            "disk.0.source_image": "projects/cos-cloud/global/images/cos-stable-77-12371-76-0",
                            "disk.0.type": "PERSISTENT",
                            "id": "default-20191007202020786100000003",
                            "instance_description": "",
                            "labels.%": "1",
                            "labels.container-vm": "cos-stable-77-12371-76-0",
                            "machine_type": "g1-small",
                            "metadata.%": "4",
                            "metadata.gce-container-declaration": "---\nspec:\n  containers:\n  - env:\n    - name: WPT_HOST\n      value: wpt.live\n    - name: WPT_ALT_HOST\n      value: not-wpt.live\n    - name: WPT_BUCKET\n      value: wpt-tot-certificates\n    image: gcr.io/wptserve/wpt-live-wpt-server-tot@sha256:8251f97c04df457a04dad0122d3cc85ac4f46168573fb65e1498831c363a9384\n  restartPolicy: Always\n  volumes: []\n",
                            "metadata.google-logging-enabled": "true",
                            "metadata.startup-script": "",
                            "metadata.tf_depends_id": "",
                            "metadata_fingerprint": "JaPHdMFxAIs=",
                            "min_cpu_platform": "",
                            "name": "default-20191007202020786100000003",
                            "name_prefix": "default-",
                            "network_interface.#": "1",
                            "network_interface.0.access_config.#": "1",
                            "network_interface.0.access_config.0.assigned_nat_ip": "",
                            "network_interface.0.access_config.0.nat_ip": "",
                            "network_interface.0.access_config.0.network_tier": "PREMIUM",
                            "network_interface.0.address": "",
                            "network_interface.0.alias_ip_range.#": "0",
                            "network_interface.0.network": "https://www.googleapis.com/compute/v1/projects/wptserve/global/networks/wpt-live-network",
                            "network_interface.0.network_ip": "",
                            "network_interface.0.subnetwork": "https://www.googleapis.com/compute/v1/projects/wptserve/regions/us-central1/subnetworks/wpt-live-subnetwork",
                            "network_interface.0.subnetwork_project": "wptserve",
                            "project": "wptserve",
                            "region": "us-central1",
                            "scheduling.#": "1",
                            "scheduling.0.automatic_restart": "true",
                            "scheduling.0.node_affinities.#": "0",
                            "scheduling.0.on_host_maintenance": "MIGRATE",
                            "scheduling.0.preemptible": "false",
                            "self_link": "https://www.googleapis.com/compute/beta/projects/wptserve/global/instanceTemplates/default-20191007202020786100000003",
                            "service_account.#": "1",
                            "service_account.0.email": "default",
                            "service_account.0.scopes.#": "2",
                            "service_account.0.scopes.1632638332": "https://www.googleapis.com/auth/devstorage.read_only",
                            "service_account.0.scopes.172152165": "https://www.googleapis.com/auth/logging.write",
                            "tags.#": "2",
                            "tags.2542268873": "allow-ssh",
                            "tags.2803589456": "wpt-tot-allow",
                            "tags_fingerprint": ""
                        },
                        "meta": {
                            "schema_version": "1"
                        },
                        "tainted": false
                    },
                    "deposed": [],
                    "provider": "provider.google"
                },
                "null_resource.dummy_dependency": {
                    "type": "null_resource",
                    "depends_on": [
                        "google_compute_instance_group_manager.default",
                        "google_compute_instance_template.default.*"
                    ],
                    "primary": {
                        "id": "2939084510434260950",
                        "attributes": {
                            "id": "2939084510434260950",
                            "triggers.%": "1",
                            "triggers.instance_template": "https://www.googleapis.com/compute/beta/projects/wptserve/global/instanceTemplates/default-20191007202020786100000003"
                        },
                        "meta": {},
                        "tainted": false
                    },
                    "deposed": [],
                    "provider": "provider.null"
                }
            },
            "depends_on": []
        },
        {
            "path": [
                "root",
                "wpt-submissions",
                "cert-renewer-container"
            ],
            "outputs": {
                "container": {
                    "sensitive": false,
                    "type": "map",
                    "value": {
                        "env": [
                            {
                                "name": "WPT_HOST",
                                "value": "wptpr.live"
                            },
                            {
                                "name": "WPT_ALT_HOST",
                                "value": "not-wptpr.live"
                            },
                            {
                                "name": "WPT_BUCKET",
                                "value": "wpt-submissions-certificates"
                            }
                        ],
                        "image": "gcr.io/wptserve/wpt-live-cert-renewer@sha256:5b3c0a3a2b0d7e2a0e1c0303874d09bb3214aa93dec55ac245cf1c81e7d117d5"
                    }
                },
                "metadata_key": {
                    "sensitive": false,
                    "type": "string",
                    "value": "gce-container-declaration"
                },
                "metadata_value": {
                    "sensitive": false,
                    "type": "string",
                    "value": "---\nspec:\n  containers:\n  - env:\n    - name: WPT_HOST\n      value: wptpr.live\n    - name: WPT_ALT_HOST\n      value: not-wptpr.live\n    - name: WPT_BUCKET\n      value: wpt-submissions-certificates\n    image: gcr.io/wptserve/wpt-live-cert-renewer@sha256:5b3c0a3a2b0d7e2a0e1c0303874d09bb3214aa93dec55ac245cf1c81e7d117d5\n  restartPolicy: Always\n  volumes: []\n"
                },
                "restart_policy": {
                    "sensitive": false,
                    "type": "string",
                    "value": "Always"
                },
                "source_image": {
                    "sensitive": false,
                    "type": "string",
                    "value": "https://www.googleapis.com/compute/v1/projects/cos-cloud/global/images/cos-stable-77-12371-76-0"
                },
                "vm_container_label": {
                    "sensitive": false,
                    "type": "string",
                    "value": "cos-stable-77-12371-76-0"
                },
                "vm_container_label_key": {
                    "sensitive": false,
                    "type": "string",
                    "value": "container-vm"
                },
                "volumes": {
                    "sensitive": false,
                    "type": "list",
                    "value": []
                }
            },
            "resources": {
                "data.external.spec_as_yaml": {
                    "type": "external",
                    "depends_on": [
                        "local.spec"
                    ],
                    "primary": {
                        "id": "-",
                        "attributes": {
                            "id": "-",
                            "program.#": "2",
                            "program.0": "ruby",
                            "program.1": "/home/mike/projects/bocoup/google-wpt/web-platform-tests.live/.terraform/modules/91f95225e06135d18115daf762e04c8b/helpers/map_to_yaml.rb",
                            "query.%": "1",
                            "query.root": "{\"spec\":{\"containers\":[{\"env\":[{\"name\":\"WPT_HOST\",\"value\":\"wptpr.live\"},{\"name\":\"WPT_ALT_HOST\",\"value\":\"not-wptpr.live\"},{\"name\":\"WPT_BUCKET\",\"value\":\"wpt-submissions-certificates\"}],\"image\":\"gcr.io/wptserve/wpt-live-cert-renewer@sha256:5b3c0a3a2b0d7e2a0e1c0303874d09bb3214aa93dec55ac245cf1c81e7d117d5\"}],\"restartPolicy\":\"Always\",\"volumes\":[]}}",
                            "result.%": "1",
                            "result.rendered": "---\nspec:\n  containers:\n  - env:\n    - name: WPT_HOST\n      value: wptpr.live\n    - name: WPT_ALT_HOST\n      value: not-wptpr.live\n    - name: WPT_BUCKET\n      value: wpt-submissions-certificates\n    image: gcr.io/wptserve/wpt-live-cert-renewer@sha256:5b3c0a3a2b0d7e2a0e1c0303874d09bb3214aa93dec55ac245cf1c81e7d117d5\n  restartPolicy: Always\n  volumes: []\n"
                        },
                        "meta": {},
                        "tainted": false
                    },
                    "deposed": [],
                    "provider": "provider.external"
                },
                "data.google_compute_image.coreos": {
                    "type": "google_compute_image",
                    "depends_on": [
                        "local.coreos_image_family",
                        "local.coreos_project"
                    ],
                    "primary": {
                        "id": "cos-cloud/family/cos-stable",
                        "attributes": {
                            "archive_size_bytes": "5951069440",
                            "creation_timestamp": "2019-09-27T16:44:54.974-07:00",
                            "description": "Google, Container-Optimized OS, 77-12371.76.0 stable, Kernel: ChromiumOS-4.19.72 Kubernetes: 1.15.3 Docker: 19.03.1 Family: cos-stable, Secure Boot ready",
                            "disk_size_gb": "10",
                            "family": "cos-stable",
                            "id": "cos-cloud/family/cos-stable",
                            "image_encryption_key_sha256": "",
                            "image_id": "7359915132390154265",
                            "label_fingerprint": "42WmSpB8rSM=",
                            "labels.%": "0",
                            "licenses.#": "3",
                            "licenses.0": "https://www.googleapis.com/compute/v1/projects/cos-cloud-shielded/global/licenses/shielded-cos",
                            "licenses.1": "https://www.googleapis.com/compute/v1/projects/cos-cloud/global/licenses/cos",
                            "licenses.2": "https://www.googleapis.com/compute/v1/projects/cos-cloud/global/licenses/cos-pcid",
                            "name": "cos-stable-77-12371-76-0",
                            "project": "cos-cloud",
                            "self_link": "https://www.googleapis.com/compute/v1/projects/cos-cloud/global/images/cos-stable-77-12371-76-0",
                            "source_disk": "",
                            "source_disk_encryption_key_sha256": "",
                            "source_disk_id": "",
                            "source_image_id": "",
                            "status": "READY"
                        },
                        "meta": {},
                        "tainted": false
                    },
                    "deposed": [],
                    "provider": "provider.google"
                }
            },
            "depends_on": []
        },
        {
            "path": [
                "root",
                "wpt-submissions",
                "cert-renewers"
            ],
            "outputs": {
                "depends_id": {
                    "sensitive": false,
                    "type": "string",
                    "value": "8843923267815106642"
                },
                "health_check": {
                    "sensitive": false,
                    "type": "string",
                    "value": ""
                },
                "instance_group": {
                    "sensitive": false,
                    "type": "string",
                    "value": "https://www.googleapis.com/compute/v1/projects/wptserve/zones/us-central1-b/instanceGroups/wpt-submissions-cert-renewers"
                },
                "instance_template": {
                    "sensitive": false,
                    "type": "list",
                    "value": [
                        "https://www.googleapis.com/compute/beta/projects/wptserve/global/instanceTemplates/default-20191007202020785900000002"
                    ]
                },
                "instances": {
                    "sensitive": false,
                    "type": "list",
                    "value": [
                        [
                            "https://www.googleapis.com/compute/v1/projects/wptserve/zones/us-central1-b/instances/wpt-submissions-cert-renewers-5pcc"
                        ]
                    ]
                },
                "name": {
                    "sensitive": false,
                    "type": "string",
                    "value": "wpt-submissions-cert-renewers"
                },
                "network_ip": {
                    "sensitive": false,
                    "type": "string",
                    "value": ""
                },
                "region_depends_id": {
                    "sensitive": false,
                    "type": "string",
                    "value": ""
                },
                "region_instance_group": {
                    "sensitive": false,
                    "type": "string",
                    "value": ""
                },
                "service_port": {
                    "sensitive": false,
                    "type": "string",
                    "value": "8004"
                },
                "service_port_name": {
                    "sensitive": false,
                    "type": "string",
                    "value": "http"
                },
                "target_tags": {
                    "sensitive": false,
                    "type": "list",
                    "value": [
                        "wpt-submissions-allow"
                    ]
                }
            },
            "resources": {
                "data.google_compute_instance_group.zonal": {
                    "type": "google_compute_instance_group",
                    "depends_on": [
                        "google_compute_instance_group_manager.default.*",
                        "local.dependency_id"
                    ],
                    "primary": {
                        "id": "us-central1-b/wpt-submissions-cert-renewers",
                        "attributes": {
                            "description": "This instance group is controlled by Instance Group Manager 'wpt-submissions-cert-renewers'. To modify instances in this group, use the Instance Group Manager API: https://cloud.google.com/compute/docs/reference/latest/instanceGroupManagers",
                            "id": "us-central1-b/wpt-submissions-cert-renewers",
                            "instances.#": "1",
                            "instances.699454140": "https://www.googleapis.com/compute/v1/projects/wptserve/zones/us-central1-b/instances/wpt-submissions-cert-renewers-5pcc",
                            "name": "wpt-submissions-cert-renewers",
                            "named_port.#": "1",
                            "named_port.0.name": "http",
                            "named_port.0.port": "8004",
                            "network": "https://www.googleapis.com/compute/v1/projects/wptserve/global/networks/wpt-live-network",
                            "project": "wptserve",
                            "self_link": "https://www.googleapis.com/compute/v1/projects/wptserve/zones/us-central1-b/instanceGroups/wpt-submissions-cert-renewers",
                            "size": "1",
                            "zone": "us-central1-b"
                        },
                        "meta": {},
                        "tainted": false
                    },
                    "deposed": [],
                    "provider": "provider.google"
                },
                "data.google_compute_zones.available": {
                    "type": "google_compute_zones",
                    "depends_on": [],
                    "primary": {
                        "id": "2019-10-08 19:11:13.612356234 +0000 UTC",
                        "attributes": {
                            "id": "2019-10-08 19:11:13.612356234 +0000 UTC",
                            "names.#": "4",
                            "names.0": "us-central1-a",
                            "names.1": "us-central1-b",
                            "names.2": "us-central1-c",
                            "names.3": "us-central1-f",
                            "project": "wptserve",
                            "region": "us-central1"
                        },
                        "meta": {},
                        "tainted": false
                    },
                    "deposed": [],
                    "provider": "provider.google"
                },
                "google_compute_instance_group_manager.default": {
                    "type": "google_compute_instance_group_manager",
                    "depends_on": [
                        "google_compute_health_check.mig-health-check.*",
                        "google_compute_instance_template.default"
                    ],
                    "primary": {
                        "id": "wptserve/us-central1-b/wpt-submissions-cert-renewers",
                        "attributes": {
                            "auto_healing_policies.#": "1",
                            "auto_healing_policies.0.health_check": "",
                            "auto_healing_policies.0.initial_delay_sec": "30",
                            "base_instance_name": "wpt-submissions-cert-renewers",
                            "description": "compute VM Instance Group",
                            "fingerprint": "BqVNFu9qUY4=",
                            "id": "wptserve/us-central1-b/wpt-submissions-cert-renewers",
                            "instance_group": "https://www.googleapis.com/compute/v1/projects/wptserve/zones/us-central1-b/instanceGroups/wpt-submissions-cert-renewers",
                            "name": "wpt-submissions-cert-renewers",
                            "named_port.#": "1",
                            "named_port.1374678711.name": "http",
                            "named_port.1374678711.port": "8004",
                            "project": "wptserve",
                            "self_link": "https://www.googleapis.com/compute/v1/projects/wptserve/zones/us-central1-b/instanceGroupManagers/wpt-submissions-cert-renewers",
                            "target_pools.#": "0",
                            "target_size": "1",
                            "update_policy.#": "1",
                            "update_policy.0.max_surge_fixed": "0",
                            "update_policy.0.max_surge_percent": "0",
                            "update_policy.0.max_unavailable_fixed": "1",
                            "update_policy.0.max_unavailable_percent": "0",
                            "update_policy.0.min_ready_sec": "0",
                            "update_policy.0.minimal_action": "RESTART",
                            "update_policy.0.type": "PROACTIVE",
                            "version.#": "1",
                            "version.0.instance_template": "https://www.googleapis.com/compute/v1/projects/wptserve/global/instanceTemplates/default-20191007202020785900000002",
                            "version.0.name": "wpt-submissions-cert-renewers-default",
                            "version.0.target_size.#": "0",
                            "wait_for_instances": "false",
                            "zone": "us-central1-b"
                        },
                        "meta": {
                            "e2bfb730-ecaa-11e6-8f88-34363bc7c4c0": {
                                "create": 300000000000,
                                "delete": 900000000000,
                                "update": 300000000000
                            }
                        },
                        "tainted": false
                    },
                    "deposed": [],
                    "provider": "provider.google-beta"
                },
                "google_compute_instance_template.default": {
                    "type": "google_compute_instance_template",
                    "depends_on": [],
                    "primary": {
                        "id": "default-20191007202020785900000002",
                        "attributes": {
                            "can_ip_forward": "false",
                            "description": "",
                            "disk.#": "1",
                            "disk.0.auto_delete": "true",
                            "disk.0.boot": "true",
                            "disk.0.device_name": "persistent-disk-0",
                            "disk.0.disk_encryption_key.#": "0",
                            "disk.0.disk_name": "",
                            "disk.0.disk_size_gb": "0",
                            "disk.0.disk_type": "pd-ssd",
                            "disk.0.interface": "SCSI",
                            "disk.0.mode": "READ_WRITE",
                            "disk.0.source": "",
                            "disk.0.source_image": "projects/cos-cloud/global/images/cos-stable-77-12371-76-0",
                            "disk.0.type": "PERSISTENT",
                            "id": "default-20191007202020785900000002",
                            "instance_description": "",
                            "labels.%": "1",
                            "labels.container-vm": "cos-stable-77-12371-76-0",
                            "machine_type": "f1-micro",
                            "metadata.%": "4",
                            "metadata.gce-container-declaration": "---\nspec:\n  containers:\n  - env:\n    - name: WPT_HOST\n      value: wptpr.live\n    - name: WPT_ALT_HOST\n      value: not-wptpr.live\n    - name: WPT_BUCKET\n      value: wpt-submissions-certificates\n    image: gcr.io/wptserve/wpt-live-cert-renewer@sha256:5b3c0a3a2b0d7e2a0e1c0303874d09bb3214aa93dec55ac245cf1c81e7d117d5\n  restartPolicy: Always\n  volumes: []\n",
                            "metadata.google-logging-enabled": "true",
                            "metadata.startup-script": "",
                            "metadata.tf_depends_id": "",
                            "metadata_fingerprint": "Xk8TGDd0cQM=",
                            "min_cpu_platform": "",
                            "name": "default-20191007202020785900000002",
                            "name_prefix": "default-",
                            "network_interface.#": "1",
                            "network_interface.0.access_config.#": "1",
                            "network_interface.0.access_config.0.assigned_nat_ip": "",
                            "network_interface.0.access_config.0.nat_ip": "",
                            "network_interface.0.access_config.0.network_tier": "PREMIUM",
                            "network_interface.0.address": "",
                            "network_interface.0.alias_ip_range.#": "0",
                            "network_interface.0.network": "https://www.googleapis.com/compute/v1/projects/wptserve/global/networks/wpt-live-network",
                            "network_interface.0.network_ip": "",
                            "network_interface.0.subnetwork": "https://www.googleapis.com/compute/v1/projects/wptserve/regions/us-central1/subnetworks/wpt-live-subnetwork",
                            "network_interface.0.subnetwork_project": "wptserve",
                            "project": "wptserve",
                            "region": "us-central1",
                            "scheduling.#": "1",
                            "scheduling.0.automatic_restart": "true",
                            "scheduling.0.node_affinities.#": "0",
                            "scheduling.0.on_host_maintenance": "MIGRATE",
                            "scheduling.0.preemptible": "false",
                            "self_link": "https://www.googleapis.com/compute/beta/projects/wptserve/global/instanceTemplates/default-20191007202020785900000002",
                            "service_account.#": "1",
                            "service_account.0.email": "default",
                            "service_account.0.scopes.#": "1",
                            "service_account.0.scopes.1733087937": "https://www.googleapis.com/auth/cloud-platform",
                            "tags.#": "2",
                            "tags.2542268873": "allow-ssh",
                            "tags.3150661236": "wpt-submissions-allow",
                            "tags_fingerprint": ""
                        },
                        "meta": {
                            "schema_version": "1"
                        },
                        "tainted": false
                    },
                    "deposed": [],
                    "provider": "provider.google"
                },
                "null_resource.dummy_dependency": {
                    "type": "null_resource",
                    "depends_on": [
                        "google_compute_instance_group_manager.default",
                        "google_compute_instance_template.default.*"
                    ],
                    "primary": {
                        "id": "8843923267815106642",
                        "attributes": {
                            "id": "8843923267815106642",
                            "triggers.%": "1",
                            "triggers.instance_template": "https://www.googleapis.com/compute/beta/projects/wptserve/global/instanceTemplates/default-20191007202020785900000002"
                        },
                        "meta": {},
                        "tainted": false
                    },
                    "deposed": [],
                    "provider": "provider.null"
                }
            },
            "depends_on": []
        },
        {
            "path": [
                "root",
                "wpt-submissions",
                "wpt-server-container"
            ],
            "outputs": {
                "container": {
                    "sensitive": false,
                    "type": "map",
                    "value": {
                        "env": [
                            {
                                "name": "WPT_HOST",
                                "value": "wptpr.live"
                            },
                            {
                                "name": "WPT_ALT_HOST",
                                "value": "not-wptpr.live"
                            },
                            {
                                "name": "WPT_BUCKET",
                                "value": "wpt-submissions-certificates"
                            }
                        ],
                        "image": "gcr.io/wptserve/wpt-live-wpt-server-submissions@sha256:80d965efcc150f992b36a77fc708f1135f9d3f1015dd3642d4b7387a3b10e9a1"
                    }
                },
                "metadata_key": {
                    "sensitive": false,
                    "type": "string",
                    "value": "gce-container-declaration"
                },
                "metadata_value": {
                    "sensitive": false,
                    "type": "string",
                    "value": "---\nspec:\n  containers:\n  - env:\n    - name: WPT_HOST\n      value: wptpr.live\n    - name: WPT_ALT_HOST\n      value: not-wptpr.live\n    - name: WPT_BUCKET\n      value: wpt-submissions-certificates\n    image: gcr.io/wptserve/wpt-live-wpt-server-submissions@sha256:80d965efcc150f992b36a77fc708f1135f9d3f1015dd3642d4b7387a3b10e9a1\n  restartPolicy: Always\n  volumes: []\n"
                },
                "restart_policy": {
                    "sensitive": false,
                    "type": "string",
                    "value": "Always"
                },
                "source_image": {
                    "sensitive": false,
                    "type": "string",
                    "value": "https://www.googleapis.com/compute/v1/projects/cos-cloud/global/images/cos-stable-77-12371-76-0"
                },
                "vm_container_label": {
                    "sensitive": false,
                    "type": "string",
                    "value": "cos-stable-77-12371-76-0"
                },
                "vm_container_label_key": {
                    "sensitive": false,
                    "type": "string",
                    "value": "container-vm"
                },
                "volumes": {
                    "sensitive": false,
                    "type": "list",
                    "value": []
                }
            },
            "resources": {
                "data.external.spec_as_yaml": {
                    "type": "external",
                    "depends_on": [
                        "local.spec"
                    ],
                    "primary": {
                        "id": "-",
                        "attributes": {
                            "id": "-",
                            "program.#": "2",
                            "program.0": "ruby",
                            "program.1": "/home/mike/projects/bocoup/google-wpt/web-platform-tests.live/.terraform/modules/8a94678f8566b75121f9d7aae8c49275/helpers/map_to_yaml.rb",
                            "query.%": "1",
                            "query.root": "{\"spec\":{\"containers\":[{\"env\":[{\"name\":\"WPT_HOST\",\"value\":\"wptpr.live\"},{\"name\":\"WPT_ALT_HOST\",\"value\":\"not-wptpr.live\"},{\"name\":\"WPT_BUCKET\",\"value\":\"wpt-submissions-certificates\"}],\"image\":\"gcr.io/wptserve/wpt-live-wpt-server-submissions@sha256:80d965efcc150f992b36a77fc708f1135f9d3f1015dd3642d4b7387a3b10e9a1\"}],\"restartPolicy\":\"Always\",\"volumes\":[]}}",
                            "result.%": "1",
                            "result.rendered": "---\nspec:\n  containers:\n  - env:\n    - name: WPT_HOST\n      value: wptpr.live\n    - name: WPT_ALT_HOST\n      value: not-wptpr.live\n    - name: WPT_BUCKET\n      value: wpt-submissions-certificates\n    image: gcr.io/wptserve/wpt-live-wpt-server-submissions@sha256:80d965efcc150f992b36a77fc708f1135f9d3f1015dd3642d4b7387a3b10e9a1\n  restartPolicy: Always\n  volumes: []\n"
                        },
                        "meta": {},
                        "tainted": false
                    },
                    "deposed": [],
                    "provider": "provider.external"
                },
                "data.google_compute_image.coreos": {
                    "type": "google_compute_image",
                    "depends_on": [
                        "local.coreos_image_family",
                        "local.coreos_project"
                    ],
                    "primary": {
                        "id": "cos-cloud/family/cos-stable",
                        "attributes": {
                            "archive_size_bytes": "5951069440",
                            "creation_timestamp": "2019-09-27T16:44:54.974-07:00",
                            "description": "Google, Container-Optimized OS, 77-12371.76.0 stable, Kernel: ChromiumOS-4.19.72 Kubernetes: 1.15.3 Docker: 19.03.1 Family: cos-stable, Secure Boot ready",
                            "disk_size_gb": "10",
                            "family": "cos-stable",
                            "id": "cos-cloud/family/cos-stable",
                            "image_encryption_key_sha256": "",
                            "image_id": "7359915132390154265",
                            "label_fingerprint": "42WmSpB8rSM=",
                            "labels.%": "0",
                            "licenses.#": "3",
                            "licenses.0": "https://www.googleapis.com/compute/v1/projects/cos-cloud-shielded/global/licenses/shielded-cos",
                            "licenses.1": "https://www.googleapis.com/compute/v1/projects/cos-cloud/global/licenses/cos",
                            "licenses.2": "https://www.googleapis.com/compute/v1/projects/cos-cloud/global/licenses/cos-pcid",
                            "name": "cos-stable-77-12371-76-0",
                            "project": "cos-cloud",
                            "self_link": "https://www.googleapis.com/compute/v1/projects/cos-cloud/global/images/cos-stable-77-12371-76-0",
                            "source_disk": "",
                            "source_disk_encryption_key_sha256": "",
                            "source_disk_id": "",
                            "source_image_id": "",
                            "status": "READY"
                        },
                        "meta": {},
                        "tainted": false
                    },
                    "deposed": [],
                    "provider": "provider.google"
                }
            },
            "depends_on": []
        },
        {
            "path": [
                "root",
                "wpt-submissions",
                "wpt-servers"
            ],
            "outputs": {
                "depends_id": {
                    "sensitive": false,
                    "type": "string",
                    "value": "5499700292814378437"
                },
                "health_check": {
                    "sensitive": false,
                    "type": "string",
                    "value": "https://www.googleapis.com/compute/v1/projects/wptserve/global/healthChecks/wpt-submissions-wpt-servers"
                },
                "instance_group": {
                    "sensitive": false,
                    "type": "string",
                    "value": "https://www.googleapis.com/compute/v1/projects/wptserve/zones/us-central1-b/instanceGroups/wpt-submissions-wpt-servers"
                },
                "instance_template": {
                    "sensitive": false,
                    "type": "list",
                    "value": [
                        "https://www.googleapis.com/compute/beta/projects/wptserve/global/instanceTemplates/default-20191007202020782100000001"
                    ]
                },
                "instances": {
                    "sensitive": false,
                    "type": "list",
                    "value": [
                        [
                            "https://www.googleapis.com/compute/v1/projects/wptserve/zones/us-central1-b/instances/wpt-submissions-wpt-servers-gvsc",
                            "https://www.googleapis.com/compute/v1/projects/wptserve/zones/us-central1-b/instances/wpt-submissions-wpt-servers-tq0p"
                        ]
                    ]
                },
                "name": {
                    "sensitive": false,
                    "type": "string",
                    "value": "wpt-submissions-wpt-servers"
                },
                "network_ip": {
                    "sensitive": false,
                    "type": "string",
                    "value": ""
                },
                "region_depends_id": {
                    "sensitive": false,
                    "type": "string",
                    "value": ""
                },
                "region_instance_group": {
                    "sensitive": false,
                    "type": "string",
                    "value": ""
                },
                "service_port_1": {
                    "sensitive": false,
                    "type": "string",
                    "value": "80"
                },
                "service_port_1_name": {
                    "sensitive": false,
                    "type": "string",
                    "value": "http-primary"
                },
                "service_port_2": {
                    "sensitive": false,
                    "type": "string",
                    "value": "8000"
                },
                "service_port_2_name": {
                    "sensitive": false,
                    "type": "string",
                    "value": "http-secondary"
                },
                "service_port_3": {
                    "sensitive": false,
                    "type": "string",
                    "value": "443"
                },
                "service_port_3_name": {
                    "sensitive": false,
                    "type": "string",
                    "value": "https"
                },
                "service_port_4": {
                    "sensitive": false,
                    "type": "string",
                    "value": "8001"
                },
                "service_port_4_name": {
                    "sensitive": false,
                    "type": "string",
                    "value": "http2"
                },
                "service_port_5": {
                    "sensitive": false,
                    "type": "string",
                    "value": "8002"
                },
                "service_port_5_name": {
                    "sensitive": false,
                    "type": "string",
                    "value": "websocket"
                },
                "service_port_6": {
                    "sensitive": false,
                    "type": "string",
                    "value": "8003"
                },
                "service_port_6_name": {
                    "sensitive": false,
                    "type": "string",
                    "value": "websocket-secure"
                },
                "target_tags": {
                    "sensitive": false,
                    "type": "list",
                    "value": [
                        "wpt-submissions-allow"
                    ]
                }
            },
            "resources": {
                "data.google_compute_instance_group.zonal": {
                    "type": "google_compute_instance_group",
                    "depends_on": [
                        "google_compute_instance_group_manager.default.*",
                        "local.dependency_id"
                    ],
                    "primary": {
                        "id": "us-central1-b/wpt-submissions-wpt-servers",
                        "attributes": {
                            "description": "This instance group is controlled by Instance Group Manager 'wpt-submissions-wpt-servers'. To modify instances in this group, use the Instance Group Manager API: https://cloud.google.com/compute/docs/reference/latest/instanceGroupManagers",
                            "id": "us-central1-b/wpt-submissions-wpt-servers",
                            "instances.#": "2",
                            "instances.1799208752": "https://www.googleapis.com/compute/v1/projects/wptserve/zones/us-central1-b/instances/wpt-submissions-wpt-servers-gvsc",
                            "instances.1932791004": "https://www.googleapis.com/compute/v1/projects/wptserve/zones/us-central1-b/instances/wpt-submissions-wpt-servers-tq0p",
                            "name": "wpt-submissions-wpt-servers",
                            "named_port.#": "6",
                            "named_port.0.name": "http2",
                            "named_port.0.port": "8001",
                            "named_port.1.name": "http-primary",
                            "named_port.1.port": "80",
                            "named_port.2.name": "http-secondary",
                            "named_port.2.port": "8000",
                            "named_port.3.name": "websocket",
                            "named_port.3.port": "8002",
                            "named_port.4.name": "https",
                            "named_port.4.port": "443",
                            "named_port.5.name": "websocket-secure",
                            "named_port.5.port": "8003",
                            "network": "https://www.googleapis.com/compute/v1/projects/wptserve/global/networks/wpt-live-network",
                            "project": "wptserve",
                            "self_link": "https://www.googleapis.com/compute/v1/projects/wptserve/zones/us-central1-b/instanceGroups/wpt-submissions-wpt-servers",
                            "size": "2",
                            "zone": "us-central1-b"
                        },
                        "meta": {},
                        "tainted": false
                    },
                    "deposed": [],
                    "provider": "provider.google"
                },
                "data.google_compute_zones.available": {
                    "type": "google_compute_zones",
                    "depends_on": [],
                    "primary": {
                        "id": "2019-10-08 19:11:13.270417659 +0000 UTC",
                        "attributes": {
                            "id": "2019-10-08 19:11:13.270417659 +0000 UTC",
                            "names.#": "4",
                            "names.0": "us-central1-a",
                            "names.1": "us-central1-b",
                            "names.2": "us-central1-c",
                            "names.3": "us-central1-f",
                            "project": "wptserve",
                            "region": "us-central1"
                        },
                        "meta": {},
                        "tainted": false
                    },
                    "deposed": [],
                    "provider": "provider.google"
                },
                "google_compute_firewall.mig-health-check": {
                    "type": "google_compute_firewall",
                    "depends_on": [],
                    "primary": {
                        "id": "wpt-submissions-wpt-servers-vm-hc",
                        "attributes": {
                            "allow.#": "1",
                            "allow.680193008.ports.#": "1",
                            "allow.680193008.ports.0": "443",
                            "allow.680193008.protocol": "tcp",
                            "creation_timestamp": "2019-10-08T12:14:15.235-07:00",
                            "deny.#": "0",
                            "description": "",
                            "destination_ranges.#": "0",
                            "direction": "INGRESS",
                            "disabled": "false",
                            "id": "wpt-submissions-wpt-servers-vm-hc",
                            "name": "wpt-submissions-wpt-servers-vm-hc",
                            "network": "https://www.googleapis.com/compute/v1/projects/wptserve/global/networks/wpt-live-network",
                            "priority": "1000",
                            "project": "wptserve",
                            "self_link": "https://www.googleapis.com/compute/v1/projects/wptserve/global/firewalls/wpt-submissions-wpt-servers-vm-hc",
                            "source_ranges.#": "2",
                            "source_ranges.2192388802": "130.211.0.0/22",
                            "source_ranges.2394378644": "35.191.0.0/16",
                            "source_service_accounts.#": "0",
                            "source_tags.#": "0",
                            "target_service_accounts.#": "0",
                            "target_tags.#": "1",
                            "target_tags.3150661236": "wpt-submissions-allow"
                        },
                        "meta": {
                            "e2bfb730-ecaa-11e6-8f88-34363bc7c4c0": {
                                "create": 240000000000,
                                "delete": 240000000000,
                                "update": 240000000000
                            },
                            "schema_version": "1"
                        },
                        "tainted": false
                    },
                    "deposed": [],
                    "provider": "provider.google"
                },
                "google_compute_health_check.mig-health-check": {
                    "type": "google_compute_health_check",
                    "depends_on": [],
                    "primary": {
                        "id": "wpt-submissions-wpt-servers",
                        "attributes": {
                            "check_interval_sec": "10",
                            "creation_timestamp": "2019-10-07T13:19:29.628-07:00",
                            "description": "",
                            "healthy_threshold": "3",
                            "http_health_check.#": "0",
                            "https_health_check.#": "1",
                            "https_health_check.0.host": "",
                            "https_health_check.0.port": "443",
                            "https_health_check.0.proxy_header": "NONE",
                            "https_health_check.0.request_path": "/?gcp-health-check",
                            "https_health_check.0.response": "",
                            "id": "wpt-submissions-wpt-servers",
                            "name": "wpt-submissions-wpt-servers",
                            "project": "wptserve",
                            "self_link": "https://www.googleapis.com/compute/v1/projects/wptserve/global/healthChecks/wpt-submissions-wpt-servers",
                            "ssl_health_check.#": "0",
                            "tcp_health_check.#": "0",
                            "timeout_sec": "10",
                            "type": "HTTPS",
                            "unhealthy_threshold": "6"
                        },
                        "meta": {
                            "e2bfb730-ecaa-11e6-8f88-34363bc7c4c0": {
                                "create": 240000000000,
                                "delete": 240000000000,
                                "update": 240000000000
                            }
                        },
                        "tainted": false
                    },
                    "deposed": [],
                    "provider": "provider.google"
                },
                "google_compute_instance_group_manager.default": {
                    "type": "google_compute_instance_group_manager",
                    "depends_on": [
                        "google_compute_health_check.mig-health-check.*",
                        "google_compute_instance_template.default"
                    ],
                    "primary": {
                        "id": "wptserve/us-central1-b/wpt-submissions-wpt-servers",
                        "attributes": {
                            "auto_healing_policies.#": "1",
                            "auto_healing_policies.0.health_check": "https://www.googleapis.com/compute/beta/projects/wptserve/global/healthChecks/wpt-submissions-wpt-servers",
                            "auto_healing_policies.0.initial_delay_sec": "30",
                            "base_instance_name": "wpt-submissions-wpt-servers",
                            "description": "compute VM Instance Group",
                            "fingerprint": "uzAdz08zFpY=",
                            "id": "wptserve/us-central1-b/wpt-submissions-wpt-servers",
                            "instance_group": "https://www.googleapis.com/compute/v1/projects/wptserve/zones/us-central1-b/instanceGroups/wpt-submissions-wpt-servers",
                            "name": "wpt-submissions-wpt-servers",
                            "named_port.#": "6",
                            "named_port.2276636974.name": "http2",
                            "named_port.2276636974.port": "8001",
                            "named_port.2721583918.name": "http-primary",
                            "named_port.2721583918.port": "80",
                            "named_port.3173555449.name": "http-secondary",
                            "named_port.3173555449.port": "8000",
                            "named_port.4259663301.name": "websocket",
                            "named_port.4259663301.port": "8002",
                            "named_port.613541658.name": "https",
                            "named_port.613541658.port": "443",
                            "named_port.862847079.name": "websocket-secure",
                            "named_port.862847079.port": "8003",
                            "project": "wptserve",
                            "self_link": "https://www.googleapis.com/compute/v1/projects/wptserve/zones/us-central1-b/instanceGroupManagers/wpt-submissions-wpt-servers",
                            "target_pools.#": "1",
                            "target_pools.1981850661": "https://www.googleapis.com/compute/v1/projects/wptserve/regions/us-central1/targetPools/wpt-submissions-load-balancing",
                            "target_size": "2",
                            "update_policy.#": "1",
                            "update_policy.0.max_surge_fixed": "0",
                            "update_policy.0.max_surge_percent": "0",
                            "update_policy.0.max_unavailable_fixed": "1",
                            "update_policy.0.max_unavailable_percent": "0",
                            "update_policy.0.min_ready_sec": "0",
                            "update_policy.0.minimal_action": "RESTART",
                            "update_policy.0.type": "PROACTIVE",
                            "version.#": "1",
                            "version.0.instance_template": "https://www.googleapis.com/compute/v1/projects/wptserve/global/instanceTemplates/default-20191007202020782100000001",
                            "version.0.name": "wpt-submissions-wpt-servers-default",
                            "version.0.target_size.#": "0",
                            "wait_for_instances": "false",
                            "zone": "us-central1-b"
                        },
                        "meta": {
                            "e2bfb730-ecaa-11e6-8f88-34363bc7c4c0": {
                                "create": 300000000000,
                                "delete": 900000000000,
                                "update": 300000000000
                            }
                        },
                        "tainted": false
                    },
                    "deposed": [],
                    "provider": "provider.google-beta"
                },
                "google_compute_instance_template.default": {
                    "type": "google_compute_instance_template",
                    "depends_on": [],
                    "primary": {
                        "id": "default-20191007202020782100000001",
                        "attributes": {
                            "can_ip_forward": "false",
                            "description": "",
                            "disk.#": "1",
                            "disk.0.auto_delete": "true",
                            "disk.0.boot": "true",
                            "disk.0.device_name": "persistent-disk-0",
                            "disk.0.disk_encryption_key.#": "0",
                            "disk.0.disk_name": "",
                            "disk.0.disk_size_gb": "100",
                            "disk.0.disk_type": "pd-ssd",
                            "disk.0.interface": "SCSI",
                            "disk.0.mode": "READ_WRITE",
                            "disk.0.source": "",
                            "disk.0.source_image": "projects/cos-cloud/global/images/cos-stable-77-12371-76-0",
                            "disk.0.type": "PERSISTENT",
                            "id": "default-20191007202020782100000001",
                            "instance_description": "",
                            "labels.%": "1",
                            "labels.container-vm": "cos-stable-77-12371-76-0",
                            "machine_type": "g1-small",
                            "metadata.%": "4",
                            "metadata.gce-container-declaration": "---\nspec:\n  containers:\n  - env:\n    - name: WPT_HOST\n      value: wptpr.live\n    - name: WPT_ALT_HOST\n      value: not-wptpr.live\n    - name: WPT_BUCKET\n      value: wpt-submissions-certificates\n    image: gcr.io/wptserve/wpt-live-wpt-server-submissions@sha256:80d965efcc150f992b36a77fc708f1135f9d3f1015dd3642d4b7387a3b10e9a1\n  restartPolicy: Always\n  volumes: []\n",
                            "metadata.google-logging-enabled": "true",
                            "metadata.startup-script": "",
                            "metadata.tf_depends_id": "",
                            "metadata_fingerprint": "B1J56YyVjp4=",
                            "min_cpu_platform": "",
                            "name": "default-20191007202020782100000001",
                            "name_prefix": "default-",
                            "network_interface.#": "1",
                            "network_interface.0.access_config.#": "1",
                            "network_interface.0.access_config.0.assigned_nat_ip": "",
                            "network_interface.0.access_config.0.nat_ip": "",
                            "network_interface.0.access_config.0.network_tier": "PREMIUM",
                            "network_interface.0.address": "",
                            "network_interface.0.alias_ip_range.#": "0",
                            "network_interface.0.network": "https://www.googleapis.com/compute/v1/projects/wptserve/global/networks/wpt-live-network",
                            "network_interface.0.network_ip": "",
                            "network_interface.0.subnetwork": "https://www.googleapis.com/compute/v1/projects/wptserve/regions/us-central1/subnetworks/wpt-live-subnetwork",
                            "network_interface.0.subnetwork_project": "wptserve",
                            "project": "wptserve",
                            "region": "us-central1",
                            "scheduling.#": "1",
                            "scheduling.0.automatic_restart": "true",
                            "scheduling.0.node_affinities.#": "0",
                            "scheduling.0.on_host_maintenance": "MIGRATE",
                            "scheduling.0.preemptible": "false",
                            "self_link": "https://www.googleapis.com/compute/beta/projects/wptserve/global/instanceTemplates/default-20191007202020782100000001",
                            "service_account.#": "1",
                            "service_account.0.email": "default",
                            "service_account.0.scopes.#": "2",
                            "service_account.0.scopes.1632638332": "https://www.googleapis.com/auth/devstorage.read_only",
                            "service_account.0.scopes.172152165": "https://www.googleapis.com/auth/logging.write",
                            "tags.#": "2",
                            "tags.2542268873": "allow-ssh",
                            "tags.3150661236": "wpt-submissions-allow",
                            "tags_fingerprint": ""
                        },
                        "meta": {
                            "schema_version": "1"
                        },
                        "tainted": false
                    },
                    "deposed": [],
                    "provider": "provider.google"
                },
                "null_resource.dummy_dependency": {
                    "type": "null_resource",
                    "depends_on": [
                        "google_compute_instance_group_manager.default",
                        "google_compute_instance_template.default.*"
                    ],
                    "primary": {
                        "id": "5499700292814378437",
                        "attributes": {
                            "id": "5499700292814378437",
                            "triggers.%": "1",
                            "triggers.instance_template": "https://www.googleapis.com/compute/beta/projects/wptserve/global/instanceTemplates/default-20191007202020782100000001"
                        },
                        "meta": {},
                        "tainted": false
                    },
                    "deposed": [],
                    "provider": "provider.null"
                }
            },
            "depends_on": []
        }
    ]
}
